
Microsoft Visual Studio Solution File, Format Version 12.00
# Visual Studio 14
VisualStudioVersion = 14.0.24720.0
MinimumVisualStudioVersion = 10.0.40219.1
Project("{00D1A9C2-B5F0-4AF3-8072-F6C62B433612}") = "DKCRM_MSCRM", "DKCRM_MSCRM\DKCRM_MSCRM.sqlproj", "{9972397D-787C-48E7-8476-B9FB062708F8}"
EndProject
Project("{00D1A9C2-B5F0-4AF3-8072-F6C62B433612}") = "IntegrationDB", "IntegrationDB\IntegrationDB.sqlproj", "{A61DE5A1-5417-409C-AF57-C0F7578A2A62}"
EndProject
Project("{00D1A9C2-B5F0-4AF3-8072-F6C62B433612}") = "PubTrans_Staging", "PubTrans_Staging\PubTrans_Staging.sqlproj", "{4DA9F6B9-1DD3-45FD-8EE4-B709239384EB}"
EndProject
Global
	GlobalSection(SolutionConfigurationPlatforms) = preSolution
		Debug|Any CPU = Debug|Any CPU
		Release|Any CPU = Release|Any CPU
	EndGlobalSection
	GlobalSection(ProjectConfigurationPlatforms) = postSolution
		{9972397D-787C-48E7-8476-B9FB062708F8}.Debug|Any CPU.ActiveCfg = Debug|Any CPU
		{9972397D-787C-48E7-8476-B9FB062708F8}.Debug|Any CPU.Build.0 = Debug|Any CPU
		{9972397D-787C-48E7-8476-B9FB062708F8}.Debug|Any CPU.Deploy.0 = Debug|Any CPU
		{9972397D-787C-48E7-8476-B9FB062708F8}.Release|Any CPU.ActiveCfg = Release|Any CPU
		{9972397D-787C-48E7-8476-B9FB062708F8}.Release|Any CPU.Build.0 = Release|Any CPU
		{9972397D-787C-48E7-8476-B9FB062708F8}.Release|Any CPU.Deploy.0 = Release|Any CPU
		{A61DE5A1-5417-409C-AF57-C0F7578A2A62}.Debug|Any CPU.ActiveCfg = Debug|Any CPU
		{A61DE5A1-5417-409C-AF57-C0F7578A2A62}.Debug|Any CPU.Build.0 = Debug|Any CPU
		{A61DE5A1-5417-409C-AF57-C0F7578A2A62}.Debug|Any CPU.Deploy.0 = Debug|Any CPU
		{A61DE5A1-5417-409C-AF57-C0F7578A2A62}.Release|Any CPU.ActiveCfg = Release|Any CPU
		{A61DE5A1-5417-409C-AF57-C0F7578A2A62}.Release|Any CPU.Build.0 = Release|Any CPU
		{A61DE5A1-5417-409C-AF57-C0F7578A2A62}.Release|Any CPU.Deploy.0 = Release|Any CPU
		{4DA9F6B9-1DD3-45FD-8EE4-B709239384EB}.Debug|Any CPU.ActiveCfg = Debug|Any CPU
		{4DA9F6B9-1DD3-45FD-8EE4-B709239384EB}.Debug|Any CPU.Build.0 = Debug|Any CPU
		{4DA9F6B9-1DD3-45FD-8EE4-B709239384EB}.Debug|Any CPU.Deploy.0 = Debug|Any CPU
		{4DA9F6B9-1DD3-45FD-8EE4-B709239384EB}.Release|Any CPU.ActiveCfg = Release|Any CPU
		{4DA9F6B9-1DD3-45FD-8EE4-B709239384EB}.Release|Any CPU.Build.0 = Release|Any CPU
		{4DA9F6B9-1DD3-45FD-8EE4-B709239384EB}.Release|Any CPU.Deploy.0 = Release|Any CPU
	EndGlobalSection
	GlobalSection(SolutionProperties) = preSolution
		HideSolutionNode = FALSE
	EndGlobalSection
	GlobalSection(TeamFoundationVersionControl) = preSolution
		SccNumberOfProjects = 4
		SccEnterpriseProvider = {4CA58AB2-18FA-4F8D-95D4-32DDF27D184C}
		SccTeamFoundationServer = https://tfs-ext.cgisouth.wm.net:8080/tfs/skanetrafiken
		SccLocalPath0 = .
		SccProjectUniqueName1 = DKCRM_MSCRM\\DKCRM_MSCRM.sqlproj
		SccProjectName1 = DKCRM_MSCRM
		SccLocalPath1 = DKCRM_MSCRM
		SccProjectUniqueName2 = IntegrationDB\\IntegrationDB.sqlproj
		SccProjectName2 = IntegrationDB
		SccLocalPath2 = IntegrationDB
		SccProjectUniqueName3 = PubTrans_Staging\\PubTrans_Staging.sqlproj
		SccProjectName3 = PubTrans_Staging
		SccLocalPath3 = PubTrans_Staging
	EndGlobalSection
EndGlobal
