
Microsoft Visual Studio Solution File, Format Version 11.00
# Visual Studio 2010
Project("{FAE04EC0-301F-11D3-BF4B-00C04F79EFBC}") = "CGI.CRM2013.Skanetrafiken.IncidentPlugin", "CGI.CRM2013.Skanetrafiken.IncidentPlugin\CGI.CRM2013.Skanetrafiken.IncidentPlugin.csproj", "{FCC290A7-3924-45E1-BA31-425184F136D2}"
EndProject
Global
	GlobalSection(TeamFoundationVersionControl) = preSolution
		SccNumberOfProjects = 2
		SccEnterpriseProvider = {4CA58AB2-18FA-4F8D-95D4-32DDF27D184C}
		SccTeamFoundationServer = http://78.41.243.185:5555/tfs/dynamics%20crm
		SccLocalPath0 = .
		SccProjectUniqueName1 = CGI.CRM2013.Skanetrafiken.IncidentPlugin\\CGI.CRM2013.Skanetrafiken.IncidentPlugin.csproj
		SccProjectName1 = CGI.CRM2013.Skanetrafiken.IncidentPlugin
		SccLocalPath1 = CGI.CRM2013.Skanetrafiken.IncidentPlugin
	EndGlobalSection
	GlobalSection(SolutionConfigurationPlatforms) = preSolution
		Debug|Any CPU = Debug|Any CPU
		Release|Any CPU = Release|Any CPU
	EndGlobalSection
	GlobalSection(ProjectConfigurationPlatforms) = postSolution
		{FCC290A7-3924-45E1-BA31-425184F136D2}.Debug|Any CPU.ActiveCfg = Debug|Any CPU
		{FCC290A7-3924-45E1-BA31-425184F136D2}.Debug|Any CPU.Build.0 = Debug|Any CPU
		{FCC290A7-3924-45E1-BA31-425184F136D2}.Release|Any CPU.ActiveCfg = Release|Any CPU
		{FCC290A7-3924-45E1-BA31-425184F136D2}.Release|Any CPU.Build.0 = Release|Any CPU
	EndGlobalSection
	GlobalSection(SolutionProperties) = preSolution
		HideSolutionNode = FALSE
	EndGlobalSection
EndGlobal
