
Microsoft Visual Studio Solution File, Format Version 12.00
# Visual Studio 2013
VisualStudioVersion = 12.0.21005.1
MinimumVisualStudioVersion = 10.0.40219.1
Project("{2150E333-8FDC-42A3-9474-1A3956D46DE8}") = "Files", "Files", "{32970CB8-C851-45F8-9DD1-8E4AD4D973FA}"
	ProjectSection(SolutionItems) = preProject
		Files\CouponCreatorService.wsdl = Files\CouponCreatorService.wsdl
		Files\STIP.CreateMobileCouponRequest.xml = Files\STIP.CreateMobileCouponRequest.xml
		Files\STIP.CreateUniqueCouponRequest.xml = Files\STIP.CreateUniqueCouponRequest.xml
	EndProjectSection
EndProject
Project("{FAE04EC0-301F-11D3-BF4B-00C04F79EFBC}") = "INTSTDK012.Kuponginlosen.Schemas", "INTSTDK012.Kuponginlosen.Schemas\INTSTDK012.Kuponginlosen.Schemas.btproj", "{731F122D-1256-4ADD-8D31-7691F263768A}"
EndProject
Project("{FAE04EC0-301F-11D3-BF4B-00C04F79EFBC}") = "INTSTDK012.STIP.Schemas", "INTSTDK012.STIP.Schemas\INTSTDK012.STIP.Schemas.btproj", "{37C7FD5D-FABC-4815-B00E-EBE8604D0C6F}"
EndProject
Project("{FAE04EC0-301F-11D3-BF4B-00C04F79EFBC}") = "INTSTDK012.Kuponginlosen.Transformations", "INTSTDK012.Kuponginlosen.Transformations\INTSTDK012.Kuponginlosen.Transformations.btproj", "{066D0B7E-B39C-4C1C-8276-6B2A4E6E520C}"
EndProject
Project("{FAE04EC0-301F-11D3-BF4B-00C04F79EFBC}") = "INTSTDK012.STIP.Tranformations", "INTSTDK012.STIP.Tranformations\INTSTDK012.STIP.Tranformations.btproj", "{760E49E6-CA8C-4630-833C-5CCB0E3AAEA4}"
EndProject
Project("{2150E333-8FDC-42A3-9474-1A3956D46DE8}") = "Bindings", "Bindings", "{C5E0CDAC-A4E3-4332-9843-24DEAD0A005F}"
	ProjectSection(SolutionItems) = preProject
		Bindings\INTSTDK012.CouponServiceRealTime~DEV.xml = Bindings\INTSTDK012.CouponServiceRealTime~DEV.xml
		Bindings\INTSTDK012.CouponServiceRealTime~TST.xml = Bindings\INTSTDK012.CouponServiceRealTime~TST.xml
	EndProjectSection
EndProject
Project("{2150E333-8FDC-42A3-9474-1A3956D46DE8}") = "WcfServiceDescription", "WcfServiceDescription", "{D6157439-0556-4B06-9AE0-5D62C88117B0}"
	ProjectSection(SolutionItems) = preProject
		WcfServiceDescription\WcfServiceDescription.xml = WcfServiceDescription\WcfServiceDescription.xml
	EndProjectSection
EndProject
Project("{FAE04EC0-301F-11D3-BF4B-00C04F79EFBC}") = "INTSTDK012.BehaviorExtentions", "INTSTDK012.BehaviorExtentions\INTSTDK012.BehaviorExtentions.csproj", "{CFE90B02-7FDE-4778-B54B-2833CD173982}"
EndProject
Project("{2150E333-8FDC-42A3-9474-1A3956D46DE8}") = "BAM", "BAM", "{6941DAF6-AC9E-47DD-86FA-2436E49A821F}"
	ProjectSection(SolutionItems) = preProject
		BAM\INTSTDK012.CouponServiceRealTime.All.btt = BAM\INTSTDK012.CouponServiceRealTime.All.btt
		BAM\INTSTDK012.CouponServiceRealTime.xlsx = BAM\INTSTDK012.CouponServiceRealTime.xlsx
		BAM\INTSTDK012.CouponServiceRealTime.xml = BAM\INTSTDK012.CouponServiceRealTime.xml
	EndProjectSection
EndProject
Project("{2150E333-8FDC-42A3-9474-1A3956D46DE8}") = "SoapUI", "SoapUI", "{6FBCF8C3-506F-44C6-988F-F4274599ECB9}"
	ProjectSection(SolutionItems) = preProject
		SoapUI\CouponCreatorService-soapui-project.xml = SoapUI\CouponCreatorService-soapui-project.xml
		SoapUI\CouponService-soapui-project.xml = SoapUI\CouponService-soapui-project.xml
		SoapUI\INTSTDK012-dev-workspace.xml = SoapUI\INTSTDK012-dev-workspace.xml
	EndProjectSection
EndProject
Global
	GlobalSection(TeamFoundationVersionControl) = preSolution
		SccNumberOfProjects = 6
		SccEnterpriseProvider = {4CA58AB2-18FA-4F8D-95D4-32DDF27D184C}
		SccTeamFoundationServer = http://wmsi003915:8080/tfs/idccollection
		SccLocalPath0 = .
		SccProjectUniqueName1 = INTSTDK012.Kuponginlosen.Schemas\\INTSTDK012.Kuponginlosen.Schemas.btproj
		SccProjectName1 = INTSTDK012.Kuponginlosen.Schemas
		SccLocalPath1 = INTSTDK012.Kuponginlosen.Schemas
		SccProjectUniqueName2 = INTSTDK012.STIP.Schemas\\INTSTDK012.STIP.Schemas.btproj
		SccProjectName2 = INTSTDK012.STIP.Schemas
		SccLocalPath2 = INTSTDK012.STIP.Schemas
		SccProjectUniqueName3 = INTSTDK012.Kuponginlosen.Transformations\\INTSTDK012.Kuponginlosen.Transformations.btproj
		SccProjectName3 = INTSTDK012.Kuponginlosen.Transformations
		SccLocalPath3 = INTSTDK012.Kuponginlosen.Transformations
		SccProjectUniqueName4 = INTSTDK012.STIP.Tranformations\\INTSTDK012.STIP.Tranformations.btproj
		SccProjectName4 = INTSTDK012.STIP.Tranformations
		SccLocalPath4 = INTSTDK012.STIP.Tranformations
		SccProjectUniqueName5 = INTSTDK012.BehaviorExtentions\\INTSTDK012.BehaviorExtentions.csproj
		SccProjectName5 = INTSTDK012.BehaviorExtentions
		SccLocalPath5 = INTSTDK012.BehaviorExtentions
	EndGlobalSection
	GlobalSection(SolutionConfigurationPlatforms) = preSolution
		Debug|Any CPU = Debug|Any CPU
		Release|Any CPU = Release|Any CPU
	EndGlobalSection
	GlobalSection(ProjectConfigurationPlatforms) = postSolution
		{731F122D-1256-4ADD-8D31-7691F263768A}.Debug|Any CPU.ActiveCfg = Debug|Any CPU
		{731F122D-1256-4ADD-8D31-7691F263768A}.Debug|Any CPU.Build.0 = Debug|Any CPU
		{731F122D-1256-4ADD-8D31-7691F263768A}.Debug|Any CPU.Deploy.0 = Debug|Any CPU
		{731F122D-1256-4ADD-8D31-7691F263768A}.Release|Any CPU.ActiveCfg = Release|Any CPU
		{731F122D-1256-4ADD-8D31-7691F263768A}.Release|Any CPU.Build.0 = Release|Any CPU
		{731F122D-1256-4ADD-8D31-7691F263768A}.Release|Any CPU.Deploy.0 = Release|Any CPU
		{37C7FD5D-FABC-4815-B00E-EBE8604D0C6F}.Debug|Any CPU.ActiveCfg = Debug|Any CPU
		{37C7FD5D-FABC-4815-B00E-EBE8604D0C6F}.Debug|Any CPU.Build.0 = Debug|Any CPU
		{37C7FD5D-FABC-4815-B00E-EBE8604D0C6F}.Debug|Any CPU.Deploy.0 = Debug|Any CPU
		{37C7FD5D-FABC-4815-B00E-EBE8604D0C6F}.Release|Any CPU.ActiveCfg = Release|Any CPU
		{37C7FD5D-FABC-4815-B00E-EBE8604D0C6F}.Release|Any CPU.Build.0 = Release|Any CPU
		{37C7FD5D-FABC-4815-B00E-EBE8604D0C6F}.Release|Any CPU.Deploy.0 = Release|Any CPU
		{066D0B7E-B39C-4C1C-8276-6B2A4E6E520C}.Debug|Any CPU.ActiveCfg = Debug|Any CPU
		{066D0B7E-B39C-4C1C-8276-6B2A4E6E520C}.Debug|Any CPU.Build.0 = Debug|Any CPU
		{066D0B7E-B39C-4C1C-8276-6B2A4E6E520C}.Debug|Any CPU.Deploy.0 = Debug|Any CPU
		{066D0B7E-B39C-4C1C-8276-6B2A4E6E520C}.Release|Any CPU.ActiveCfg = Release|Any CPU
		{066D0B7E-B39C-4C1C-8276-6B2A4E6E520C}.Release|Any CPU.Build.0 = Release|Any CPU
		{066D0B7E-B39C-4C1C-8276-6B2A4E6E520C}.Release|Any CPU.Deploy.0 = Release|Any CPU
		{760E49E6-CA8C-4630-833C-5CCB0E3AAEA4}.Debug|Any CPU.ActiveCfg = Debug|Any CPU
		{760E49E6-CA8C-4630-833C-5CCB0E3AAEA4}.Debug|Any CPU.Build.0 = Debug|Any CPU
		{760E49E6-CA8C-4630-833C-5CCB0E3AAEA4}.Debug|Any CPU.Deploy.0 = Debug|Any CPU
		{760E49E6-CA8C-4630-833C-5CCB0E3AAEA4}.Release|Any CPU.ActiveCfg = Release|Any CPU
		{760E49E6-CA8C-4630-833C-5CCB0E3AAEA4}.Release|Any CPU.Build.0 = Release|Any CPU
		{760E49E6-CA8C-4630-833C-5CCB0E3AAEA4}.Release|Any CPU.Deploy.0 = Release|Any CPU
		{CFE90B02-7FDE-4778-B54B-2833CD173982}.Debug|Any CPU.ActiveCfg = Debug|Any CPU
		{CFE90B02-7FDE-4778-B54B-2833CD173982}.Debug|Any CPU.Build.0 = Debug|Any CPU
		{CFE90B02-7FDE-4778-B54B-2833CD173982}.Release|Any CPU.ActiveCfg = Release|Any CPU
		{CFE90B02-7FDE-4778-B54B-2833CD173982}.Release|Any CPU.Build.0 = Release|Any CPU
	EndGlobalSection
	GlobalSection(SolutionProperties) = preSolution
		HideSolutionNode = FALSE
	EndGlobalSection
EndGlobal
