
Microsoft Visual Studio Solution File, Format Version 12.00
# Visual Studio 2013
VisualStudioVersion = 12.0.21005.1
MinimumVisualStudioVersion = 10.0.40219.1
Project("{FAE04EC0-301F-11D3-BF4B-00C04F79EFBC}") = "CRM2013.SkanetrafikenPlugins", "CRM2013.SkanetrafikenPlugins\CRM2013.SkanetrafikenPlugins.csproj", "{ADB01ABB-EDB7-4CEF-82A0-0A47CCD34F23}"
EndProject
Project("{FAE04EC0-301F-11D3-BF4B-00C04F79EFBC}") = "SkanetrafikenPluginsUnitTests", "SkanetrafikenPluginsUnitTests\SkanetrafikenPluginsUnitTests.csproj", "{B5BB0091-5E2A-421A-A24E-4B81953978B9}"
EndProject
Global
	GlobalSection(TeamFoundationVersionControl) = preSolution
		SccNumberOfProjects = 3
		SccEnterpriseProvider = {4CA58AB2-18FA-4F8D-95D4-32DDF27D184C}
		SccTeamFoundationServer = https://cgi-trafiken.visualstudio.com/defaultcollection
		SccLocalPath0 = .
		SccProjectUniqueName1 = CRM2013.SkanetrafikenPlugins\\CRM2013.SkanetrafikenPlugins.csproj
		SccProjectName1 = CRM2013.SkanetrafikenPlugins
		SccLocalPath1 = CRM2013.SkanetrafikenPlugins
		SccProjectUniqueName2 = SkanetrafikenPluginsUnitTests\\SkanetrafikenPluginsUnitTests.csproj
		SccProjectName2 = SkanetrafikenPluginsUnitTests
		SccLocalPath2 = SkanetrafikenPluginsUnitTests
	EndGlobalSection
	GlobalSection(SolutionConfigurationPlatforms) = preSolution
		Debug|Any CPU = Debug|Any CPU
		Release|Any CPU = Release|Any CPU
	EndGlobalSection
	GlobalSection(ProjectConfigurationPlatforms) = postSolution
		{ADB01ABB-EDB7-4CEF-82A0-0A47CCD34F23}.Debug|Any CPU.ActiveCfg = Debug|Any CPU
		{ADB01ABB-EDB7-4CEF-82A0-0A47CCD34F23}.Debug|Any CPU.Build.0 = Debug|Any CPU
		{ADB01ABB-EDB7-4CEF-82A0-0A47CCD34F23}.Release|Any CPU.ActiveCfg = Release|Any CPU
		{ADB01ABB-EDB7-4CEF-82A0-0A47CCD34F23}.Release|Any CPU.Build.0 = Release|Any CPU
		{B5BB0091-5E2A-421A-A24E-4B81953978B9}.Debug|Any CPU.ActiveCfg = Debug|Any CPU
		{B5BB0091-5E2A-421A-A24E-4B81953978B9}.Debug|Any CPU.Build.0 = Debug|Any CPU
		{B5BB0091-5E2A-421A-A24E-4B81953978B9}.Release|Any CPU.ActiveCfg = Release|Any CPU
		{B5BB0091-5E2A-421A-A24E-4B81953978B9}.Release|Any CPU.Build.0 = Release|Any CPU
	EndGlobalSection
	GlobalSection(SolutionProperties) = preSolution
		HideSolutionNode = FALSE
	EndGlobalSection
EndGlobal
