
Microsoft Visual Studio Solution File, Format Version 12.00
# Visual Studio 2013
VisualStudioVersion = 12.0.30723.0
MinimumVisualStudioVersion = 10.0.40219.1
Project("{FAE04EC0-301F-11D3-BF4B-00C04F79EFBC}") = "INTSTDK002.PubTrans.Schemas", "INTSTDK002.PubTrans.Schemas\INTSTDK002.PubTrans.Schemas.btproj", "{A606CEF1-20EB-4F73-8CA5-2BA6502B0E20}"
EndProject
Project("{FAE04EC0-301F-11D3-BF4B-00C04F79EFBC}") = "INTSTDK002.PubTrans.Transformations", "INTSTDK002.PubTrans.Transformations\INTSTDK002.PubTrans.Transformations.btproj", "{55B880B4-A969-46E6-AA21-2A49AFF6649C}"
EndProject
Project("{FAE04EC0-301F-11D3-BF4B-00C04F79EFBC}") = "INTSTDK002.CRM.Schemas", "INTSTDK002.CRM.Schemas\INTSTDK002.CRM.Schemas.btproj", "{43333D34-6D81-4D7E-A2E4-7281DC71ACFA}"
EndProject
Project("{FAE04EC0-301F-11D3-BF4B-00C04F79EFBC}") = "INTSTDK002.CRM.Transformations", "INTSTDK002.CRM.Transformations\INTSTDK002.CRM.Transformations.btproj", "{44FDA9B6-84F3-4AB0-941C-80AA4040378D}"
EndProject
Project("{FAE04EC0-301F-11D3-BF4B-00C04F79EFBC}") = "INTSTDK002.STIP.Orchestrations", "INTSTDK002.STIP.Orchestrations\INTSTDK002.STIP.Orchestrations.btproj", "{B5B13763-B256-4C7F-B6EA-D217B7AF9F4B}"
EndProject
Project("{2150E333-8FDC-42A3-9474-1A3956D46DE8}") = "Files", "Files", "{94A4DCE3-470B-4DDF-A90A-0EAA2CF31ABC}"
	ProjectSection(SolutionItems) = preProject
		Files\GetContractorsWithOperatedLines_Response.xml = Files\GetContractorsWithOperatedLines_Response.xml
		Files\GetContractorsWithOperatedLines_Response_NoEnv.xml = Files\GetContractorsWithOperatedLines_Response_NoEnv.xml
		Files\GetContractorsWithOperatedLines_Response_NoEnv_NoSchema.xml = Files\GetContractorsWithOperatedLines_Response_NoEnv_NoSchema.xml
		Files\GetLinesWithStops_Response.xml = Files\GetLinesWithStops_Response.xml
		Files\GetLinesWithStops_Response_NoEnv.xml = Files\GetLinesWithStops_Response_NoEnv.xml
		Files\GetZones_Response.xml = Files\GetZones_Response.xml
		Files\GetZones_Response_NoEnv.xml = Files\GetZones_Response_NoEnv.xml
	EndProjectSection
EndProject
Global
	GlobalSection(TeamFoundationVersionControl) = preSolution
		SccNumberOfProjects = 6
		SccEnterpriseProvider = {4CA58AB2-18FA-4F8D-95D4-32DDF27D184C}
		SccTeamFoundationServer = http://wmsi003915:8080/tfs/idccollection
		SccLocalPath0 = .
		SccProjectUniqueName1 = INTSTDK002.PubTrans.Schemas\\INTSTDK002.PubTrans.Schemas.btproj
		SccProjectName1 = INTSTDK002.PubTrans.Schemas
		SccLocalPath1 = INTSTDK002.PubTrans.Schemas
		SccProjectUniqueName2 = INTSTDK002.PubTrans.Transformations\\INTSTDK002.PubTrans.Transformations.btproj
		SccProjectName2 = INTSTDK002.PubTrans.Transformations
		SccLocalPath2 = INTSTDK002.PubTrans.Transformations
		SccProjectUniqueName3 = INTSTDK002.CRM.Schemas\\INTSTDK002.CRM.Schemas.btproj
		SccProjectName3 = INTSTDK002.CRM.Schemas
		SccLocalPath3 = INTSTDK002.CRM.Schemas
		SccProjectUniqueName4 = INTSTDK002.CRM.Transformations\\INTSTDK002.CRM.Transformations.btproj
		SccProjectName4 = INTSTDK002.CRM.Transformations
		SccLocalPath4 = INTSTDK002.CRM.Transformations
		SccProjectUniqueName5 = INTSTDK002.STIP.Orchestrations\\INTSTDK002.STIP.Orchestrations.btproj
		SccProjectName5 = INTSTDK002.STIP.Orchestrations
		SccLocalPath5 = INTSTDK002.STIP.Orchestrations
	EndGlobalSection
	GlobalSection(SolutionConfigurationPlatforms) = preSolution
		Debug|Any CPU = Debug|Any CPU
		Release|Any CPU = Release|Any CPU
	EndGlobalSection
	GlobalSection(ProjectConfigurationPlatforms) = postSolution
		{A606CEF1-20EB-4F73-8CA5-2BA6502B0E20}.Debug|Any CPU.ActiveCfg = Debug|Any CPU
		{A606CEF1-20EB-4F73-8CA5-2BA6502B0E20}.Debug|Any CPU.Build.0 = Debug|Any CPU
		{A606CEF1-20EB-4F73-8CA5-2BA6502B0E20}.Debug|Any CPU.Deploy.0 = Debug|Any CPU
		{A606CEF1-20EB-4F73-8CA5-2BA6502B0E20}.Release|Any CPU.ActiveCfg = Release|Any CPU
		{A606CEF1-20EB-4F73-8CA5-2BA6502B0E20}.Release|Any CPU.Build.0 = Release|Any CPU
		{A606CEF1-20EB-4F73-8CA5-2BA6502B0E20}.Release|Any CPU.Deploy.0 = Release|Any CPU
		{55B880B4-A969-46E6-AA21-2A49AFF6649C}.Debug|Any CPU.ActiveCfg = Debug|Any CPU
		{55B880B4-A969-46E6-AA21-2A49AFF6649C}.Debug|Any CPU.Build.0 = Debug|Any CPU
		{55B880B4-A969-46E6-AA21-2A49AFF6649C}.Debug|Any CPU.Deploy.0 = Debug|Any CPU
		{55B880B4-A969-46E6-AA21-2A49AFF6649C}.Release|Any CPU.ActiveCfg = Release|Any CPU
		{55B880B4-A969-46E6-AA21-2A49AFF6649C}.Release|Any CPU.Build.0 = Release|Any CPU
		{55B880B4-A969-46E6-AA21-2A49AFF6649C}.Release|Any CPU.Deploy.0 = Release|Any CPU
		{43333D34-6D81-4D7E-A2E4-7281DC71ACFA}.Debug|Any CPU.ActiveCfg = Debug|Any CPU
		{43333D34-6D81-4D7E-A2E4-7281DC71ACFA}.Debug|Any CPU.Build.0 = Debug|Any CPU
		{43333D34-6D81-4D7E-A2E4-7281DC71ACFA}.Debug|Any CPU.Deploy.0 = Debug|Any CPU
		{43333D34-6D81-4D7E-A2E4-7281DC71ACFA}.Release|Any CPU.ActiveCfg = Release|Any CPU
		{43333D34-6D81-4D7E-A2E4-7281DC71ACFA}.Release|Any CPU.Build.0 = Release|Any CPU
		{43333D34-6D81-4D7E-A2E4-7281DC71ACFA}.Release|Any CPU.Deploy.0 = Release|Any CPU
		{44FDA9B6-84F3-4AB0-941C-80AA4040378D}.Debug|Any CPU.ActiveCfg = Debug|Any CPU
		{44FDA9B6-84F3-4AB0-941C-80AA4040378D}.Debug|Any CPU.Build.0 = Debug|Any CPU
		{44FDA9B6-84F3-4AB0-941C-80AA4040378D}.Debug|Any CPU.Deploy.0 = Debug|Any CPU
		{44FDA9B6-84F3-4AB0-941C-80AA4040378D}.Release|Any CPU.ActiveCfg = Release|Any CPU
		{44FDA9B6-84F3-4AB0-941C-80AA4040378D}.Release|Any CPU.Build.0 = Release|Any CPU
		{44FDA9B6-84F3-4AB0-941C-80AA4040378D}.Release|Any CPU.Deploy.0 = Release|Any CPU
		{B5B13763-B256-4C7F-B6EA-D217B7AF9F4B}.Debug|Any CPU.ActiveCfg = Debug|Any CPU
		{B5B13763-B256-4C7F-B6EA-D217B7AF9F4B}.Debug|Any CPU.Build.0 = Debug|Any CPU
		{B5B13763-B256-4C7F-B6EA-D217B7AF9F4B}.Debug|Any CPU.Deploy.0 = Debug|Any CPU
		{B5B13763-B256-4C7F-B6EA-D217B7AF9F4B}.Release|Any CPU.ActiveCfg = Release|Any CPU
		{B5B13763-B256-4C7F-B6EA-D217B7AF9F4B}.Release|Any CPU.Build.0 = Release|Any CPU
		{B5B13763-B256-4C7F-B6EA-D217B7AF9F4B}.Release|Any CPU.Deploy.0 = Release|Any CPU
	EndGlobalSection
	GlobalSection(SolutionProperties) = preSolution
		HideSolutionNode = FALSE
	EndGlobalSection
EndGlobal
