
Microsoft Visual Studio Solution File, Format Version 12.00
# Visual Studio 2010
Project("{FAE04EC0-301F-11D3-BF4B-00C04F79EFBC}") = "Crm.FormAssistantPanel", "FormAssistantPanel\Crm.FormAssistantPanel.csproj", "{00C579D7-D3A6-48EA-88A3-5A9BC860008A}"
EndProject
Project("{FAE04EC0-301F-11D3-BF4B-00C04F79EFBC}") = "Crm.FormAssistantPanel.Web", "FormAssistantPanel.Web\Crm.FormAssistantPanel.Web.csproj", "{B4B9E546-136C-4757-A275-F183ACCF7895}"
	ProjectSection(ProjectDependencies) = postProject
		{00C579D7-D3A6-48EA-88A3-5A9BC860008A} = {00C579D7-D3A6-48EA-88A3-5A9BC860008A}
	EndProjectSection
EndProject
Global
	GlobalSection(TeamFoundationVersionControl) = preSolution
		SccNumberOfProjects = 3
		SccEnterpriseProvider = {4CA58AB2-18FA-4F8D-95D4-32DDF27D184C}
		SccTeamFoundationServer = http://78.41.243.185:5555/tfs/dynamics%20crm
		SccLocalPath0 = .
		SccProjectUniqueName1 = FormAssistantPanel.Web\\Crm.FormAssistantPanel.Web.csproj
		SccProjectName1 = FormAssistantPanel.Web
		SccLocalPath1 = FormAssistantPanel.Web
		SccProjectUniqueName2 = FormAssistantPanel\\Crm.FormAssistantPanel.csproj
		SccProjectName2 = FormAssistantPanel
		SccLocalPath2 = FormAssistantPanel
	EndGlobalSection
	GlobalSection(SolutionConfigurationPlatforms) = preSolution
		Debug|Any CPU = Debug|Any CPU
		Release|Any CPU = Release|Any CPU
	EndGlobalSection
	GlobalSection(ProjectConfigurationPlatforms) = postSolution
		{00C579D7-D3A6-48EA-88A3-5A9BC860008A}.Debug|Any CPU.ActiveCfg = Debug|Any CPU
		{00C579D7-D3A6-48EA-88A3-5A9BC860008A}.Debug|Any CPU.Build.0 = Debug|Any CPU
		{00C579D7-D3A6-48EA-88A3-5A9BC860008A}.Release|Any CPU.ActiveCfg = Release|Any CPU
		{00C579D7-D3A6-48EA-88A3-5A9BC860008A}.Release|Any CPU.Build.0 = Release|Any CPU
		{B4B9E546-136C-4757-A275-F183ACCF7895}.Debug|Any CPU.ActiveCfg = Debug|Any CPU
		{B4B9E546-136C-4757-A275-F183ACCF7895}.Debug|Any CPU.Build.0 = Debug|Any CPU
		{B4B9E546-136C-4757-A275-F183ACCF7895}.Release|Any CPU.ActiveCfg = Release|Any CPU
		{B4B9E546-136C-4757-A275-F183ACCF7895}.Release|Any CPU.Build.0 = Release|Any CPU
	EndGlobalSection
	GlobalSection(SolutionProperties) = preSolution
		HideSolutionNode = FALSE
	EndGlobalSection
EndGlobal
