
Microsoft Visual Studio Solution File, Format Version 12.00
# Visual Studio 2013
VisualStudioVersion = 12.0.30723.0
MinimumVisualStudioVersion = 10.0.40219.1
Project("{FAE04EC0-301F-11D3-BF4B-00C04F79EFBC}") = "INTSTDK003.CRM.Schemas", "INTSTDK003.CRM.Schemas\INTSTDK003.CRM.Schemas.btproj", "{0058060E-DC37-44EA-8175-01523961958E}"
EndProject
Project("{FAE04EC0-301F-11D3-BF4B-00C04F79EFBC}") = "INTSTDK003.CRM.Transformations", "INTSTDK003.CRM.Transformations\INTSTDK003.CRM.Transformations.btproj", "{1476AEF0-9B39-4AE9-BF46-06D83C7C36DB}"
EndProject
Project("{2150E333-8FDC-42A3-9474-1A3956D46DE8}") = "Files", "Files", "{3E4076E5-30A4-40E5-A818-0C6966A2F020}"
	ProjectSection(SolutionItems) = preProject
		Files\CardRequest.xml = Files\CardRequest.xml
		Files\CreateCustCase.xml = Files\CreateCustCase.xml
		Files\CreateCustCaseResponse.xml = Files\CreateCustCaseResponse.xml
		CrmRealTime.xml = CrmRealTime.xml
		GetCardsForCustomerResponse.xml = GetCardsForCustomerResponse.xml
		Files\GetCustomerDetails.xml = Files\GetCustomerDetails.xml
		Files\RegisterTravelCard.xml = Files\RegisterTravelCard.xml
		Files\RegisterTravelCardResponse.xml = Files\RegisterTravelCardResponse.xml
		UnregisterTravelCardResponse.xml = UnregisterTravelCardResponse.xml
		UpdateTravelCardResponse.xml = UpdateTravelCardResponse.xml
	EndProjectSection
EndProject
Project("{FAE04EC0-301F-11D3-BF4B-00C04F79EFBC}") = "INTSTDK003.STIP.Schemas", "INTSTDK003.STIP.Schemas\INTSTDK003.STIP.Schemas.btproj", "{F5D91D14-76CB-4C43-9747-6DBDC2DAA5A1}"
EndProject
Project("{FAE04EC0-301F-11D3-BF4B-00C04F79EFBC}") = "INTSTDK003.STIP.Transformations", "INTSTDK003.STIP.Transformations\INTSTDK003.STIP.Transformations.btproj", "{0962EBA2-8F45-4A76-BBF8-E41422C8DB72}"
EndProject
Project("{2150E333-8FDC-42A3-9474-1A3956D46DE8}") = "WcfServiceDescription", "WcfServiceDescription", "{8D6E1B59-E778-48C1-A72C-274F867CCEDF}"
EndProject
Project("{FAE04EC0-301F-11D3-BF4B-00C04F79EFBC}") = "INTSTDK003.Helper", "INTSTDK003.Helper\INTSTDK003.Helper.csproj", "{353185C6-1E07-4433-83BE-220CD6B36431}"
EndProject
Project("{2150E333-8FDC-42A3-9474-1A3956D46DE8}") = "BAM", "BAM", "{3E227CD7-FBB3-4AAA-AB1A-DE206E7C5726}"
	ProjectSection(SolutionItems) = preProject
		BAM\INTSTDK003.CRMRealTime.CreateCustCase.btt = BAM\INTSTDK003.CRMRealTime.CreateCustCase.btt
		BAM\INTSTDK003.CRMRealTime.xlsx = BAM\INTSTDK003.CRMRealTime.xlsx
		BAM\INTSTDK003.CRMRealTime.xml = BAM\INTSTDK003.CRMRealTime.xml
	EndProjectSection
EndProject
Project("{2150E333-8FDC-42A3-9474-1A3956D46DE8}") = "SoapUI", "SoapUI", "{4CBE68CA-0683-4E3E-9828-9A8115763786}"
	ProjectSection(SolutionItems) = preProject
		SoapUI\CreateCustCase-biztalk-soapui-project.xml = SoapUI\CreateCustCase-biztalk-soapui-project.xml
		SoapUI\CreateCustCase-soapui-project.xml = SoapUI\CreateCustCase-soapui-project.xml
		SoapUI\EAIConnectorService-soapui-project.xml = SoapUI\EAIConnectorService-soapui-project.xml
		SoapUI\GetCustomerIDs-soapui-project.xml = SoapUI\GetCustomerIDs-soapui-project.xml
		SoapUI\INTSTDK003-dev-workspace.xml = SoapUI\INTSTDK003-dev-workspace.xml
	EndProjectSection
EndProject
Project("{2150E333-8FDC-42A3-9474-1A3956D46DE8}") = "Bindings", "Bindings", "{6BE0F3F6-26EC-48D3-82D6-3C006ECD0E9D}"
EndProject
Global
	GlobalSection(TeamFoundationVersionControl) = preSolution
		SccNumberOfProjects = 6
		SccEnterpriseProvider = {4CA58AB2-18FA-4F8D-95D4-32DDF27D184C}
		SccTeamFoundationServer = http://wmsi003915:8080/tfs/idccollection
		SccLocalPath0 = .
		SccProjectUniqueName1 = INTSTDK003.CRM.Schemas\\INTSTDK003.CRM.Schemas.btproj
		SccProjectName1 = INTSTDK003.CRM.Schemas
		SccLocalPath1 = INTSTDK003.CRM.Schemas
		SccProjectUniqueName2 = INTSTDK003.CRM.Transformations\\INTSTDK003.CRM.Transformations.btproj
		SccProjectName2 = INTSTDK003.CRM.Transformations
		SccLocalPath2 = INTSTDK003.CRM.Transformations
		SccProjectUniqueName3 = INTSTDK003.STIP.Schemas\\INTSTDK003.STIP.Schemas.btproj
		SccProjectName3 = INTSTDK003.STIP.Schemas
		SccLocalPath3 = INTSTDK003.STIP.Schemas
		SccProjectUniqueName4 = INTSTDK003.STIP.Transformations\\INTSTDK003.STIP.Transformations.btproj
		SccProjectName4 = INTSTDK003.STIP.Transformations
		SccLocalPath4 = INTSTDK003.STIP.Transformations
		SccProjectUniqueName5 = INTSTDK003.Helper\\INTSTDK003.Helper.csproj
		SccProjectName5 = INTSTDK003.Helper
		SccLocalPath5 = INTSTDK003.Helper
	EndGlobalSection
	GlobalSection(SolutionConfigurationPlatforms) = preSolution
		Debug|Any CPU = Debug|Any CPU
		Release|Any CPU = Release|Any CPU
	EndGlobalSection
	GlobalSection(ProjectConfigurationPlatforms) = postSolution
		{0058060E-DC37-44EA-8175-01523961958E}.Debug|Any CPU.ActiveCfg = Debug|Any CPU
		{0058060E-DC37-44EA-8175-01523961958E}.Debug|Any CPU.Build.0 = Debug|Any CPU
		{0058060E-DC37-44EA-8175-01523961958E}.Debug|Any CPU.Deploy.0 = Debug|Any CPU
		{0058060E-DC37-44EA-8175-01523961958E}.Release|Any CPU.ActiveCfg = Release|Any CPU
		{0058060E-DC37-44EA-8175-01523961958E}.Release|Any CPU.Build.0 = Release|Any CPU
		{0058060E-DC37-44EA-8175-01523961958E}.Release|Any CPU.Deploy.0 = Release|Any CPU
		{1476AEF0-9B39-4AE9-BF46-06D83C7C36DB}.Debug|Any CPU.ActiveCfg = Debug|Any CPU
		{1476AEF0-9B39-4AE9-BF46-06D83C7C36DB}.Debug|Any CPU.Build.0 = Debug|Any CPU
		{1476AEF0-9B39-4AE9-BF46-06D83C7C36DB}.Debug|Any CPU.Deploy.0 = Debug|Any CPU
		{1476AEF0-9B39-4AE9-BF46-06D83C7C36DB}.Release|Any CPU.ActiveCfg = Release|Any CPU
		{1476AEF0-9B39-4AE9-BF46-06D83C7C36DB}.Release|Any CPU.Build.0 = Release|Any CPU
		{1476AEF0-9B39-4AE9-BF46-06D83C7C36DB}.Release|Any CPU.Deploy.0 = Release|Any CPU
		{F5D91D14-76CB-4C43-9747-6DBDC2DAA5A1}.Debug|Any CPU.ActiveCfg = Debug|Any CPU
		{F5D91D14-76CB-4C43-9747-6DBDC2DAA5A1}.Debug|Any CPU.Build.0 = Debug|Any CPU
		{F5D91D14-76CB-4C43-9747-6DBDC2DAA5A1}.Debug|Any CPU.Deploy.0 = Debug|Any CPU
		{F5D91D14-76CB-4C43-9747-6DBDC2DAA5A1}.Release|Any CPU.ActiveCfg = Release|Any CPU
		{F5D91D14-76CB-4C43-9747-6DBDC2DAA5A1}.Release|Any CPU.Build.0 = Release|Any CPU
		{F5D91D14-76CB-4C43-9747-6DBDC2DAA5A1}.Release|Any CPU.Deploy.0 = Release|Any CPU
		{0962EBA2-8F45-4A76-BBF8-E41422C8DB72}.Debug|Any CPU.ActiveCfg = Debug|Any CPU
		{0962EBA2-8F45-4A76-BBF8-E41422C8DB72}.Debug|Any CPU.Build.0 = Debug|Any CPU
		{0962EBA2-8F45-4A76-BBF8-E41422C8DB72}.Debug|Any CPU.Deploy.0 = Debug|Any CPU
		{0962EBA2-8F45-4A76-BBF8-E41422C8DB72}.Release|Any CPU.ActiveCfg = Release|Any CPU
		{0962EBA2-8F45-4A76-BBF8-E41422C8DB72}.Release|Any CPU.Build.0 = Release|Any CPU
		{0962EBA2-8F45-4A76-BBF8-E41422C8DB72}.Release|Any CPU.Deploy.0 = Release|Any CPU
		{353185C6-1E07-4433-83BE-220CD6B36431}.Debug|Any CPU.ActiveCfg = Debug|Any CPU
		{353185C6-1E07-4433-83BE-220CD6B36431}.Debug|Any CPU.Build.0 = Debug|Any CPU
		{353185C6-1E07-4433-83BE-220CD6B36431}.Release|Any CPU.ActiveCfg = Release|Any CPU
		{353185C6-1E07-4433-83BE-220CD6B36431}.Release|Any CPU.Build.0 = Release|Any CPU
	EndGlobalSection
	GlobalSection(SolutionProperties) = preSolution
		HideSolutionNode = FALSE
	EndGlobalSection
EndGlobal
