
Microsoft Visual Studio Solution File, Format Version 12.00
# Visual Studio 14
VisualStudioVersion = 14.0.24720.0
MinimumVisualStudioVersion = 10.0.40219.1
Project("{FAE04EC0-301F-11D3-BF4B-00C04F79EFBC}") = "KBArticlePlugin", "KBArticlePlugin\KBArticlePlugin.csproj", "{72FEF297-9882-4786-BD46-02F20313467C}"
EndProject
Project("{FAE04EC0-301F-11D3-BF4B-00C04F79EFBC}") = "CGIXrmPortalService", "..\..\WCF\CGIXrmPortalService\CGIXrmPortalService.csproj", "{444D080B-4FAB-4DE3-806B-EEAF849BC890}"
EndProject
Project("{FAE04EC0-301F-11D3-BF4B-00C04F79EFBC}") = "CGIXrmLogger", "..\..\Others\CGIXrmLogger\CGIXrmLogger.csproj", "{73F74590-72AF-4DCD-B101-3A449036D550}"
EndProject
Global
	GlobalSection(SolutionConfigurationPlatforms) = preSolution
		Debug|Any CPU = Debug|Any CPU
		Release|Any CPU = Release|Any CPU
	EndGlobalSection
	GlobalSection(ProjectConfigurationPlatforms) = postSolution
		{72FEF297-9882-4786-BD46-02F20313467C}.Debug|Any CPU.ActiveCfg = Debug|Any CPU
		{72FEF297-9882-4786-BD46-02F20313467C}.Debug|Any CPU.Build.0 = Debug|Any CPU
		{72FEF297-9882-4786-BD46-02F20313467C}.Release|Any CPU.ActiveCfg = Release|Any CPU
		{72FEF297-9882-4786-BD46-02F20313467C}.Release|Any CPU.Build.0 = Release|Any CPU
		{444D080B-4FAB-4DE3-806B-EEAF849BC890}.Debug|Any CPU.ActiveCfg = Debug|Any CPU
		{444D080B-4FAB-4DE3-806B-EEAF849BC890}.Debug|Any CPU.Build.0 = Debug|Any CPU
		{444D080B-4FAB-4DE3-806B-EEAF849BC890}.Release|Any CPU.ActiveCfg = Release|Any CPU
		{444D080B-4FAB-4DE3-806B-EEAF849BC890}.Release|Any CPU.Build.0 = Release|Any CPU
		{73F74590-72AF-4DCD-B101-3A449036D550}.Debug|Any CPU.ActiveCfg = Debug|Any CPU
		{73F74590-72AF-4DCD-B101-3A449036D550}.Debug|Any CPU.Build.0 = Debug|Any CPU
		{73F74590-72AF-4DCD-B101-3A449036D550}.Release|Any CPU.ActiveCfg = Release|Any CPU
		{73F74590-72AF-4DCD-B101-3A449036D550}.Release|Any CPU.Build.0 = Release|Any CPU
	EndGlobalSection
	GlobalSection(SolutionProperties) = preSolution
		HideSolutionNode = FALSE
	EndGlobalSection
	GlobalSection(TeamFoundationVersionControl) = preSolution
		SccNumberOfProjects = 3
		SccEnterpriseProvider = {4CA58AB2-18FA-4F8D-95D4-32DDF27D184C}
		SccTeamFoundationServer = https://tfs-ext.cgisouth.wm.net:8080/tfs/skanetrafiken
		SccProjectUniqueName0 = KBArticlePlugin\\KBArticlePlugin.csproj
		SccProjectName0 = KBArticlePlugin
		SccAuxPath0 = https://tfs-ext.cgisouth.wm.net:8080/tfs/skanetrafiken
		SccLocalPath0 = KBArticlePlugin
		SccProvider0 = {4CA58AB2-18FA-4F8D-95D4-32DDF27D184C}
		SccProjectUniqueName1 = ..\\..\\WCF\\CGIXrmPortalService\\CGIXrmPortalService.csproj
		SccProjectName1 = ../../WCF/CGIXrmPortalService
		SccAuxPath1 = https://tfs-ext.cgisouth.wm.net:8080/tfs/skanetrafiken
		SccLocalPath1 = ..\\..\\WCF\\CGIXrmPortalService
		SccProvider1 = {4CA58AB2-18FA-4F8D-95D4-32DDF27D184C}
		SccProjectUniqueName2 = ..\\..\\Others\\CGIXrmLogger\\CGIXrmLogger.csproj
		SccProjectName2 = ../../Others/CGIXrmLogger
		SccAuxPath2 = https://tfs-ext.cgisouth.wm.net:8080/tfs/skanetrafiken
		SccLocalPath2 = ..\\..\\Others\\CGIXrmLogger
		SccProvider2 = {4CA58AB2-18FA-4F8D-95D4-32DDF27D184C}
	EndGlobalSection
EndGlobal
