
Microsoft Visual Studio Solution File, Format Version 12.00
# Visual Studio 2013
VisualStudioVersion = 12.0.21005.1
MinimumVisualStudioVersion = 10.0.40219.1
Project("{FAE04EC0-301F-11D3-BF4B-00C04F79EFBC}") = "CGIXrmPortalService", "CGIXrmPortalService.csproj", "{444D080B-4FAB-4DE3-806B-EEAF849BC890}"
EndProject
Project("{FAE04EC0-301F-11D3-BF4B-00C04F79EFBC}") = "CGIXrmLogger", "..\..\Others\CGIXrmLogger\CGIXrmLogger.csproj", "{73F74590-72AF-4DCD-B101-3A449036D550}"
EndProject
Global
	GlobalSection(TeamFoundationVersionControl) = preSolution
		SccNumberOfProjects = 2
		SccEnterpriseProvider = {4CA58AB2-18FA-4F8D-95D4-32DDF27D184C}
		SccTeamFoundationServer = https://cgi-trafiken.visualstudio.com/defaultcollection
		SccProjectUniqueName0 = CGIXrmPortalService.csproj
		SccProjectName0 = .
		SccAuxPath0 = https://cgi-trafiken.visualstudio.com/defaultcollection
		SccLocalPath0 = .
		SccProvider0 = {4CA58AB2-18FA-4F8D-95D4-32DDF27D184C}
		SccProjectUniqueName1 = ..\\..\\Others\\CGIXrmLogger\\CGIXrmLogger.csproj
		SccProjectName1 = ../../Others/CGIXrmLogger
		SccAuxPath1 = https://cgi-trafiken.visualstudio.com/defaultcollection
		SccLocalPath1 = ..\\..\\Others\\CGIXrmLogger
		SccProvider1 = {4CA58AB2-18FA-4F8D-95D4-32DDF27D184C}
	EndGlobalSection
	GlobalSection(SolutionConfigurationPlatforms) = preSolution
		Debug|Any CPU = Debug|Any CPU
		Release|Any CPU = Release|Any CPU
	EndGlobalSection
	GlobalSection(ProjectConfigurationPlatforms) = postSolution
		{444D080B-4FAB-4DE3-806B-EEAF849BC890}.Debug|Any CPU.ActiveCfg = Debug|Any CPU
		{444D080B-4FAB-4DE3-806B-EEAF849BC890}.Debug|Any CPU.Build.0 = Debug|Any CPU
		{444D080B-4FAB-4DE3-806B-EEAF849BC890}.Release|Any CPU.ActiveCfg = Release|Any CPU
		{444D080B-4FAB-4DE3-806B-EEAF849BC890}.Release|Any CPU.Build.0 = Release|Any CPU
		{73F74590-72AF-4DCD-B101-3A449036D550}.Debug|Any CPU.ActiveCfg = Debug|Any CPU
		{73F74590-72AF-4DCD-B101-3A449036D550}.Debug|Any CPU.Build.0 = Debug|Any CPU
		{73F74590-72AF-4DCD-B101-3A449036D550}.Release|Any CPU.ActiveCfg = Release|Any CPU
		{73F74590-72AF-4DCD-B101-3A449036D550}.Release|Any CPU.Build.0 = Release|Any CPU
	EndGlobalSection
	GlobalSection(SolutionProperties) = preSolution
		HideSolutionNode = FALSE
	EndGlobalSection
EndGlobal
