
Microsoft Visual Studio Solution File, Format Version 12.00
# Visual Studio 2013
VisualStudioVersion = 12.0.30723.0
MinimumVisualStudioVersion = 10.0.40219.1
Project("{FAE04EC0-301F-11D3-BF4B-00C04F79EFBC}") = "INTSTDK007.Etis.Schemas", "INTSTDK.007.Etis.Schemas\INTSTDK007.Etis.Schemas.btproj", "{1E97825D-BFED-40C9-BE80-3BAAD7F79634}"
EndProject
Project("{FAE04EC0-301F-11D3-BF4B-00C04F79EFBC}") = "INTSTDK007.Etis.Transformations", "INTSTDK007.Etis.Transformations\INTSTDK007.Etis.Transformations.btproj", "{AC076EB7-F4F2-49A5-BE0A-D9AE93D6B633}"
EndProject
Project("{2150E333-8FDC-42A3-9474-1A3956D46DE8}") = "Files", "Files", "{4A765D2A-EEF1-43A4-84A2-2BC12CF60DC6}"
	ProjectSection(SolutionItems) = preProject
		Files\GetJourney.xsd = Files\GetJourney.xsd
	EndProjectSection
EndProject
Project("{2150E333-8FDC-42A3-9474-1A3956D46DE8}") = "WSDL", "WSDL", "{1EC64A30-942D-4685-BD8C-BF4439B69C26}"
	ProjectSection(SolutionItems) = preProject
		Files\WSDL\Service_1.wsdl = Files\WSDL\Service_1.wsdl
	EndProjectSection
EndProject
Project("{2150E333-8FDC-42A3-9474-1A3956D46DE8}") = "WcfServiceDescription", "WcfServiceDescription", "{F76F1722-E79B-4DC1-B0FD-FB5C96A831BB}"
	ProjectSection(SolutionItems) = preProject
		WcfServiceDescription\WcfServiceDescription.xml = WcfServiceDescription\WcfServiceDescription.xml
	EndProjectSection
EndProject
Project("{2150E333-8FDC-42A3-9474-1A3956D46DE8}") = "Bindings", "Bindings", "{53153631-BE1C-436E-AEC3-8609927D8E44}"
	ProjectSection(SolutionItems) = preProject
		Bindings\INTSTDK007.EtisRealTime.TST.xml = Bindings\INTSTDK007.EtisRealTime.TST.xml
	EndProjectSection
EndProject
Project("{FAE04EC0-301F-11D3-BF4B-00C04F79EFBC}") = "INTSTDK007.STIP.Schemas", "INTSTDK007.STIP.Schemas\INTSTDK007.STIP.Schemas.btproj", "{86430E5C-E156-4733-944B-A4708166873E}"
EndProject
Project("{FAE04EC0-301F-11D3-BF4B-00C04F79EFBC}") = "INTSTDK007.STIP.Transformations", "INTSTDK007.STIP.Transformations\INTSTDK007.STIP.Transformations.btproj", "{F9FED22D-5970-491D-B26B-119FB4E344E7}"
EndProject
Global
	GlobalSection(TeamFoundationVersionControl) = preSolution
		SccNumberOfProjects = 5
		SccEnterpriseProvider = {4CA58AB2-18FA-4F8D-95D4-32DDF27D184C}
		SccTeamFoundationServer = http://wmsi003915:8080/tfs/idccollection
		SccLocalPath0 = .
		SccProjectUniqueName1 = INTSTDK007.Etis.Transformations\\INTSTDK007.Etis.Transformations.btproj
		SccProjectName1 = INTSTDK007.Etis.Transformations
		SccLocalPath1 = INTSTDK007.Etis.Transformations
		SccProjectUniqueName2 = INTSTDK007.STIP.Schemas\\INTSTDK007.STIP.Schemas.btproj
		SccProjectName2 = INTSTDK007.STIP.Schemas
		SccLocalPath2 = INTSTDK007.STIP.Schemas
		SccProjectUniqueName3 = INTSTDK007.STIP.Transformations\\INTSTDK007.STIP.Transformations.btproj
		SccProjectName3 = INTSTDK007.STIP.Transformations
		SccLocalPath3 = INTSTDK007.STIP.Transformations
		SccProjectUniqueName4 = INTSTDK.007.Etis.Schemas\\INTSTDK007.Etis.Schemas.btproj
		SccProjectName4 = INTSTDK.007.Etis.Schemas
		SccLocalPath4 = INTSTDK.007.Etis.Schemas
	EndGlobalSection
	GlobalSection(SolutionConfigurationPlatforms) = preSolution
		Debug|Any CPU = Debug|Any CPU
		Release|Any CPU = Release|Any CPU
	EndGlobalSection
	GlobalSection(ProjectConfigurationPlatforms) = postSolution
		{1E97825D-BFED-40C9-BE80-3BAAD7F79634}.Debug|Any CPU.ActiveCfg = Debug|Any CPU
		{1E97825D-BFED-40C9-BE80-3BAAD7F79634}.Debug|Any CPU.Build.0 = Debug|Any CPU
		{1E97825D-BFED-40C9-BE80-3BAAD7F79634}.Debug|Any CPU.Deploy.0 = Debug|Any CPU
		{1E97825D-BFED-40C9-BE80-3BAAD7F79634}.Release|Any CPU.ActiveCfg = Release|Any CPU
		{1E97825D-BFED-40C9-BE80-3BAAD7F79634}.Release|Any CPU.Build.0 = Release|Any CPU
		{1E97825D-BFED-40C9-BE80-3BAAD7F79634}.Release|Any CPU.Deploy.0 = Release|Any CPU
		{AC076EB7-F4F2-49A5-BE0A-D9AE93D6B633}.Debug|Any CPU.ActiveCfg = Debug|Any CPU
		{AC076EB7-F4F2-49A5-BE0A-D9AE93D6B633}.Debug|Any CPU.Build.0 = Debug|Any CPU
		{AC076EB7-F4F2-49A5-BE0A-D9AE93D6B633}.Debug|Any CPU.Deploy.0 = Debug|Any CPU
		{AC076EB7-F4F2-49A5-BE0A-D9AE93D6B633}.Release|Any CPU.ActiveCfg = Release|Any CPU
		{AC076EB7-F4F2-49A5-BE0A-D9AE93D6B633}.Release|Any CPU.Build.0 = Release|Any CPU
		{AC076EB7-F4F2-49A5-BE0A-D9AE93D6B633}.Release|Any CPU.Deploy.0 = Release|Any CPU
		{86430E5C-E156-4733-944B-A4708166873E}.Debug|Any CPU.ActiveCfg = Debug|Any CPU
		{86430E5C-E156-4733-944B-A4708166873E}.Debug|Any CPU.Build.0 = Debug|Any CPU
		{86430E5C-E156-4733-944B-A4708166873E}.Debug|Any CPU.Deploy.0 = Debug|Any CPU
		{86430E5C-E156-4733-944B-A4708166873E}.Release|Any CPU.ActiveCfg = Release|Any CPU
		{86430E5C-E156-4733-944B-A4708166873E}.Release|Any CPU.Build.0 = Release|Any CPU
		{86430E5C-E156-4733-944B-A4708166873E}.Release|Any CPU.Deploy.0 = Release|Any CPU
		{F9FED22D-5970-491D-B26B-119FB4E344E7}.Debug|Any CPU.ActiveCfg = Debug|Any CPU
		{F9FED22D-5970-491D-B26B-119FB4E344E7}.Debug|Any CPU.Build.0 = Debug|Any CPU
		{F9FED22D-5970-491D-B26B-119FB4E344E7}.Debug|Any CPU.Deploy.0 = Debug|Any CPU
		{F9FED22D-5970-491D-B26B-119FB4E344E7}.Release|Any CPU.ActiveCfg = Release|Any CPU
		{F9FED22D-5970-491D-B26B-119FB4E344E7}.Release|Any CPU.Build.0 = Release|Any CPU
		{F9FED22D-5970-491D-B26B-119FB4E344E7}.Release|Any CPU.Deploy.0 = Release|Any CPU
	EndGlobalSection
	GlobalSection(SolutionProperties) = preSolution
		HideSolutionNode = FALSE
	EndGlobalSection
	GlobalSection(NestedProjects) = preSolution
		{1EC64A30-942D-4685-BD8C-BF4439B69C26} = {4A765D2A-EEF1-43A4-84A2-2BC12CF60DC6}
	EndGlobalSection
EndGlobal
