
Microsoft Visual Studio Solution File, Format Version 11.00
# Visual Studio 2010
Project("{FAE04EC0-301F-11D3-BF4B-00C04F79EFBC}") = "CRM.eCommerce.Transactions", "CRM.eCommerce.Transactions\CRM.eCommerce.Transactions.csproj", "{98EC95B5-A93B-4699-BA12-9C954DC514E2}"
EndProject
Project("{FAE04EC0-301F-11D3-BF4B-00C04F79EFBC}") = "CRM.eCommerce.Transactions.Web", "CRM.eCommerce.Transactions.Web\CRM.eCommerce.Transactions.Web.csproj", "{B22CB391-AAD5-45A6-B845-1E5156C1BE64}"
EndProject
Global
	GlobalSection(TeamFoundationVersionControl) = preSolution
		SccNumberOfProjects = 3
		SccEnterpriseProvider = {4CA58AB2-18FA-4F8D-95D4-32DDF27D184C}
		SccTeamFoundationServer = http://78.41.243.185:5555/tfs/dynamics%20crm
		SccLocalPath0 = .
		SccProjectUniqueName1 = CRM.eCommerce.Transactions.Web\\CRM.eCommerce.Transactions.Web.csproj
		SccProjectName1 = CRM.eCommerce.Transactions.Web
		SccLocalPath1 = CRM.eCommerce.Transactions.Web
		SccProjectUniqueName2 = CRM.eCommerce.Transactions\\CRM.eCommerce.Transactions.csproj
		SccProjectName2 = CRM.eCommerce.Transactions
		SccLocalPath2 = CRM.eCommerce.Transactions
	EndGlobalSection
	GlobalSection(SolutionConfigurationPlatforms) = preSolution
		Debug|Any CPU = Debug|Any CPU
		Release|Any CPU = Release|Any CPU
	EndGlobalSection
	GlobalSection(ProjectConfigurationPlatforms) = postSolution
		{98EC95B5-A93B-4699-BA12-9C954DC514E2}.Debug|Any CPU.ActiveCfg = Debug|Any CPU
		{98EC95B5-A93B-4699-BA12-9C954DC514E2}.Debug|Any CPU.Build.0 = Debug|Any CPU
		{98EC95B5-A93B-4699-BA12-9C954DC514E2}.Release|Any CPU.ActiveCfg = Release|Any CPU
		{98EC95B5-A93B-4699-BA12-9C954DC514E2}.Release|Any CPU.Build.0 = Release|Any CPU
		{B22CB391-AAD5-45A6-B845-1E5156C1BE64}.Debug|Any CPU.ActiveCfg = Debug|Any CPU
		{B22CB391-AAD5-45A6-B845-1E5156C1BE64}.Debug|Any CPU.Build.0 = Debug|Any CPU
		{B22CB391-AAD5-45A6-B845-1E5156C1BE64}.Release|Any CPU.ActiveCfg = Release|Any CPU
		{B22CB391-AAD5-45A6-B845-1E5156C1BE64}.Release|Any CPU.Build.0 = Release|Any CPU
	EndGlobalSection
	GlobalSection(SolutionProperties) = preSolution
		HideSolutionNode = FALSE
	EndGlobalSection
EndGlobal
