
Microsoft Visual Studio Solution File, Format Version 12.00
# Visual Studio 2013
VisualStudioVersion = 12.0.21005.1
MinimumVisualStudioVersion = 10.0.40219.1
Project("{FAE04EC0-301F-11D3-BF4B-00C04F79EFBC}") = "ImportContactsService", "ImportContactsService\ImportContactsService.csproj", "{9806AA50-A4E0-411C-84E3-47FAA47798C7}"
EndProject
Project("{FAE04EC0-301F-11D3-BF4B-00C04F79EFBC}") = "WindowsFormsApplication1", "WindowsFormsApplication1\WindowsFormsApplication1.csproj", "{3BE2BCA5-118E-4489-8A50-690D1284ED2B}"
	ProjectSection(ProjectDependencies) = postProject
		{9806AA50-A4E0-411C-84E3-47FAA47798C7} = {9806AA50-A4E0-411C-84E3-47FAA47798C7}
	EndProjectSection
EndProject
Global
	GlobalSection(TeamFoundationVersionControl) = preSolution
		SccNumberOfProjects = 3
		SccEnterpriseProvider = {4CA58AB2-18FA-4F8D-95D4-32DDF27D184C}
		SccTeamFoundationServer = http://78.41.243.185:5555/tfs/dynamics%20crm
		SccLocalPath0 = .
		SccProjectUniqueName1 = ImportContactsService\\ImportContactsService.csproj
		SccProjectName1 = ImportContactsService
		SccLocalPath1 = ImportContactsService
		SccProjectUniqueName2 = WindowsFormsApplication1\\WindowsFormsApplication1.csproj
		SccProjectName2 = WindowsFormsApplication1
		SccLocalPath2 = WindowsFormsApplication1
	EndGlobalSection
	GlobalSection(SolutionConfigurationPlatforms) = preSolution
		Debug|Any CPU = Debug|Any CPU
		Release|Any CPU = Release|Any CPU
	EndGlobalSection
	GlobalSection(ProjectConfigurationPlatforms) = postSolution
		{9806AA50-A4E0-411C-84E3-47FAA47798C7}.Debug|Any CPU.ActiveCfg = Debug|Any CPU
		{9806AA50-A4E0-411C-84E3-47FAA47798C7}.Debug|Any CPU.Build.0 = Debug|Any CPU
		{9806AA50-A4E0-411C-84E3-47FAA47798C7}.Release|Any CPU.ActiveCfg = Release|Any CPU
		{9806AA50-A4E0-411C-84E3-47FAA47798C7}.Release|Any CPU.Build.0 = Release|Any CPU
		{3BE2BCA5-118E-4489-8A50-690D1284ED2B}.Debug|Any CPU.ActiveCfg = Debug|Any CPU
		{3BE2BCA5-118E-4489-8A50-690D1284ED2B}.Debug|Any CPU.Build.0 = Debug|Any CPU
		{3BE2BCA5-118E-4489-8A50-690D1284ED2B}.Release|Any CPU.ActiveCfg = Release|Any CPU
		{3BE2BCA5-118E-4489-8A50-690D1284ED2B}.Release|Any CPU.Build.0 = Release|Any CPU
	EndGlobalSection
	GlobalSection(SolutionProperties) = preSolution
		HideSolutionNode = FALSE
	EndGlobalSection
EndGlobal
