
Microsoft Visual Studio Solution File, Format Version 12.00
# Visual Studio 14
VisualStudioVersion = 14.0.24720.0
MinimumVisualStudioVersion = 10.0.40219.1
Project("{FAE04EC0-301F-11D3-BF4B-00C04F79EFBC}") = "CGIXrmKBArticleRepublish", "CGIXrmKBArticleRepublish\CGIXrmKBArticleRepublish.csproj", "{A7019984-F8EF-4AA1-866C-1D8E97A2366C}"
EndProject
Project("{FAE04EC0-301F-11D3-BF4B-00C04F79EFBC}") = "CGIXrmExtConnectorService", "..\..\WCF\CGIXrmExtConnectorService\CGIXrmExtConnectorService\CGIXrmExtConnectorService.csproj", "{69546436-5CD3-4F5C-912A-7E7E0FD9E3E9}"
EndProject
Global
	GlobalSection(SolutionConfigurationPlatforms) = preSolution
		Acceptance|Any CPU = Acceptance|Any CPU
		Debug|Any CPU = Debug|Any CPU
		Development|Any CPU = Development|Any CPU
		Production|Any CPU = Production|Any CPU
		Release|Any CPU = Release|Any CPU
		Test|Any CPU = Test|Any CPU
	EndGlobalSection
	GlobalSection(ProjectConfigurationPlatforms) = postSolution
		{A7019984-F8EF-4AA1-866C-1D8E97A2366C}.Acceptance|Any CPU.ActiveCfg = Release|Any CPU
		{A7019984-F8EF-4AA1-866C-1D8E97A2366C}.Acceptance|Any CPU.Build.0 = Release|Any CPU
		{A7019984-F8EF-4AA1-866C-1D8E97A2366C}.Debug|Any CPU.ActiveCfg = Debug|Any CPU
		{A7019984-F8EF-4AA1-866C-1D8E97A2366C}.Debug|Any CPU.Build.0 = Debug|Any CPU
		{A7019984-F8EF-4AA1-866C-1D8E97A2366C}.Development|Any CPU.ActiveCfg = Debug|Any CPU
		{A7019984-F8EF-4AA1-866C-1D8E97A2366C}.Development|Any CPU.Build.0 = Debug|Any CPU
		{A7019984-F8EF-4AA1-866C-1D8E97A2366C}.Production|Any CPU.ActiveCfg = Release|Any CPU
		{A7019984-F8EF-4AA1-866C-1D8E97A2366C}.Production|Any CPU.Build.0 = Release|Any CPU
		{A7019984-F8EF-4AA1-866C-1D8E97A2366C}.Release|Any CPU.ActiveCfg = Release|Any CPU
		{A7019984-F8EF-4AA1-866C-1D8E97A2366C}.Release|Any CPU.Build.0 = Release|Any CPU
		{A7019984-F8EF-4AA1-866C-1D8E97A2366C}.Test|Any CPU.ActiveCfg = Release|Any CPU
		{A7019984-F8EF-4AA1-866C-1D8E97A2366C}.Test|Any CPU.Build.0 = Release|Any CPU
		{69546436-5CD3-4F5C-912A-7E7E0FD9E3E9}.Acceptance|Any CPU.ActiveCfg = Acceptance|Any CPU
		{69546436-5CD3-4F5C-912A-7E7E0FD9E3E9}.Acceptance|Any CPU.Build.0 = Acceptance|Any CPU
		{69546436-5CD3-4F5C-912A-7E7E0FD9E3E9}.Debug|Any CPU.ActiveCfg = Debug|Any CPU
		{69546436-5CD3-4F5C-912A-7E7E0FD9E3E9}.Debug|Any CPU.Build.0 = Debug|Any CPU
		{69546436-5CD3-4F5C-912A-7E7E0FD9E3E9}.Development|Any CPU.ActiveCfg = Development|Any CPU
		{69546436-5CD3-4F5C-912A-7E7E0FD9E3E9}.Development|Any CPU.Build.0 = Development|Any CPU
		{69546436-5CD3-4F5C-912A-7E7E0FD9E3E9}.Production|Any CPU.ActiveCfg = Production|Any CPU
		{69546436-5CD3-4F5C-912A-7E7E0FD9E3E9}.Production|Any CPU.Build.0 = Production|Any CPU
		{69546436-5CD3-4F5C-912A-7E7E0FD9E3E9}.Release|Any CPU.ActiveCfg = Release|Any CPU
		{69546436-5CD3-4F5C-912A-7E7E0FD9E3E9}.Release|Any CPU.Build.0 = Release|Any CPU
		{69546436-5CD3-4F5C-912A-7E7E0FD9E3E9}.Test|Any CPU.ActiveCfg = Test|Any CPU
		{69546436-5CD3-4F5C-912A-7E7E0FD9E3E9}.Test|Any CPU.Build.0 = Test|Any CPU
	EndGlobalSection
	GlobalSection(SolutionProperties) = preSolution
		HideSolutionNode = FALSE
	EndGlobalSection
	GlobalSection(TeamFoundationVersionControl) = preSolution
		SccNumberOfProjects = 1
		SccEnterpriseProvider = {4CA58AB2-18FA-4F8D-95D4-32DDF27D184C}
		SccTeamFoundationServer = https://tfs-ext.cgisouth.wm.net:8080/tfs/skanetrafiken
		SccProjectUniqueName0 = ..\\..\\WCF\\CGIXrmExtConnectorService\\CGIXrmExtConnectorService\\CGIXrmExtConnectorService.csproj
		SccProjectName0 = ../../WCF/CGIXrmExtConnectorService/CGIXrmExtConnectorService
		SccAuxPath0 = https://tfs-ext.cgisouth.wm.net:8080/tfs/skanetrafiken
		SccLocalPath0 = ..\\..\\WCF\\CGIXrmExtConnectorService\\CGIXrmExtConnectorService
		SccProvider0 = {4CA58AB2-18FA-4F8D-95D4-32DDF27D184C}
	EndGlobalSection
EndGlobal
