
Microsoft Visual Studio Solution File, Format Version 12.00
# Visual Studio 2013
VisualStudioVersion = 12.0.30723.0
MinimumVisualStudioVersion = 10.0.40219.1
Project("{FAE04EC0-301F-11D3-BF4B-00C04F79EFBC}") = "INTSTDK004.Biff.Schemas", "INTSTDK004.Biff.Schemas\INTSTDK004.Biff.Schemas.btproj", "{C3B2C72A-1C96-48CC-9269-41C26AB5DA29}"
EndProject
Project("{FAE04EC0-301F-11D3-BF4B-00C04F79EFBC}") = "INTSTDK004.Biff.Transformations", "INTSTDK004.Biff.Transformations\INTSTDK004.Biff.Transformations.btproj", "{F6E6E8F0-06F0-4E65-8043-E2EF5897522C}"
EndProject
Project("{2150E333-8FDC-42A3-9474-1A3956D46DE8}") = "Files", "Files", "{2F9780FF-7B30-4BA6-A68C-43C33661FB44}"
	ProjectSection(SolutionItems) = preProject
		Files\Biff\Biff_GetCardDetails2_RawResponse.xml = Files\Biff\Biff_GetCardDetails2_RawResponse.xml
		Files\Biff\Biff_GetCardDetails2_RawResponse_NoEnv.xml = Files\Biff\Biff_GetCardDetails2_RawResponse_NoEnv.xml
		Files\Biff\Flöden.txt = Files\Biff\Flöden.txt
		Files\Biff\GetAutoloadActivitiesResponse.xml = Files\Biff\GetAutoloadActivitiesResponse.xml
		Files\Biff\GetAutoloadActivityReport_RawResponse.xml = Files\Biff\GetAutoloadActivityReport_RawResponse.xml
		GetAutoloadActivityReportResponse.xml = GetAutoloadActivityReportResponse.xml
		Files\Biff\GetAutoloadThresholdActivities_RawResponse.xml = Files\Biff\GetAutoloadThresholdActivities_RawResponse.xml
		Files\Biff\GetAutoloadThresholdActivitiesResponse.xml = Files\Biff\GetAutoloadThresholdActivitiesResponse.xml
		Files\Biff\RequestCardBlock_RawResponse.xml = Files\Biff\RequestCardBlock_RawResponse.xml
		Files\Biff\RequestPeriodThresholdAutoload_RawResponse.xml = Files\Biff\RequestPeriodThresholdAutoload_RawResponse.xml
		Files\Biff\RequestPeriodThresholdAutoload_Stop_RawResponse.xml = Files\Biff\RequestPeriodThresholdAutoload_Stop_RawResponse.xml
		Files\Biff\RequestProductBlock_RawResponse.xml = Files\Biff\RequestProductBlock_RawResponse.xml
		Files\Biff\RequestPurseDirectedAutload_RawResponse.xml = Files\Biff\RequestPurseDirectedAutload_RawResponse.xml
		Files\Biff\webservice.xsd = Files\Biff\webservice.xsd
		Files\Biff\webservice_1.wsdl = Files\Biff\webservice_1.wsdl
		Files\Biff\webservice_1.xsd = Files\Biff\webservice_1.xsd
		Files\Biff\webservice_1_2.xsd = Files\Biff\webservice_1_2.xsd
		Files\Biff\webservice_1_2_3.xsd = Files\Biff\webservice_1_2_3.xsd
		Files\Biff\webservice_1_2_3_4.xsd = Files\Biff\webservice_1_2_3_4.xsd
		Files\Biff\webservice_1_2_3_4_5.xsd = Files\Biff\webservice_1_2_3_4_5.xsd
		Files\Biff\webservice_1_2_3_4_5_6.xsd = Files\Biff\webservice_1_2_3_4_5_6.xsd
	EndProjectSection
EndProject
Project("{FAE04EC0-301F-11D3-BF4B-00C04F79EFBC}") = "INTSTDK004.BehaviorExtentions", "INTSTDK004.BehaviorExtentions\INTSTDK004.BehaviorExtentions.btproj", "{DCA362EA-839D-491A-AF9E-4A8F407627A6}"
EndProject
Project("{2150E333-8FDC-42A3-9474-1A3956D46DE8}") = "WcfServiceDescription", "WcfServiceDescription", "{5D3AA689-693D-4D54-A032-A94009A6750B}"
	ProjectSection(SolutionItems) = preProject
		WcfServiceDescription\WcfServiceDescription.xml = WcfServiceDescription\WcfServiceDescription.xml
	EndProjectSection
EndProject
Project("{2150E333-8FDC-42A3-9474-1A3956D46DE8}") = "Bindings", "Bindings", "{9867F94B-3C42-4DEB-9DED-726F8A64F4B2}"
EndProject
Project("{FAE04EC0-301F-11D3-BF4B-00C04F79EFBC}") = "INTSTDK004.STIP.Schemas", "INTSTDK004.STIP.Schemas\INTSTDK004.STIP.Schemas.btproj", "{57B14E9A-025B-429B-8744-C06C3683C6C0}"
EndProject
Project("{FAE04EC0-301F-11D3-BF4B-00C04F79EFBC}") = "INTSTDK004.STIP.Transformations", "INTSTDK004.STIP.Transformations\INTSTDK004.STIP.Transformations.btproj", "{6F320364-9E59-43A7-9300-0B2D146AC469}"
EndProject
Global
	GlobalSection(TeamFoundationVersionControl) = preSolution
		SccNumberOfProjects = 6
		SccEnterpriseProvider = {4CA58AB2-18FA-4F8D-95D4-32DDF27D184C}
		SccTeamFoundationServer = http://wmsi003915:8080/tfs/idccollection
		SccLocalPath0 = .
		SccProjectUniqueName1 = INTSTDK004.Biff.Schemas\\INTSTDK004.Biff.Schemas.btproj
		SccProjectName1 = INTSTDK004.Biff.Schemas
		SccLocalPath1 = INTSTDK004.Biff.Schemas
		SccProjectUniqueName2 = INTSTDK004.Biff.Transformations\\INTSTDK004.Biff.Transformations.btproj
		SccProjectName2 = INTSTDK004.Biff.Transformations
		SccLocalPath2 = INTSTDK004.Biff.Transformations
		SccProjectUniqueName3 = INTSTDK004.BehaviorExtentions\\INTSTDK004.BehaviorExtentions.btproj
		SccProjectName3 = INTSTDK004.BehaviorExtentions
		SccLocalPath3 = INTSTDK004.BehaviorExtentions
		SccProjectUniqueName4 = INTSTDK004.STIP.Schemas\\INTSTDK004.STIP.Schemas.btproj
		SccProjectName4 = INTSTDK004.STIP.Schemas
		SccLocalPath4 = INTSTDK004.STIP.Schemas
		SccProjectUniqueName5 = INTSTDK004.STIP.Transformations\\INTSTDK004.STIP.Transformations.btproj
		SccProjectName5 = INTSTDK004.STIP.Transformations
		SccLocalPath5 = INTSTDK004.STIP.Transformations
	EndGlobalSection
	GlobalSection(SolutionConfigurationPlatforms) = preSolution
		Debug|Any CPU = Debug|Any CPU
		Release|Any CPU = Release|Any CPU
	EndGlobalSection
	GlobalSection(ProjectConfigurationPlatforms) = postSolution
		{C3B2C72A-1C96-48CC-9269-41C26AB5DA29}.Debug|Any CPU.ActiveCfg = Debug|Any CPU
		{C3B2C72A-1C96-48CC-9269-41C26AB5DA29}.Debug|Any CPU.Build.0 = Debug|Any CPU
		{C3B2C72A-1C96-48CC-9269-41C26AB5DA29}.Debug|Any CPU.Deploy.0 = Debug|Any CPU
		{C3B2C72A-1C96-48CC-9269-41C26AB5DA29}.Release|Any CPU.ActiveCfg = Release|Any CPU
		{C3B2C72A-1C96-48CC-9269-41C26AB5DA29}.Release|Any CPU.Build.0 = Release|Any CPU
		{C3B2C72A-1C96-48CC-9269-41C26AB5DA29}.Release|Any CPU.Deploy.0 = Release|Any CPU
		{F6E6E8F0-06F0-4E65-8043-E2EF5897522C}.Debug|Any CPU.ActiveCfg = Debug|Any CPU
		{F6E6E8F0-06F0-4E65-8043-E2EF5897522C}.Debug|Any CPU.Build.0 = Debug|Any CPU
		{F6E6E8F0-06F0-4E65-8043-E2EF5897522C}.Debug|Any CPU.Deploy.0 = Debug|Any CPU
		{F6E6E8F0-06F0-4E65-8043-E2EF5897522C}.Release|Any CPU.ActiveCfg = Release|Any CPU
		{F6E6E8F0-06F0-4E65-8043-E2EF5897522C}.Release|Any CPU.Build.0 = Release|Any CPU
		{F6E6E8F0-06F0-4E65-8043-E2EF5897522C}.Release|Any CPU.Deploy.0 = Release|Any CPU
		{DCA362EA-839D-491A-AF9E-4A8F407627A6}.Debug|Any CPU.ActiveCfg = Debug|Any CPU
		{DCA362EA-839D-491A-AF9E-4A8F407627A6}.Debug|Any CPU.Build.0 = Debug|Any CPU
		{DCA362EA-839D-491A-AF9E-4A8F407627A6}.Debug|Any CPU.Deploy.0 = Debug|Any CPU
		{DCA362EA-839D-491A-AF9E-4A8F407627A6}.Release|Any CPU.ActiveCfg = Release|Any CPU
		{DCA362EA-839D-491A-AF9E-4A8F407627A6}.Release|Any CPU.Build.0 = Release|Any CPU
		{DCA362EA-839D-491A-AF9E-4A8F407627A6}.Release|Any CPU.Deploy.0 = Release|Any CPU
		{57B14E9A-025B-429B-8744-C06C3683C6C0}.Debug|Any CPU.ActiveCfg = Debug|Any CPU
		{57B14E9A-025B-429B-8744-C06C3683C6C0}.Debug|Any CPU.Build.0 = Debug|Any CPU
		{57B14E9A-025B-429B-8744-C06C3683C6C0}.Debug|Any CPU.Deploy.0 = Debug|Any CPU
		{57B14E9A-025B-429B-8744-C06C3683C6C0}.Release|Any CPU.ActiveCfg = Release|Any CPU
		{57B14E9A-025B-429B-8744-C06C3683C6C0}.Release|Any CPU.Build.0 = Release|Any CPU
		{57B14E9A-025B-429B-8744-C06C3683C6C0}.Release|Any CPU.Deploy.0 = Release|Any CPU
		{6F320364-9E59-43A7-9300-0B2D146AC469}.Debug|Any CPU.ActiveCfg = Debug|Any CPU
		{6F320364-9E59-43A7-9300-0B2D146AC469}.Debug|Any CPU.Build.0 = Debug|Any CPU
		{6F320364-9E59-43A7-9300-0B2D146AC469}.Debug|Any CPU.Deploy.0 = Debug|Any CPU
		{6F320364-9E59-43A7-9300-0B2D146AC469}.Release|Any CPU.ActiveCfg = Release|Any CPU
		{6F320364-9E59-43A7-9300-0B2D146AC469}.Release|Any CPU.Build.0 = Release|Any CPU
		{6F320364-9E59-43A7-9300-0B2D146AC469}.Release|Any CPU.Deploy.0 = Release|Any CPU
	EndGlobalSection
	GlobalSection(SolutionProperties) = preSolution
		HideSolutionNode = FALSE
	EndGlobalSection
EndGlobal
