
Microsoft Visual Studio Solution File, Format Version 12.00
# Visual Studio 14
VisualStudioVersion = 14.0.24720.0
MinimumVisualStudioVersion = 10.0.40219.1
Project("{FAE04EC0-301F-11D3-BF4B-00C04F79EFBC}") = "CGIXrmGetOrders", "CGIXrmGetOrders\CGIXrmGetOrders.csproj", "{F0160AAB-3037-4F69-AF93-EC80F3E98CD6}"
EndProject
Global
	GlobalSection(SolutionConfigurationPlatforms) = preSolution
		Acceptance|Any CPU = Acceptance|Any CPU
		Debug|Any CPU = Debug|Any CPU
		Development|Any CPU = Development|Any CPU
		Production|Any CPU = Production|Any CPU
		Release|Any CPU = Release|Any CPU
		Test|Any CPU = Test|Any CPU
	EndGlobalSection
	GlobalSection(ProjectConfigurationPlatforms) = postSolution
		{F0160AAB-3037-4F69-AF93-EC80F3E98CD6}.Acceptance|Any CPU.ActiveCfg = Acceptance|Any CPU
		{F0160AAB-3037-4F69-AF93-EC80F3E98CD6}.Acceptance|Any CPU.Build.0 = Acceptance|Any CPU
		{F0160AAB-3037-4F69-AF93-EC80F3E98CD6}.Debug|Any CPU.ActiveCfg = Debug|Any CPU
		{F0160AAB-3037-4F69-AF93-EC80F3E98CD6}.Debug|Any CPU.Build.0 = Debug|Any CPU
		{F0160AAB-3037-4F69-AF93-EC80F3E98CD6}.Development|Any CPU.ActiveCfg = Development|Any CPU
		{F0160AAB-3037-4F69-AF93-EC80F3E98CD6}.Development|Any CPU.Build.0 = Development|Any CPU
		{F0160AAB-3037-4F69-AF93-EC80F3E98CD6}.Production|Any CPU.ActiveCfg = Production|Any CPU
		{F0160AAB-3037-4F69-AF93-EC80F3E98CD6}.Production|Any CPU.Build.0 = Production|Any CPU
		{F0160AAB-3037-4F69-AF93-EC80F3E98CD6}.Release|Any CPU.ActiveCfg = Release|Any CPU
		{F0160AAB-3037-4F69-AF93-EC80F3E98CD6}.Release|Any CPU.Build.0 = Release|Any CPU
		{F0160AAB-3037-4F69-AF93-EC80F3E98CD6}.Test|Any CPU.ActiveCfg = Test|Any CPU
		{F0160AAB-3037-4F69-AF93-EC80F3E98CD6}.Test|Any CPU.Build.0 = Test|Any CPU
	EndGlobalSection
	GlobalSection(SolutionProperties) = preSolution
		HideSolutionNode = FALSE
	EndGlobalSection
	GlobalSection(TeamFoundationVersionControl) = preSolution
		SccNumberOfProjects = 2
		SccEnterpriseProvider = {4CA58AB2-18FA-4F8D-95D4-32DDF27D184C}
		SccTeamFoundationServer = https://tfs-ext.cgisouth.wm.net:8080/tfs/skanetrafiken
		SccLocalPath0 = .
		SccProjectUniqueName1 = CGIXrmGetOrders\\CGIXrmGetOrders.csproj
		SccProjectName1 = CGIXrmGetOrders
		SccLocalPath1 = CGIXrmGetOrders
	EndGlobalSection
EndGlobal
