
Microsoft Visual Studio Solution File, Format Version 11.00
# Visual Studio 2010
Project("{FAE04EC0-301F-11D3-BF4B-00C04F79EFBC}") = "CRM.Travel.Information", "CRM.Travel.Information\CRM.Travel.Information.csproj", "{8779F84C-CE87-4F7F-86D8-6110B4260041}"
EndProject
Project("{FAE04EC0-301F-11D3-BF4B-00C04F79EFBC}") = "CRM.Travel.Information.Web", "CRM.Travel.Information.Web\CRM.Travel.Information.Web.csproj", "{DD5096D7-6245-4863-8A5B-1110F81F2CBD}"
EndProject
Global
	GlobalSection(TeamFoundationVersionControl) = preSolution
		SccNumberOfProjects = 3
		SccEnterpriseProvider = {4CA58AB2-18FA-4F8D-95D4-32DDF27D184C}
		SccTeamFoundationServer = http://78.41.243.185:5555/tfs/dynamics%20crm
		SccLocalPath0 = .
		SccProjectUniqueName1 = CRM.Travel.Information.Web\\CRM.Travel.Information.Web.csproj
		SccProjectName1 = CRM.Travel.Information.Web
		SccLocalPath1 = CRM.Travel.Information.Web
		SccProjectUniqueName2 = CRM.Travel.Information\\CRM.Travel.Information.csproj
		SccProjectName2 = CRM.Travel.Information
		SccLocalPath2 = CRM.Travel.Information
	EndGlobalSection
	GlobalSection(SolutionConfigurationPlatforms) = preSolution
		Debug|Any CPU = Debug|Any CPU
		Release|Any CPU = Release|Any CPU
	EndGlobalSection
	GlobalSection(ProjectConfigurationPlatforms) = postSolution
		{8779F84C-CE87-4F7F-86D8-6110B4260041}.Debug|Any CPU.ActiveCfg = Debug|Any CPU
		{8779F84C-CE87-4F7F-86D8-6110B4260041}.Debug|Any CPU.Build.0 = Debug|Any CPU
		{8779F84C-CE87-4F7F-86D8-6110B4260041}.Release|Any CPU.ActiveCfg = Release|Any CPU
		{8779F84C-CE87-4F7F-86D8-6110B4260041}.Release|Any CPU.Build.0 = Release|Any CPU
		{DD5096D7-6245-4863-8A5B-1110F81F2CBD}.Debug|Any CPU.ActiveCfg = Debug|Any CPU
		{DD5096D7-6245-4863-8A5B-1110F81F2CBD}.Debug|Any CPU.Build.0 = Debug|Any CPU
		{DD5096D7-6245-4863-8A5B-1110F81F2CBD}.Release|Any CPU.ActiveCfg = Release|Any CPU
		{DD5096D7-6245-4863-8A5B-1110F81F2CBD}.Release|Any CPU.Build.0 = Release|Any CPU
	EndGlobalSection
	GlobalSection(SolutionProperties) = preSolution
		HideSolutionNode = FALSE
	EndGlobalSection
EndGlobal
