
Microsoft Visual Studio Solution File, Format Version 12.00
# Visual Studio 2012
Project("{FAE04EC0-301F-11D3-BF4B-00C04F79EFBC}") = "CrmPackage", "CrmVs2012\CrmPackage\CrmPackage.csproj", "{3F28C029-5A38-4466-8D84-AF92A613922B}"
EndProject
Project("{FAE04EC0-301F-11D3-BF4B-00C04F79EFBC}") = "SkanetrafikenPlugins", "..\Plugins\SkanetrafikenPlugins\SkanetrafikenPlugins\SkanetrafikenPlugins.csproj", "{ADB01ABB-EDB7-4CEF-82A0-0A47CCD34F23}"
EndProject
Project("{FAE04EC0-301F-11D3-BF4B-00C04F79EFBC}") = "KBArticlePlugin", "..\Plugins\KBArticlePlugin\KBArticlePlugin\KBArticlePlugin.csproj", "{72FEF297-9882-4786-BD46-02F20313467C}"
EndProject
Project("{FAE04EC0-301F-11D3-BF4B-00C04F79EFBC}") = "IncidentPlugin", "..\Plugins\IncidentPlugin\IncidentPlugin\IncidentPlugin.csproj", "{FCC290A7-3924-45E1-BA31-425184F136D2}"
EndProject
Project("{FAE04EC0-301F-11D3-BF4B-00C04F79EFBC}") = "CaseCategory", "..\Plugins\CaseCategory\CaseCategory\CaseCategory.csproj", "{51FE09C7-E85F-4663-AE1E-3252A4A0A121}"
EndProject
Project("{FAE04EC0-301F-11D3-BF4B-00C04F79EFBC}") = "CGIXrmPortalService", "..\WCF\CGIXrmPortalService\CGIXrmPortalService.csproj", "{444D080B-4FAB-4DE3-806B-EEAF849BC890}"
EndProject
Project("{FAE04EC0-301F-11D3-BF4B-00C04F79EFBC}") = "CGIXrmLogger", "..\Others\CGIXrmLogger\CGIXrmLogger.csproj", "{73F74590-72AF-4DCD-B101-3A449036D550}"
EndProject
Project("{FAE04EC0-301F-11D3-BF4B-00C04F79EFBC}") = "SkanetrafikenPluginsUnitTests", "..\Plugins\SkanetrafikenPlugins\SkanetrafikenPluginsUnitTests\SkanetrafikenPluginsUnitTests.csproj", "{B5BB0091-5E2A-421A-A24E-4B81953978B9}"
EndProject
Project("{FAE04EC0-301F-11D3-BF4B-00C04F79EFBC}") = "KBArticlePluginUnitTests", "..\Plugins\KBArticlePlugin\KBArticlePluginUnitTests\KBArticlePluginUnitTests.csproj", "{9F830A73-CA14-44BA-8839-711F430EDFF3}"
EndProject
Global
	GlobalSection(TeamFoundationVersionControl) = preSolution
		SccNumberOfProjects = 10
		SccEnterpriseProvider = {4CA58AB2-18FA-4F8D-95D4-32DDF27D184C}
		SccTeamFoundationServer = https://tfs-ext.cgisouth.wm.net:8080/tfs/skanetrafiken
		SccLocalPath0 = .
		SccProjectUniqueName1 = ..\\Plugins\\SkanetrafikenPlugins\\SkanetrafikenPlugins\\SkanetrafikenPlugins.csproj
		SccProjectName1 = ../Plugins/SkanetrafikenPlugins/SkanetrafikenPlugins
		SccLocalPath1 = ..\\Plugins\\SkanetrafikenPlugins\\SkanetrafikenPlugins
		SccProjectUniqueName2 = ..\\Plugins\\KBArticlePlugin\\KBArticlePlugin\\KBArticlePlugin.csproj
		SccProjectName2 = ../Plugins/KBArticlePlugin/KBArticlePlugin
		SccLocalPath2 = ..\\Plugins\\KBArticlePlugin\\KBArticlePlugin
		SccProjectUniqueName3 = ..\\Plugins\\IncidentPlugin\\IncidentPlugin\\IncidentPlugin.csproj
		SccProjectName3 = ../Plugins/IncidentPlugin/IncidentPlugin
		SccLocalPath3 = ..\\Plugins\\IncidentPlugin\\IncidentPlugin
		SccProjectUniqueName4 = ..\\Plugins\\CaseCategory\\CaseCategory\\CaseCategory.csproj
		SccProjectName4 = ../Plugins/CaseCategory/CaseCategory
		SccLocalPath4 = ..\\Plugins\\CaseCategory\\CaseCategory
		SccProjectUniqueName5 = ..\\WCF\\CGIXrmPortalService\\CGIXrmPortalService.csproj
		SccProjectName5 = ../WCF/CGIXrmPortalService
		SccLocalPath5 = ..\\WCF\\CGIXrmPortalService
		SccProjectUniqueName6 = CrmVs2012\\CrmPackage\\CrmPackage.csproj
		SccProjectName6 = CrmVs2012/CrmPackage
		SccLocalPath6 = CrmVs2012\\CrmPackage
		SccProjectUniqueName7 = ..\\Others\\CGIXrmLogger\\CGIXrmLogger.csproj
		SccProjectName7 = ../Others/CGIXrmLogger
		SccLocalPath7 = ..\\Others\\CGIXrmLogger
		SccProjectUniqueName8 = ..\\Plugins\\SkanetrafikenPlugins\\SkanetrafikenPluginsUnitTests\\SkanetrafikenPluginsUnitTests.csproj
		SccProjectName8 = ../Plugins/SkanetrafikenPlugins/SkanetrafikenPluginsUnitTests
		SccLocalPath8 = ..\\Plugins\\SkanetrafikenPlugins\\SkanetrafikenPluginsUnitTests
		SccProjectUniqueName9 = ..\\Plugins\\KBArticlePlugin\\KBArticlePluginUnitTests\\KBArticlePluginUnitTests.csproj
		SccProjectName9 = ../Plugins/KBArticlePlugin/KBArticlePluginUnitTests
		SccLocalPath9 = ..\\Plugins\\KBArticlePlugin\\KBArticlePluginUnitTests
	EndGlobalSection
	GlobalSection(CRMSolutionProperties) = preSolution
		SolutionIsBoundToCRM = True
	EndGlobalSection
	GlobalSection(SolutionConfigurationPlatforms) = preSolution
		Acceptance|Any CPU = Acceptance|Any CPU
		Development|Any CPU = Development|Any CPU
		Production|Any CPU = Production|Any CPU
		Test|Any CPU = Test|Any CPU
	EndGlobalSection
	GlobalSection(ProjectConfigurationPlatforms) = postSolution
		{3F28C029-5A38-4466-8D84-AF92A613922B}.Acceptance|Any CPU.ActiveCfg = Acceptance|Any CPU
		{3F28C029-5A38-4466-8D84-AF92A613922B}.Acceptance|Any CPU.Build.0 = Acceptance|Any CPU
		{3F28C029-5A38-4466-8D84-AF92A613922B}.Acceptance|Any CPU.Deploy.0 = Acceptance|Any CPU
		{3F28C029-5A38-4466-8D84-AF92A613922B}.Development|Any CPU.ActiveCfg = Development|Any CPU
		{3F28C029-5A38-4466-8D84-AF92A613922B}.Development|Any CPU.Build.0 = Development|Any CPU
		{3F28C029-5A38-4466-8D84-AF92A613922B}.Development|Any CPU.Deploy.0 = Development|Any CPU
		{3F28C029-5A38-4466-8D84-AF92A613922B}.Production|Any CPU.ActiveCfg = Production|Any CPU
		{3F28C029-5A38-4466-8D84-AF92A613922B}.Production|Any CPU.Build.0 = Production|Any CPU
		{3F28C029-5A38-4466-8D84-AF92A613922B}.Production|Any CPU.Deploy.0 = Production|Any CPU
		{3F28C029-5A38-4466-8D84-AF92A613922B}.Test|Any CPU.ActiveCfg = Test|Any CPU
		{3F28C029-5A38-4466-8D84-AF92A613922B}.Test|Any CPU.Build.0 = Test|Any CPU
		{3F28C029-5A38-4466-8D84-AF92A613922B}.Test|Any CPU.Deploy.0 = Test|Any CPU
		{ADB01ABB-EDB7-4CEF-82A0-0A47CCD34F23}.Acceptance|Any CPU.ActiveCfg = Acceptance|Any CPU
		{ADB01ABB-EDB7-4CEF-82A0-0A47CCD34F23}.Acceptance|Any CPU.Build.0 = Acceptance|Any CPU
		{ADB01ABB-EDB7-4CEF-82A0-0A47CCD34F23}.Development|Any CPU.ActiveCfg = Development|Any CPU
		{ADB01ABB-EDB7-4CEF-82A0-0A47CCD34F23}.Development|Any CPU.Build.0 = Development|Any CPU
		{ADB01ABB-EDB7-4CEF-82A0-0A47CCD34F23}.Production|Any CPU.ActiveCfg = Production|Any CPU
		{ADB01ABB-EDB7-4CEF-82A0-0A47CCD34F23}.Production|Any CPU.Build.0 = Production|Any CPU
		{ADB01ABB-EDB7-4CEF-82A0-0A47CCD34F23}.Test|Any CPU.ActiveCfg = Test|Any CPU
		{ADB01ABB-EDB7-4CEF-82A0-0A47CCD34F23}.Test|Any CPU.Build.0 = Test|Any CPU
		{72FEF297-9882-4786-BD46-02F20313467C}.Acceptance|Any CPU.ActiveCfg = Acceptance|Any CPU
		{72FEF297-9882-4786-BD46-02F20313467C}.Acceptance|Any CPU.Build.0 = Acceptance|Any CPU
		{72FEF297-9882-4786-BD46-02F20313467C}.Development|Any CPU.ActiveCfg = Development|Any CPU
		{72FEF297-9882-4786-BD46-02F20313467C}.Development|Any CPU.Build.0 = Development|Any CPU
		{72FEF297-9882-4786-BD46-02F20313467C}.Production|Any CPU.ActiveCfg = Production|Any CPU
		{72FEF297-9882-4786-BD46-02F20313467C}.Production|Any CPU.Build.0 = Production|Any CPU
		{72FEF297-9882-4786-BD46-02F20313467C}.Test|Any CPU.ActiveCfg = Test|Any CPU
		{72FEF297-9882-4786-BD46-02F20313467C}.Test|Any CPU.Build.0 = Test|Any CPU
		{FCC290A7-3924-45E1-BA31-425184F136D2}.Acceptance|Any CPU.ActiveCfg = Acceptance|Any CPU
		{FCC290A7-3924-45E1-BA31-425184F136D2}.Acceptance|Any CPU.Build.0 = Acceptance|Any CPU
		{FCC290A7-3924-45E1-BA31-425184F136D2}.Development|Any CPU.ActiveCfg = Development|Any CPU
		{FCC290A7-3924-45E1-BA31-425184F136D2}.Development|Any CPU.Build.0 = Development|Any CPU
		{FCC290A7-3924-45E1-BA31-425184F136D2}.Production|Any CPU.ActiveCfg = Production|Any CPU
		{FCC290A7-3924-45E1-BA31-425184F136D2}.Production|Any CPU.Build.0 = Production|Any CPU
		{FCC290A7-3924-45E1-BA31-425184F136D2}.Test|Any CPU.ActiveCfg = Test|Any CPU
		{FCC290A7-3924-45E1-BA31-425184F136D2}.Test|Any CPU.Build.0 = Test|Any CPU
		{51FE09C7-E85F-4663-AE1E-3252A4A0A121}.Acceptance|Any CPU.ActiveCfg = Acceptance|Any CPU
		{51FE09C7-E85F-4663-AE1E-3252A4A0A121}.Acceptance|Any CPU.Build.0 = Acceptance|Any CPU
		{51FE09C7-E85F-4663-AE1E-3252A4A0A121}.Development|Any CPU.ActiveCfg = Development|Any CPU
		{51FE09C7-E85F-4663-AE1E-3252A4A0A121}.Development|Any CPU.Build.0 = Development|Any CPU
		{51FE09C7-E85F-4663-AE1E-3252A4A0A121}.Production|Any CPU.ActiveCfg = Production|Any CPU
		{51FE09C7-E85F-4663-AE1E-3252A4A0A121}.Production|Any CPU.Build.0 = Production|Any CPU
		{51FE09C7-E85F-4663-AE1E-3252A4A0A121}.Test|Any CPU.ActiveCfg = Test|Any CPU
		{51FE09C7-E85F-4663-AE1E-3252A4A0A121}.Test|Any CPU.Build.0 = Test|Any CPU
		{444D080B-4FAB-4DE3-806B-EEAF849BC890}.Acceptance|Any CPU.ActiveCfg = Acceptance|Any CPU
		{444D080B-4FAB-4DE3-806B-EEAF849BC890}.Acceptance|Any CPU.Build.0 = Acceptance|Any CPU
		{444D080B-4FAB-4DE3-806B-EEAF849BC890}.Development|Any CPU.ActiveCfg = Development|Any CPU
		{444D080B-4FAB-4DE3-806B-EEAF849BC890}.Development|Any CPU.Build.0 = Development|Any CPU
		{444D080B-4FAB-4DE3-806B-EEAF849BC890}.Production|Any CPU.ActiveCfg = Production|Any CPU
		{444D080B-4FAB-4DE3-806B-EEAF849BC890}.Production|Any CPU.Build.0 = Production|Any CPU
		{444D080B-4FAB-4DE3-806B-EEAF849BC890}.Test|Any CPU.ActiveCfg = Test|Any CPU
		{444D080B-4FAB-4DE3-806B-EEAF849BC890}.Test|Any CPU.Build.0 = Test|Any CPU
		{73F74590-72AF-4DCD-B101-3A449036D550}.Acceptance|Any CPU.ActiveCfg = Acceptance|Any CPU
		{73F74590-72AF-4DCD-B101-3A449036D550}.Acceptance|Any CPU.Build.0 = Acceptance|Any CPU
		{73F74590-72AF-4DCD-B101-3A449036D550}.Development|Any CPU.ActiveCfg = Development|Any CPU
		{73F74590-72AF-4DCD-B101-3A449036D550}.Development|Any CPU.Build.0 = Development|Any CPU
		{73F74590-72AF-4DCD-B101-3A449036D550}.Production|Any CPU.ActiveCfg = Production|Any CPU
		{73F74590-72AF-4DCD-B101-3A449036D550}.Production|Any CPU.Build.0 = Production|Any CPU
		{73F74590-72AF-4DCD-B101-3A449036D550}.Test|Any CPU.ActiveCfg = Test|Any CPU
		{73F74590-72AF-4DCD-B101-3A449036D550}.Test|Any CPU.Build.0 = Test|Any CPU
		{B5BB0091-5E2A-421A-A24E-4B81953978B9}.Acceptance|Any CPU.ActiveCfg = Acceptance|Any CPU
		{B5BB0091-5E2A-421A-A24E-4B81953978B9}.Acceptance|Any CPU.Build.0 = Acceptance|Any CPU
		{B5BB0091-5E2A-421A-A24E-4B81953978B9}.Development|Any CPU.ActiveCfg = Development|Any CPU
		{B5BB0091-5E2A-421A-A24E-4B81953978B9}.Development|Any CPU.Build.0 = Development|Any CPU
		{B5BB0091-5E2A-421A-A24E-4B81953978B9}.Production|Any CPU.ActiveCfg = Production|Any CPU
		{B5BB0091-5E2A-421A-A24E-4B81953978B9}.Production|Any CPU.Build.0 = Production|Any CPU
		{B5BB0091-5E2A-421A-A24E-4B81953978B9}.Test|Any CPU.ActiveCfg = Test|Any CPU
		{B5BB0091-5E2A-421A-A24E-4B81953978B9}.Test|Any CPU.Build.0 = Test|Any CPU
		{9F830A73-CA14-44BA-8839-711F430EDFF3}.Acceptance|Any CPU.ActiveCfg = Acceptance|Any CPU
		{9F830A73-CA14-44BA-8839-711F430EDFF3}.Acceptance|Any CPU.Build.0 = Acceptance|Any CPU
		{9F830A73-CA14-44BA-8839-711F430EDFF3}.Development|Any CPU.ActiveCfg = Development|Any CPU
		{9F830A73-CA14-44BA-8839-711F430EDFF3}.Development|Any CPU.Build.0 = Development|Any CPU
		{9F830A73-CA14-44BA-8839-711F430EDFF3}.Production|Any CPU.ActiveCfg = Production|Any CPU
		{9F830A73-CA14-44BA-8839-711F430EDFF3}.Production|Any CPU.Build.0 = Production|Any CPU
		{9F830A73-CA14-44BA-8839-711F430EDFF3}.Test|Any CPU.ActiveCfg = Test|Any CPU
		{9F830A73-CA14-44BA-8839-711F430EDFF3}.Test|Any CPU.Build.0 = Test|Any CPU
	EndGlobalSection
	GlobalSection(SolutionProperties) = preSolution
		HideSolutionNode = FALSE
	EndGlobalSection
EndGlobal
