
Microsoft Visual Studio Solution File, Format Version 12.00
# Visual Studio 14
VisualStudioVersion = 14.0.24720.0
MinimumVisualStudioVersion = 10.0.40219.1
Project("{FAE04EC0-301F-11D3-BF4B-00C04F79EFBC}") = "KBArticlePlugin", "KBArticlePlugin\KBArticlePlugin.csproj", "{72FEF297-9882-4786-BD46-02F20313467C}"
EndProject
Project("{FAE04EC0-301F-11D3-BF4B-00C04F79EFBC}") = "CGIXrmLogger", "..\..\Others\CGIXrmLogger\CGIXrmLogger.csproj", "{73F74590-72AF-4DCD-B101-3A449036D550}"
EndProject
Project("{FAE04EC0-301F-11D3-BF4B-00C04F79EFBC}") = "KBArticlePluginUnitTests", "KBArticlePluginUnitTests\KBArticlePluginUnitTests.csproj", "{9F830A73-CA14-44BA-8839-711F430EDFF3}"
EndProject
Project("{FAE04EC0-301F-11D3-BF4B-00C04F79EFBC}") = "CGIXrmPortalService", "..\..\WCF\CGIXrmPortalService\CGIXrmPortalService\CGIXrmPortalService.csproj", "{444D080B-4FAB-4DE3-806B-EEAF849BC890}"
EndProject
Global
	GlobalSection(SolutionConfigurationPlatforms) = preSolution
		Acceptance|Any CPU = Acceptance|Any CPU
		Debug|Any CPU = Debug|Any CPU
		Development|Any CPU = Development|Any CPU
		Production|Any CPU = Production|Any CPU
		Release|Any CPU = Release|Any CPU
		Test|Any CPU = Test|Any CPU
	EndGlobalSection
	GlobalSection(ProjectConfigurationPlatforms) = postSolution
		{72FEF297-9882-4786-BD46-02F20313467C}.Acceptance|Any CPU.ActiveCfg = Acceptance|Any CPU
		{72FEF297-9882-4786-BD46-02F20313467C}.Acceptance|Any CPU.Build.0 = Acceptance|Any CPU
		{72FEF297-9882-4786-BD46-02F20313467C}.Debug|Any CPU.ActiveCfg = Debug|Any CPU
		{72FEF297-9882-4786-BD46-02F20313467C}.Debug|Any CPU.Build.0 = Debug|Any CPU
		{72FEF297-9882-4786-BD46-02F20313467C}.Development|Any CPU.ActiveCfg = Development|Any CPU
		{72FEF297-9882-4786-BD46-02F20313467C}.Development|Any CPU.Build.0 = Development|Any CPU
		{72FEF297-9882-4786-BD46-02F20313467C}.Production|Any CPU.ActiveCfg = Production|Any CPU
		{72FEF297-9882-4786-BD46-02F20313467C}.Production|Any CPU.Build.0 = Production|Any CPU
		{72FEF297-9882-4786-BD46-02F20313467C}.Release|Any CPU.ActiveCfg = Release|Any CPU
		{72FEF297-9882-4786-BD46-02F20313467C}.Release|Any CPU.Build.0 = Release|Any CPU
		{72FEF297-9882-4786-BD46-02F20313467C}.Test|Any CPU.ActiveCfg = Test|Any CPU
		{72FEF297-9882-4786-BD46-02F20313467C}.Test|Any CPU.Build.0 = Test|Any CPU
		{73F74590-72AF-4DCD-B101-3A449036D550}.Acceptance|Any CPU.ActiveCfg = Acceptance|Any CPU
		{73F74590-72AF-4DCD-B101-3A449036D550}.Acceptance|Any CPU.Build.0 = Acceptance|Any CPU
		{73F74590-72AF-4DCD-B101-3A449036D550}.Debug|Any CPU.ActiveCfg = Debug|Any CPU
		{73F74590-72AF-4DCD-B101-3A449036D550}.Debug|Any CPU.Build.0 = Debug|Any CPU
		{73F74590-72AF-4DCD-B101-3A449036D550}.Development|Any CPU.ActiveCfg = Development|Any CPU
		{73F74590-72AF-4DCD-B101-3A449036D550}.Development|Any CPU.Build.0 = Development|Any CPU
		{73F74590-72AF-4DCD-B101-3A449036D550}.Production|Any CPU.ActiveCfg = Production|Any CPU
		{73F74590-72AF-4DCD-B101-3A449036D550}.Production|Any CPU.Build.0 = Production|Any CPU
		{73F74590-72AF-4DCD-B101-3A449036D550}.Release|Any CPU.ActiveCfg = Release|Any CPU
		{73F74590-72AF-4DCD-B101-3A449036D550}.Release|Any CPU.Build.0 = Release|Any CPU
		{73F74590-72AF-4DCD-B101-3A449036D550}.Test|Any CPU.ActiveCfg = Test|Any CPU
		{73F74590-72AF-4DCD-B101-3A449036D550}.Test|Any CPU.Build.0 = Test|Any CPU
		{9F830A73-CA14-44BA-8839-711F430EDFF3}.Acceptance|Any CPU.ActiveCfg = Acceptance|Any CPU
		{9F830A73-CA14-44BA-8839-711F430EDFF3}.Acceptance|Any CPU.Build.0 = Acceptance|Any CPU
		{9F830A73-CA14-44BA-8839-711F430EDFF3}.Debug|Any CPU.ActiveCfg = Debug|Any CPU
		{9F830A73-CA14-44BA-8839-711F430EDFF3}.Debug|Any CPU.Build.0 = Debug|Any CPU
		{9F830A73-CA14-44BA-8839-711F430EDFF3}.Development|Any CPU.ActiveCfg = Development|Any CPU
		{9F830A73-CA14-44BA-8839-711F430EDFF3}.Development|Any CPU.Build.0 = Development|Any CPU
		{9F830A73-CA14-44BA-8839-711F430EDFF3}.Production|Any CPU.ActiveCfg = Production|Any CPU
		{9F830A73-CA14-44BA-8839-711F430EDFF3}.Production|Any CPU.Build.0 = Production|Any CPU
		{9F830A73-CA14-44BA-8839-711F430EDFF3}.Release|Any CPU.ActiveCfg = Release|Any CPU
		{9F830A73-CA14-44BA-8839-711F430EDFF3}.Release|Any CPU.Build.0 = Release|Any CPU
		{9F830A73-CA14-44BA-8839-711F430EDFF3}.Test|Any CPU.ActiveCfg = Test|Any CPU
		{9F830A73-CA14-44BA-8839-711F430EDFF3}.Test|Any CPU.Build.0 = Test|Any CPU
		{444D080B-4FAB-4DE3-806B-EEAF849BC890}.Acceptance|Any CPU.ActiveCfg = Acceptance|Any CPU
		{444D080B-4FAB-4DE3-806B-EEAF849BC890}.Acceptance|Any CPU.Build.0 = Acceptance|Any CPU
		{444D080B-4FAB-4DE3-806B-EEAF849BC890}.Debug|Any CPU.ActiveCfg = Debug|Any CPU
		{444D080B-4FAB-4DE3-806B-EEAF849BC890}.Debug|Any CPU.Build.0 = Debug|Any CPU
		{444D080B-4FAB-4DE3-806B-EEAF849BC890}.Development|Any CPU.ActiveCfg = Development|Any CPU
		{444D080B-4FAB-4DE3-806B-EEAF849BC890}.Development|Any CPU.Build.0 = Development|Any CPU
		{444D080B-4FAB-4DE3-806B-EEAF849BC890}.Production|Any CPU.ActiveCfg = Production|Any CPU
		{444D080B-4FAB-4DE3-806B-EEAF849BC890}.Production|Any CPU.Build.0 = Production|Any CPU
		{444D080B-4FAB-4DE3-806B-EEAF849BC890}.Release|Any CPU.ActiveCfg = Release|Any CPU
		{444D080B-4FAB-4DE3-806B-EEAF849BC890}.Release|Any CPU.Build.0 = Release|Any CPU
		{444D080B-4FAB-4DE3-806B-EEAF849BC890}.Test|Any CPU.ActiveCfg = Test|Any CPU
		{444D080B-4FAB-4DE3-806B-EEAF849BC890}.Test|Any CPU.Build.0 = Test|Any CPU
	EndGlobalSection
	GlobalSection(SolutionProperties) = preSolution
		HideSolutionNode = FALSE
	EndGlobalSection
	GlobalSection(TeamFoundationVersionControl) = preSolution
		SccNumberOfProjects = 4
		SccEnterpriseProvider = {4CA58AB2-18FA-4F8D-95D4-32DDF27D184C}
		SccTeamFoundationServer = https://tfs-ext.cgisouth.wm.net:8080/tfs/skanetrafiken
		SccProjectUniqueName0 = KBArticlePlugin\\KBArticlePlugin.csproj
		SccProjectName0 = KBArticlePlugin
		SccAuxPath0 = https://tfs-ext.cgisouth.wm.net:8080/tfs/skanetrafiken
		SccLocalPath0 = KBArticlePlugin
		SccProvider0 = {4CA58AB2-18FA-4F8D-95D4-32DDF27D184C}
		SccProjectUniqueName1 = ..\\..\\Others\\CGIXrmLogger\\CGIXrmLogger.csproj
		SccProjectName1 = ../../Others/CGIXrmLogger
		SccAuxPath1 = https://tfs-ext.cgisouth.wm.net:8080/tfs/skanetrafiken
		SccLocalPath1 = ..\\..\\Others\\CGIXrmLogger
		SccProvider1 = {4CA58AB2-18FA-4F8D-95D4-32DDF27D184C}
		SccProjectUniqueName2 = KBArticlePluginUnitTests\\KBArticlePluginUnitTests.csproj
		SccProjectName2 = KBArticlePluginUnitTests
		SccAuxPath2 = https://tfs-ext.cgisouth.wm.net:8080/tfs/skanetrafiken
		SccLocalPath2 = KBArticlePluginUnitTests
		SccProvider2 = {4CA58AB2-18FA-4F8D-95D4-32DDF27D184C}
		SccProjectUniqueName3 = ..\\..\\WCF\\CGIXrmPortalService\\CGIXrmPortalService\\CGIXrmPortalService.csproj
		SccProjectName3 = ../../WCF/CGIXrmPortalService/CGIXrmPortalService
		SccAuxPath3 = https://tfs-ext.cgisouth.wm.net:8080/tfs/skanetrafiken
		SccLocalPath3 = ..\\..\\WCF\\CGIXrmPortalService\\CGIXrmPortalService
		SccProvider3 = {4CA58AB2-18FA-4F8D-95D4-32DDF27D184C}
	EndGlobalSection
EndGlobal
