
Microsoft Visual Studio Solution File, Format Version 12.00
# Visual Studio 2013
VisualStudioVersion = 12.0.31101.0
MinimumVisualStudioVersion = 10.0.40219.1
Project("{FAE04EC0-301F-11D3-BF4B-00C04F79EFBC}") = "INTSTDK011.ResegarantiOnline.Schemas", "INTSTDK011.ResegarantiOnline.Schemas\INTSTDK011.ResegarantiOnline.Schemas.btproj", "{0C9BDD32-CFA8-4DA5-8E2A-AAC297AEE6A8}"
EndProject
Project("{2150E333-8FDC-42A3-9474-1A3956D46DE8}") = "Files", "Files", "{670B7386-CC31-4489-85AE-8FE8B4EF7F6E}"
	ProjectSection(SolutionItems) = preProject
		Files\issueservice_1.wsdl = Files\issueservice_1.wsdl
	EndProjectSection
EndProject
Project("{FAE04EC0-301F-11D3-BF4B-00C04F79EFBC}") = "INTSTDK011.STIP.Schemas", "INTSTDK011.STIP.Schemas\INTSTDK011.STIP.Schemas.btproj", "{A6DB331B-B557-491C-9A35-202761340EB9}"
EndProject
Project("{FAE04EC0-301F-11D3-BF4B-00C04F79EFBC}") = "INTSTDK011.STIP.Transformations", "INTSTDK011.STIP.Transformations\INTSTDK011.STIP.Transformations.btproj", "{E8461C2C-BAC6-4DFB-8782-8C1D9782A121}"
EndProject
Project("{FAE04EC0-301F-11D3-BF4B-00C04F79EFBC}") = "INTSTDK011.ResegarantiOnline.Transformations", "INTSTDK011.ResegarantiOnline.Transformations\INTSTDK011.ResegarantiOnline.Transformations.btproj", "{DEDC3FAF-E98D-49F4-A80D-64A121727401}"
EndProject
Project("{2150E333-8FDC-42A3-9474-1A3956D46DE8}") = "WcfServiceDescription", "WcfServiceDescription", "{D5DCBED9-81F8-4907-A7B1-81F30A224A99}"
	ProjectSection(SolutionItems) = preProject
		WcfServiceDescription\WcfServiceDescription.xml = WcfServiceDescription\WcfServiceDescription.xml
	EndProjectSection
EndProject
Project("{2150E333-8FDC-42A3-9474-1A3956D46DE8}") = "Bindings", "Bindings", "{614A5705-2CBE-4E01-9E8B-91F363B83C16}"
	ProjectSection(SolutionItems) = preProject
		Bindings\INTSTDK011.ResegarantiOnlineRealTime~DEV.xml = Bindings\INTSTDK011.ResegarantiOnlineRealTime~DEV.xml
	EndProjectSection
EndProject
Global
	GlobalSection(TeamFoundationVersionControl) = preSolution
		SccNumberOfProjects = 5
		SccEnterpriseProvider = {4CA58AB2-18FA-4F8D-95D4-32DDF27D184C}
		SccTeamFoundationServer = http://wmsi003915:8080/tfs/idccollection
		SccLocalPath0 = .
		SccProjectUniqueName1 = INTSTDK011.ResegarantiOnline.Schemas\\INTSTDK011.ResegarantiOnline.Schemas.btproj
		SccProjectName1 = INTSTDK011.ResegarantiOnline.Schemas
		SccLocalPath1 = INTSTDK011.ResegarantiOnline.Schemas
		SccProjectUniqueName2 = INTSTDK011.STIP.Schemas\\INTSTDK011.STIP.Schemas.btproj
		SccProjectName2 = INTSTDK011.STIP.Schemas
		SccLocalPath2 = INTSTDK011.STIP.Schemas
		SccProjectUniqueName3 = INTSTDK011.STIP.Transformations\\INTSTDK011.STIP.Transformations.btproj
		SccProjectName3 = INTSTDK011.STIP.Transformations
		SccLocalPath3 = INTSTDK011.STIP.Transformations
		SccProjectUniqueName4 = INTSTDK011.ResegarantiOnline.Transformations\\INTSTDK011.ResegarantiOnline.Transformations.btproj
		SccProjectName4 = INTSTDK011.ResegarantiOnline.Transformations
		SccLocalPath4 = INTSTDK011.ResegarantiOnline.Transformations
	EndGlobalSection
	GlobalSection(SolutionConfigurationPlatforms) = preSolution
		Debug|Any CPU = Debug|Any CPU
		Release|Any CPU = Release|Any CPU
	EndGlobalSection
	GlobalSection(ProjectConfigurationPlatforms) = postSolution
		{0C9BDD32-CFA8-4DA5-8E2A-AAC297AEE6A8}.Debug|Any CPU.ActiveCfg = Debug|Any CPU
		{0C9BDD32-CFA8-4DA5-8E2A-AAC297AEE6A8}.Debug|Any CPU.Build.0 = Debug|Any CPU
		{0C9BDD32-CFA8-4DA5-8E2A-AAC297AEE6A8}.Debug|Any CPU.Deploy.0 = Debug|Any CPU
		{0C9BDD32-CFA8-4DA5-8E2A-AAC297AEE6A8}.Release|Any CPU.ActiveCfg = Release|Any CPU
		{0C9BDD32-CFA8-4DA5-8E2A-AAC297AEE6A8}.Release|Any CPU.Build.0 = Release|Any CPU
		{0C9BDD32-CFA8-4DA5-8E2A-AAC297AEE6A8}.Release|Any CPU.Deploy.0 = Release|Any CPU
		{A6DB331B-B557-491C-9A35-202761340EB9}.Debug|Any CPU.ActiveCfg = Debug|Any CPU
		{A6DB331B-B557-491C-9A35-202761340EB9}.Debug|Any CPU.Build.0 = Debug|Any CPU
		{A6DB331B-B557-491C-9A35-202761340EB9}.Debug|Any CPU.Deploy.0 = Debug|Any CPU
		{A6DB331B-B557-491C-9A35-202761340EB9}.Release|Any CPU.ActiveCfg = Release|Any CPU
		{A6DB331B-B557-491C-9A35-202761340EB9}.Release|Any CPU.Build.0 = Release|Any CPU
		{A6DB331B-B557-491C-9A35-202761340EB9}.Release|Any CPU.Deploy.0 = Release|Any CPU
		{E8461C2C-BAC6-4DFB-8782-8C1D9782A121}.Debug|Any CPU.ActiveCfg = Debug|Any CPU
		{E8461C2C-BAC6-4DFB-8782-8C1D9782A121}.Debug|Any CPU.Build.0 = Debug|Any CPU
		{E8461C2C-BAC6-4DFB-8782-8C1D9782A121}.Debug|Any CPU.Deploy.0 = Debug|Any CPU
		{E8461C2C-BAC6-4DFB-8782-8C1D9782A121}.Release|Any CPU.ActiveCfg = Release|Any CPU
		{E8461C2C-BAC6-4DFB-8782-8C1D9782A121}.Release|Any CPU.Build.0 = Release|Any CPU
		{E8461C2C-BAC6-4DFB-8782-8C1D9782A121}.Release|Any CPU.Deploy.0 = Release|Any CPU
		{DEDC3FAF-E98D-49F4-A80D-64A121727401}.Debug|Any CPU.ActiveCfg = Debug|Any CPU
		{DEDC3FAF-E98D-49F4-A80D-64A121727401}.Debug|Any CPU.Build.0 = Debug|Any CPU
		{DEDC3FAF-E98D-49F4-A80D-64A121727401}.Debug|Any CPU.Deploy.0 = Debug|Any CPU
		{DEDC3FAF-E98D-49F4-A80D-64A121727401}.Release|Any CPU.ActiveCfg = Release|Any CPU
		{DEDC3FAF-E98D-49F4-A80D-64A121727401}.Release|Any CPU.Build.0 = Release|Any CPU
		{DEDC3FAF-E98D-49F4-A80D-64A121727401}.Release|Any CPU.Deploy.0 = Release|Any CPU
	EndGlobalSection
	GlobalSection(SolutionProperties) = preSolution
		HideSolutionNode = FALSE
	EndGlobalSection
EndGlobal
