
Microsoft Visual Studio Solution File, Format Version 12.00
# Visual Studio 2013
VisualStudioVersion = 12.0.21005.1
MinimumVisualStudioVersion = 10.0.40219.1
Project("{FAE04EC0-301F-11D3-BF4B-00C04F79EFBC}") = "CGIXrmExtConnectorService", "WCF\CGIXrmExtConnectorService\CGIXrmExtConnectorService.csproj", "{69546436-5CD3-4F5C-912A-7E7E0FD9E3E9}"
EndProject
Project("{FAE04EC0-301F-11D3-BF4B-00C04F79EFBC}") = "CGIXrmHandlers", "Others\CGIXrmHandler\CGIXrmHandlers.csproj", "{4E72E000-A6D4-472E-A15F-A90640B3A99D}"
EndProject
Project("{FAE04EC0-301F-11D3-BF4B-00C04F79EFBC}") = "CGIXrmCallGuideJob", "Others\CGIXrmCallGuideJob\CGIXrmCallGuideJob.csproj", "{F8966F49-F3A0-4EFC-BA79-3A5113F35561}"
EndProject
Project("{FAE04EC0-301F-11D3-BF4B-00C04F79EFBC}") = "CGIXrmLogger", "Others\CGIXrmLogger\CGIXrmLogger.csproj", "{73F74590-72AF-4DCD-B101-3A449036D550}"
EndProject
Project("{FAE04EC0-301F-11D3-BF4B-00C04F79EFBC}") = "CGIXrmEAIConnectorService", "WCF\CGIXrmEAIConnectorService\CGIXrmEAIConnectorService.csproj", "{1653117B-6B19-4B1A-A206-E8CB4675565E}"
EndProject
Project("{FAE04EC0-301F-11D3-BF4B-00C04F79EFBC}") = "CGIXrmRainDanceExport", "Others\CGIXrmRainDanceExport\CGIXrmRainDanceExport\CGIXrmRainDanceExport.csproj", "{3CD628DD-397F-483C-8EBA-2EE1A84D46EB}"
EndProject
Project("{FAE04EC0-301F-11D3-BF4B-00C04F79EFBC}") = "CGIXrmRainDanceExportTest", "Others\CGIXrmRainDanceExport\CGIXrmRainDanceExportTest\CGIXrmRainDanceExportTest.csproj", "{598BFD27-2528-42D4-8E12-B0DA0AE7B405}"
EndProject
Project("{FAE04EC0-301F-11D3-BF4B-00C04F79EFBC}") = "CGIXrmRainDanceImport", "Others\CGIXrmRainDanceImport\CGIXrmRainDanceImport\CGIXrmRainDanceImport.csproj", "{6E9F5363-7C40-473C-A1E0-4CAC5BD256B9}"
EndProject
Project("{FAE04EC0-301F-11D3-BF4B-00C04F79EFBC}") = "Import_Customers", "Others\Import_Customers\Import_Customers\Import_Customers.csproj", "{75240226-4C64-42F8-8B3C-DC1344615045}"
EndProject
Project("{FAE04EC0-301F-11D3-BF4B-00C04F79EFBC}") = "ImportContactsService", "Others\ImportContactsService\ImportContactsService\ImportContactsService.csproj", "{9806AA50-A4E0-411C-84E3-47FAA47798C7}"
EndProject
Project("{FAE04EC0-301F-11D3-BF4B-00C04F79EFBC}") = "CGI.CRM2013.Skanetrafiken.CaseCategory", "Plugins\CGI.CRM2013.Skanetrafiken.CaseCategory\CGI.CRM2013.Skanetrafiken.CaseCategory\CGI.CRM2013.Skanetrafiken.CaseCategory.csproj", "{51FE09C7-E85F-4663-AE1E-3252A4A0A121}"
EndProject
Project("{FAE04EC0-301F-11D3-BF4B-00C04F79EFBC}") = "CGI.CRM2013.Skanetrafiken.IncidentPlugin", "Plugins\CGI.CRM2013.Skanetrafiken.IncidentPlugin\CGI.CRM2013.Skanetrafiken.IncidentPlugin\CGI.CRM2013.Skanetrafiken.IncidentPlugin.csproj", "{FCC290A7-3924-45E1-BA31-425184F136D2}"
EndProject
Project("{FAE04EC0-301F-11D3-BF4B-00C04F79EFBC}") = "CGI.CRM2013.Skanetrafiken.KBArticlePlugin", "Plugins\CGI.CRM2013.Skanetrafiken.KBArticlePlugin\CGI.CRM2013.Skanetrafiken.KBArticlePlugin\CGI.CRM2013.Skanetrafiken.KBArticlePlugin.csproj", "{72FEF297-9882-4786-BD46-02F20313467C}"
EndProject
Project("{FAE04EC0-301F-11D3-BF4B-00C04F79EFBC}") = "CRM2013.SkanetrafikenPlugins", "Plugins\CRM2013.SkanetrafikenPlugins\CRM2013.SkanetrafikenPlugins\CRM2013.SkanetrafikenPlugins.csproj", "{ADB01ABB-EDB7-4CEF-82A0-0A47CCD34F23}"
EndProject
Project("{FAE04EC0-301F-11D3-BF4B-00C04F79EFBC}") = "SkanetrafikenPluginsUnitTests", "Plugins\CRM2013.SkanetrafikenPlugins\SkanetrafikenPluginsUnitTests\SkanetrafikenPluginsUnitTests.csproj", "{B5BB0091-5E2A-421A-A24E-4B81953978B9}"
EndProject
Project("{FAE04EC0-301F-11D3-BF4B-00C04F79EFBC}") = "CGIXrmCreateCaseService", "WCF\CGIXrmCreateCaseService\CGIXrmCreateCaseService\CGIXrmCreateCaseService.csproj", "{EA7594F8-3808-4A95-8B8A-920565BEB2E8}"
EndProject
Project("{FAE04EC0-301F-11D3-BF4B-00C04F79EFBC}") = "CGIXrmEAIConnectorServiceTest", "WCF\CGIXrmEAIConnectorServiceTest\CGIXrmEAIConnectorServiceTest.csproj", "{18E0EE42-CDA1-4E63-8D1D-00C4B9303CE4}"
EndProject
Project("{FAE04EC0-301F-11D3-BF4B-00C04F79EFBC}") = "CGIXrmPortalService", "WCF\CGIXrmPortalService\CGIXrmPortalService.csproj", "{444D080B-4FAB-4DE3-806B-EEAF849BC890}"
EndProject
Project("{FAE04EC0-301F-11D3-BF4B-00C04F79EFBC}") = "CGIXrmTravelCard", "WCF\CGIXrmTravelCard\CGIXrmTravelCard\CGIXrmTravelCard.csproj", "{157526FE-3D6F-4C2C-AE13-DF104FE32342}"
EndProject
Project("{FAE04EC0-301F-11D3-BF4B-00C04F79EFBC}") = "CRM.eCommerce.Transactions", "WebResources\Silverlight\CRM.eCommerce.Transactions\CRM.eCommerce.Transactions\CRM.eCommerce.Transactions.csproj", "{98EC95B5-A93B-4699-BA12-9C954DC514E2}"
EndProject
Project("{FAE04EC0-301F-11D3-BF4B-00C04F79EFBC}") = "CRM.eCommerce.Transactions.Web", "WebResources\Silverlight\CRM.eCommerce.Transactions\CRM.eCommerce.Transactions.Web\CRM.eCommerce.Transactions.Web.csproj", "{B22CB391-AAD5-45A6-B845-1E5156C1BE64}"
EndProject
Project("{FAE04EC0-301F-11D3-BF4B-00C04F79EFBC}") = "CRM.GetBIFFTransactions", "WebResources\Silverlight\CRM.GetBIFFTransactions\CRM.GetBIFFTransactions\CRM.GetBIFFTransactions.csproj", "{A5D6BBE2-E2E8-46C2-832E-C1BA8CF78498}"
EndProject
Project("{FAE04EC0-301F-11D3-BF4B-00C04F79EFBC}") = "CRM.GetBIFFTransactions.Web", "WebResources\Silverlight\CRM.GetBIFFTransactions\CRM.GetBIFFTransactions.Web\CRM.GetBIFFTransactions.Web.csproj", "{08BA2157-300C-4C63-A6A9-EA6551ADC2E5}"
EndProject
Project("{FAE04EC0-301F-11D3-BF4B-00C04F79EFBC}") = "CRM.GetOrders", "WebResources\Silverlight\CRM.GetOrders\CRM.GetOrders\CRM.GetOrders.csproj", "{1B06B3FB-AF55-4748-8E14-081B3885FF31}"
EndProject
Project("{FAE04EC0-301F-11D3-BF4B-00C04F79EFBC}") = "CRM.GetOrders.Web", "WebResources\Silverlight\CRM.GetOrders\CRM.GetOrders.Web\CRM.GetOrders.Web.csproj", "{12996701-0080-4F1F-87B0-C7C7FF96C54A}"
EndProject
Project("{FAE04EC0-301F-11D3-BF4B-00C04F79EFBC}") = "CRM.Travel.Information", "WebResources\Silverlight\CRM.Travel.Information\CRM.Travel.Information\CRM.Travel.Information.csproj", "{8779F84C-CE87-4F7F-86D8-6110B4260041}"
EndProject
Project("{FAE04EC0-301F-11D3-BF4B-00C04F79EFBC}") = "CRM.Travel.Information.Web", "WebResources\Silverlight\CRM.Travel.Information\CRM.Travel.Information.Web\CRM.Travel.Information.Web.csproj", "{DD5096D7-6245-4863-8A5B-1110F81F2CBD}"
EndProject
Project("{2150E333-8FDC-42A3-9474-1A3956D46DE8}") = "1. Web Services", "1. Web Services", "{0C5B28B0-9C13-4942-ACD8-C00C778485B4}"
EndProject
Project("{2150E333-8FDC-42A3-9474-1A3956D46DE8}") = "3. Plugins", "3. Plugins", "{105CD1B0-3103-4AB6-8D9B-AF571FB9F92F}"
EndProject
Project("{2150E333-8FDC-42A3-9474-1A3956D46DE8}") = "2. Silverlight", "2. Silverlight", "{7F689681-1495-431C-9276-1D5875447CE0}"
EndProject
Project("{2150E333-8FDC-42A3-9474-1A3956D46DE8}") = "8. Unit Tests", "8. Unit Tests", "{C091659D-A686-48BB-B00D-5C5A9C500EBA}"
EndProject
Project("{2150E333-8FDC-42A3-9474-1A3956D46DE8}") = "4. Jobs", "4. Jobs", "{646FC055-B31C-4451-BE5F-0E1FD988371D}"
EndProject
Project("{2150E333-8FDC-42A3-9474-1A3956D46DE8}") = "5. Tools", "5. Tools", "{F4F1E6E1-0364-46B5-BAF4-DCFD4AF44DEF}"
EndProject
Project("{2150E333-8FDC-42A3-9474-1A3956D46DE8}") = "6. SQL", "6. SQL", "{B1E35D03-DCDC-4B11-AC32-8B1EFF3EEBC4}"
EndProject
Project("{2150E333-8FDC-42A3-9474-1A3956D46DE8}") = "7. JavaScript", "7. JavaScript", "{599FB51A-69BD-4C4B-8A67-157575CFFB2A}"
	ProjectSection(SolutionItems) = preProject
		WebResources\JavaScript\accountLibrary.js = WebResources\JavaScript\accountLibrary.js
		WebResources\JavaScript\accountRibbon.js = WebResources\JavaScript\accountRibbon.js
		WebResources\JavaScript\articleLibrary.js = WebResources\JavaScript\articleLibrary.js
		WebResources\JavaScript\contactLibrary.js = WebResources\JavaScript\contactLibrary.js
		WebResources\JavaScript\emailLibrary.js = WebResources\JavaScript\emailLibrary.js
		WebResources\JavaScript\formscriptfunctions.js = WebResources\JavaScript\formscriptfunctions.js
		WebResources\JavaScript\incidentLibrary.js = WebResources\JavaScript\incidentLibrary.js
		WebResources\JavaScript\incidentRibbon.js = WebResources\JavaScript\incidentRibbon.js
		WebResources\JavaScript\json2.js = WebResources\JavaScript\json2.js
		WebResources\JavaScript\OData_Querys.js = WebResources\JavaScript\OData_Querys.js
		WebResources\JavaScript\queueitemRibbon.js = WebResources\JavaScript\queueitemRibbon.js
		WebResources\JavaScript\refundLibrary.js = WebResources\JavaScript\refundLibrary.js
		WebResources\JavaScript\representativLibrary.js = WebResources\JavaScript\representativLibrary.js
		WebResources\JavaScript\SDK.REST.js = WebResources\JavaScript\SDK.REST.js
		SDK.SOAP.js = SDK.SOAP.js
		WebResources\JavaScript\travelCardLibrary.js = WebResources\JavaScript\travelCardLibrary.js
	EndProjectSection
EndProject
Project("{2150E333-8FDC-42A3-9474-1A3956D46DE8}") = "1. UTV", "1. UTV", "{FE6A3739-A9CA-4971-8D15-6D98AB2BB0D4}"
	ProjectSection(SolutionItems) = preProject
		SQL\IntegrationDB\_1 UTV\contactimport.sql = SQL\IntegrationDB\_1 UTV\contactimport.sql
		SQL\IntegrationDB\_1 UTV\contacts.sql = SQL\IntegrationDB\_1 UTV\contacts.sql
		SQL\IntegrationDB\_1 UTV\kunddatabas.sql = SQL\IntegrationDB\_1 UTV\kunddatabas.sql
		SQL\IntegrationDB\_1 UTV\sp_CreateContactImportTable.sql = SQL\IntegrationDB\_1 UTV\sp_CreateContactImportTable.sql
		SQL\IntegrationDB\_1 UTV\sp_CreateTravelCardImportTable.sql = SQL\IntegrationDB\_1 UTV\sp_CreateTravelCardImportTable.sql
		SQL\IntegrationDB\_1 UTV\sp_GetAccountFromAccountId.sql = SQL\IntegrationDB\_1 UTV\sp_GetAccountFromAccountId.sql
		SQL\IntegrationDB\_1 UTV\sp_GetAccountFromAccountNumber.sql = SQL\IntegrationDB\_1 UTV\sp_GetAccountFromAccountNumber.sql
		SQL\IntegrationDB\_1 UTV\sp_GetAccountFromEmail.sql = SQL\IntegrationDB\_1 UTV\sp_GetAccountFromEmail.sql
		SQL\IntegrationDB\_1 UTV\sp_GetBaseCurrency.sql = SQL\IntegrationDB\_1 UTV\sp_GetBaseCurrency.sql
		SQL\IntegrationDB\_1 UTV\sp_GetCreditOrderRowsForAccount.sql = SQL\IntegrationDB\_1 UTV\sp_GetCreditOrderRowsForAccount.sql
		SQL\IntegrationDB\_1 UTV\sp_GetCreditOrderRowsForContact.sql = SQL\IntegrationDB\_1 UTV\sp_GetCreditOrderRowsForContact.sql
		SQL\IntegrationDB\_1 UTV\sp_GetDefaultCustomer.sql = SQL\IntegrationDB\_1 UTV\sp_GetDefaultCustomer.sql
		SQL\IntegrationDB\_1 UTV\sp_GetIncidentFromIncidentId.sql = SQL\IntegrationDB\_1 UTV\sp_GetIncidentFromIncidentId.sql
		SQL\IntegrationDB\_1 UTV\sp_GetRGOLSetting.sql = SQL\IntegrationDB\_1 UTV\sp_GetRGOLSetting.sql
		SQL\IntegrationDB\_1 UTV\sp_GetSavedTravelCardTransactions.sql = SQL\IntegrationDB\_1 UTV\sp_GetSavedTravelCardTransactions.sql
		SQL\IntegrationDB\_1 UTV\sp_GetTravelCard.sql = SQL\IntegrationDB\_1 UTV\sp_GetTravelCard.sql
		SQL\IntegrationDB\_1 UTV\sp_GetZoneNames.sql = SQL\IntegrationDB\_1 UTV\sp_GetZoneNames.sql
		SQL\IntegrationDB\_1 UTV\travelcards.sql = SQL\IntegrationDB\_1 UTV\travelcards.sql
	EndProjectSection
EndProject
Project("{2150E333-8FDC-42A3-9474-1A3956D46DE8}") = "3. ACC", "3. ACC", "{484E76AE-FABD-426E-B956-6A191E76291E}"
	ProjectSection(SolutionItems) = preProject
		SQL\IntegrationDB\_3 ACC\contactimport.sql = SQL\IntegrationDB\_3 ACC\contactimport.sql
		SQL\IntegrationDB\_3 ACC\contacts.sql = SQL\IntegrationDB\_3 ACC\contacts.sql
		SQL\IntegrationDB\_3 ACC\kunddatabas.sql = SQL\IntegrationDB\_3 ACC\kunddatabas.sql
		SQL\IntegrationDB\_3 ACC\sp_CreateContactImportTable.sql = SQL\IntegrationDB\_3 ACC\sp_CreateContactImportTable.sql
		SQL\IntegrationDB\_3 ACC\sp_CreateTravelCardImportTable.sql = SQL\IntegrationDB\_3 ACC\sp_CreateTravelCardImportTable.sql
		SQL\IntegrationDB\_3 ACC\sp_GetAccountFromAccountId.sql = SQL\IntegrationDB\_3 ACC\sp_GetAccountFromAccountId.sql
		SQL\IntegrationDB\_3 ACC\sp_GetAccountFromAccountNumber.sql = SQL\IntegrationDB\_3 ACC\sp_GetAccountFromAccountNumber.sql
		SQL\IntegrationDB\_3 ACC\sp_GetAccountFromEmail.sql = SQL\IntegrationDB\_3 ACC\sp_GetAccountFromEmail.sql
		SQL\IntegrationDB\_3 ACC\sp_GetBaseCurrency.sql = SQL\IntegrationDB\_3 ACC\sp_GetBaseCurrency.sql
		SQL\IntegrationDB\_3 ACC\sp_GetCreditOrderRowsForAccount.sql = SQL\IntegrationDB\_3 ACC\sp_GetCreditOrderRowsForAccount.sql
		SQL\IntegrationDB\_3 ACC\sp_GetCreditOrderRowsForContact.sql = SQL\IntegrationDB\_3 ACC\sp_GetCreditOrderRowsForContact.sql
		SQL\IntegrationDB\_3 ACC\sp_GetDefaultCustomer.sql = SQL\IntegrationDB\_3 ACC\sp_GetDefaultCustomer.sql
		SQL\IntegrationDB\_3 ACC\sp_GetIncidentFromIncidentId.sql = SQL\IntegrationDB\_3 ACC\sp_GetIncidentFromIncidentId.sql
		SQL\IntegrationDB\_3 ACC\sp_GetRGOLSetting.sql = SQL\IntegrationDB\_3 ACC\sp_GetRGOLSetting.sql
		SQL\IntegrationDB\_3 ACC\sp_GetSavedTravelCardTransactions.sql = SQL\IntegrationDB\_3 ACC\sp_GetSavedTravelCardTransactions.sql
		SQL\IntegrationDB\_3 ACC\sp_GetTravelCard.sql = SQL\IntegrationDB\_3 ACC\sp_GetTravelCard.sql
		SQL\IntegrationDB\_3 ACC\sp_GetZoneNames.sql = SQL\IntegrationDB\_3 ACC\sp_GetZoneNames.sql
		SQL\IntegrationDB\_3 ACC\travelcards.sql = SQL\IntegrationDB\_3 ACC\travelcards.sql
	EndProjectSection
EndProject
Project("{2150E333-8FDC-42A3-9474-1A3956D46DE8}") = "4. PRD", "4. PRD", "{67E14D26-41A6-4D2D-A6AD-A42D2C98B3D3}"
	ProjectSection(SolutionItems) = preProject
		SQL\IntegrationDB\_4 PROD\contactimport.sql = SQL\IntegrationDB\_4 PROD\contactimport.sql
		SQL\IntegrationDB\_4 PROD\contacts.sql = SQL\IntegrationDB\_4 PROD\contacts.sql
		SQL\IntegrationDB\_4 PROD\kunddatabas.sql = SQL\IntegrationDB\_4 PROD\kunddatabas.sql
		SQL\IntegrationDB\_4 PROD\sp_CreateContactImportTable.sql = SQL\IntegrationDB\_4 PROD\sp_CreateContactImportTable.sql
		SQL\IntegrationDB\_4 PROD\sp_CreateTravelCardImportTable.sql = SQL\IntegrationDB\_4 PROD\sp_CreateTravelCardImportTable.sql
		SQL\IntegrationDB\_4 PROD\sp_GetAccountFromAccountId.sql = SQL\IntegrationDB\_4 PROD\sp_GetAccountFromAccountId.sql
		SQL\IntegrationDB\_4 PROD\sp_GetAccountFromAccountNumber.sql = SQL\IntegrationDB\_4 PROD\sp_GetAccountFromAccountNumber.sql
		SQL\IntegrationDB\_4 PROD\sp_GetAccountFromEmail.sql = SQL\IntegrationDB\_4 PROD\sp_GetAccountFromEmail.sql
		SQL\IntegrationDB\_4 PROD\sp_GetBaseCurrency.sql = SQL\IntegrationDB\_4 PROD\sp_GetBaseCurrency.sql
		SQL\IntegrationDB\_4 PROD\sp_GetCreditOrderRowsForAccount.sql = SQL\IntegrationDB\_4 PROD\sp_GetCreditOrderRowsForAccount.sql
		SQL\IntegrationDB\_4 PROD\sp_GetCreditOrderRowsForContact.sql = SQL\IntegrationDB\_4 PROD\sp_GetCreditOrderRowsForContact.sql
		SQL\IntegrationDB\_4 PROD\sp_GetDefaultCustomer.sql = SQL\IntegrationDB\_4 PROD\sp_GetDefaultCustomer.sql
		SQL\IntegrationDB\_4 PROD\sp_GetIncidentFromIncidentId.sql = SQL\IntegrationDB\_4 PROD\sp_GetIncidentFromIncidentId.sql
		SQL\IntegrationDB\_4 PROD\sp_GetRGOLSetting.sql = SQL\IntegrationDB\_4 PROD\sp_GetRGOLSetting.sql
		SQL\IntegrationDB\_4 PROD\sp_GetSavedTravelCardTransactions.sql = SQL\IntegrationDB\_4 PROD\sp_GetSavedTravelCardTransactions.sql
		SQL\IntegrationDB\_4 PROD\sp_GetTravelCard.sql = SQL\IntegrationDB\_4 PROD\sp_GetTravelCard.sql
		SQL\IntegrationDB\_4 PROD\sp_GetZoneNames.sql = SQL\IntegrationDB\_4 PROD\sp_GetZoneNames.sql
		SQL\IntegrationDB\_4 PROD\travelcards.sql = SQL\IntegrationDB\_4 PROD\travelcards.sql
	EndProjectSection
EndProject
Project("{2150E333-8FDC-42A3-9474-1A3956D46DE8}") = "IntegrationDB", "IntegrationDB", "{D2A284EB-0897-4882-B420-4B2C85CCAB1B}"
EndProject
Project("{2150E333-8FDC-42A3-9474-1A3956D46DE8}") = "PubTrans_Staging", "PubTrans_Staging", "{9667BAFC-DC1F-40AE-B004-8056D13A0424}"
EndProject
Project("{2150E333-8FDC-42A3-9474-1A3956D46DE8}") = "1. UTV", "1. UTV", "{9C57C9B0-BA18-408C-9EA5-3584736E7122}"
	ProjectSection(SolutionItems) = preProject
		SQL\PubTrans_Staging\_1 UTV\Contractor.sql = SQL\PubTrans_Staging\_1 UTV\Contractor.sql
		SQL\PubTrans_Staging\_1 UTV\DirectionOfLine.sql = SQL\PubTrans_Staging\_1 UTV\DirectionOfLine.sql
		SQL\PubTrans_Staging\_1 UTV\GroupOfLines.sql = SQL\PubTrans_Staging\_1 UTV\GroupOfLines.sql
		SQL\PubTrans_Staging\_1 UTV\Line.sql = SQL\PubTrans_Staging\_1 UTV\Line.sql
		SQL\PubTrans_Staging\_1 UTV\LineDetails.sql = SQL\PubTrans_Staging\_1 UTV\LineDetails.sql
		SQL\PubTrans_Staging\_1 UTV\LineInGroupOfLines.sql = SQL\PubTrans_Staging\_1 UTV\LineInGroupOfLines.sql
		SQL\PubTrans_Staging\_1 UTV\LineInZone.sql = SQL\PubTrans_Staging\_1 UTV\LineInZone.sql
		SQL\PubTrans_Staging\_1 UTV\OrganisationalUnit.sql = SQL\PubTrans_Staging\_1 UTV\OrganisationalUnit.sql
		SQL\PubTrans_Staging\_1 UTV\SP_GetContractorDetail.sql = SQL\PubTrans_Staging\_1 UTV\SP_GetContractorDetail.sql
		SQL\PubTrans_Staging\_1 UTV\SP_GetContractors.sql = SQL\PubTrans_Staging\_1 UTV\SP_GetContractors.sql
		SQL\PubTrans_Staging\_1 UTV\SP_GetLineDetails.sql = SQL\PubTrans_Staging\_1 UTV\SP_GetLineDetails.sql
		SQL\PubTrans_Staging\_1 UTV\SP_GetOrganisationalUnits.sql = SQL\PubTrans_Staging\_1 UTV\SP_GetOrganisationalUnits.sql
		SQL\PubTrans_Staging\_1 UTV\SP_GetRegionBusLinesDetails.sql = SQL\PubTrans_Staging\_1 UTV\SP_GetRegionBusLinesDetails.sql
		SQL\PubTrans_Staging\_1 UTV\SP_GetStradBusLinesDetails.sql = SQL\PubTrans_Staging\_1 UTV\SP_GetStradBusLinesDetails.sql
		SQL\PubTrans_Staging\_1 UTV\SP_GetTrainLinesDetails.sql = SQL\PubTrans_Staging\_1 UTV\SP_GetTrainLinesDetails.sql
		SQL\PubTrans_Staging\_1 UTV\StopOnLine.sql = SQL\PubTrans_Staging\_1 UTV\StopOnLine.sql
		SQL\PubTrans_Staging\_1 UTV\TransportAuthority.sql = SQL\PubTrans_Staging\_1 UTV\TransportAuthority.sql
		SQL\PubTrans_Staging\_1 UTV\Zone.sql = SQL\PubTrans_Staging\_1 UTV\Zone.sql
	EndProjectSection
EndProject
Project("{2150E333-8FDC-42A3-9474-1A3956D46DE8}") = "3. ACC", "3. ACC", "{82E7D12C-96D0-48C1-9F18-BC6461EAF9BC}"
	ProjectSection(SolutionItems) = preProject
		SQL\PubTrans_Staging\_3 ACC\Contractor.sql = SQL\PubTrans_Staging\_3 ACC\Contractor.sql
		SQL\PubTrans_Staging\_3 ACC\DirectionOfLine.sql = SQL\PubTrans_Staging\_3 ACC\DirectionOfLine.sql
		SQL\PubTrans_Staging\_3 ACC\GroupOfLines.sql = SQL\PubTrans_Staging\_3 ACC\GroupOfLines.sql
		SQL\PubTrans_Staging\_3 ACC\Line.sql = SQL\PubTrans_Staging\_3 ACC\Line.sql
		SQL\PubTrans_Staging\_3 ACC\LineDetails.sql = SQL\PubTrans_Staging\_3 ACC\LineDetails.sql
		SQL\PubTrans_Staging\_3 ACC\LineInGroupOfLines.sql = SQL\PubTrans_Staging\_3 ACC\LineInGroupOfLines.sql
		SQL\PubTrans_Staging\_3 ACC\LineInZone.sql = SQL\PubTrans_Staging\_3 ACC\LineInZone.sql
		SQL\PubTrans_Staging\_3 ACC\OrganisationalUnit.sql = SQL\PubTrans_Staging\_3 ACC\OrganisationalUnit.sql
		SQL\PubTrans_Staging\_3 ACC\SP_GetContractorDetail.sql = SQL\PubTrans_Staging\_3 ACC\SP_GetContractorDetail.sql
		SQL\PubTrans_Staging\_3 ACC\SP_GetContractors.sql = SQL\PubTrans_Staging\_3 ACC\SP_GetContractors.sql
		SQL\PubTrans_Staging\_3 ACC\SP_GetLineDetails.sql = SQL\PubTrans_Staging\_3 ACC\SP_GetLineDetails.sql
		SQL\PubTrans_Staging\_3 ACC\SP_GetOrganisationalUnits.sql = SQL\PubTrans_Staging\_3 ACC\SP_GetOrganisationalUnits.sql
		SQL\PubTrans_Staging\_3 ACC\SP_GetRegionBusLinesDetails.sql = SQL\PubTrans_Staging\_3 ACC\SP_GetRegionBusLinesDetails.sql
		SQL\PubTrans_Staging\_3 ACC\SP_GetStradBusLinesDetails.sql = SQL\PubTrans_Staging\_3 ACC\SP_GetStradBusLinesDetails.sql
		SQL\PubTrans_Staging\_3 ACC\SP_GetTrainLinesDetails.sql = SQL\PubTrans_Staging\_3 ACC\SP_GetTrainLinesDetails.sql
		SQL\PubTrans_Staging\_3 ACC\StopOnLine.sql = SQL\PubTrans_Staging\_3 ACC\StopOnLine.sql
		SQL\PubTrans_Staging\_3 ACC\TransportAuthority.sql = SQL\PubTrans_Staging\_3 ACC\TransportAuthority.sql
		SQL\PubTrans_Staging\_3 ACC\Zone.sql = SQL\PubTrans_Staging\_3 ACC\Zone.sql
	EndProjectSection
EndProject
Project("{2150E333-8FDC-42A3-9474-1A3956D46DE8}") = "4. PRD", "4. PRD", "{AF4FDF7D-7B95-4939-B165-CF13D7AC15D2}"
	ProjectSection(SolutionItems) = preProject
		SQL\PubTrans_Staging\_4 PROD\Contractor.sql = SQL\PubTrans_Staging\_4 PROD\Contractor.sql
		SQL\PubTrans_Staging\_4 PROD\DirectionOfLine.sql = SQL\PubTrans_Staging\_4 PROD\DirectionOfLine.sql
		SQL\PubTrans_Staging\_4 PROD\GroupOfLines.sql = SQL\PubTrans_Staging\_4 PROD\GroupOfLines.sql
		SQL\PubTrans_Staging\_4 PROD\Line.sql = SQL\PubTrans_Staging\_4 PROD\Line.sql
		SQL\PubTrans_Staging\_4 PROD\LineDetails.sql = SQL\PubTrans_Staging\_4 PROD\LineDetails.sql
		SQL\PubTrans_Staging\_4 PROD\LineInGroupOfLines.sql = SQL\PubTrans_Staging\_4 PROD\LineInGroupOfLines.sql
		SQL\PubTrans_Staging\_4 PROD\LineInZone.sql = SQL\PubTrans_Staging\_4 PROD\LineInZone.sql
		SQL\PubTrans_Staging\_4 PROD\OrganisationalUnit.sql = SQL\PubTrans_Staging\_4 PROD\OrganisationalUnit.sql
		SQL\PubTrans_Staging\_4 PROD\SP_GetContractorDetail.sql = SQL\PubTrans_Staging\_4 PROD\SP_GetContractorDetail.sql
		SQL\PubTrans_Staging\_4 PROD\SP_GetContractors.sql = SQL\PubTrans_Staging\_4 PROD\SP_GetContractors.sql
		SQL\PubTrans_Staging\_4 PROD\SP_GetLineDetails.sql = SQL\PubTrans_Staging\_4 PROD\SP_GetLineDetails.sql
		SQL\PubTrans_Staging\_4 PROD\SP_GetOrganisationalUnits.sql = SQL\PubTrans_Staging\_4 PROD\SP_GetOrganisationalUnits.sql
		SQL\PubTrans_Staging\_4 PROD\SP_GetRegionBusLinesDetails.sql = SQL\PubTrans_Staging\_4 PROD\SP_GetRegionBusLinesDetails.sql
		SQL\PubTrans_Staging\_4 PROD\SP_GetStradBusLinesDetails.sql = SQL\PubTrans_Staging\_4 PROD\SP_GetStradBusLinesDetails.sql
		SQL\PubTrans_Staging\_4 PROD\SP_GetTrainLinesDetails.sql = SQL\PubTrans_Staging\_4 PROD\SP_GetTrainLinesDetails.sql
		SQL\PubTrans_Staging\_4 PROD\StopOnLine.sql = SQL\PubTrans_Staging\_4 PROD\StopOnLine.sql
		SQL\PubTrans_Staging\_4 PROD\TransportAuthority.sql = SQL\PubTrans_Staging\_4 PROD\TransportAuthority.sql
		SQL\PubTrans_Staging\_4 PROD\Zone.sql = SQL\PubTrans_Staging\_4 PROD\Zone.sql
	EndProjectSection
EndProject
Project("{2150E333-8FDC-42A3-9474-1A3956D46DE8}") = "2. TST", "2. TST", "{5FE3A912-EFF9-4843-8212-92F26100D13B}"
	ProjectSection(SolutionItems) = preProject
		SQL\IntegrationDB\_2 TST\contactimport.sql = SQL\IntegrationDB\_2 TST\contactimport.sql
		SQL\IntegrationDB\_2 TST\contacts.sql = SQL\IntegrationDB\_2 TST\contacts.sql
		SQL\IntegrationDB\_2 TST\kunddatabas.sql = SQL\IntegrationDB\_2 TST\kunddatabas.sql
		SQL\IntegrationDB\_2 TST\sp_CreateContactImportTable.sql = SQL\IntegrationDB\_2 TST\sp_CreateContactImportTable.sql
		SQL\IntegrationDB\_2 TST\sp_CreateTravelCardImportTable.sql = SQL\IntegrationDB\_2 TST\sp_CreateTravelCardImportTable.sql
		SQL\IntegrationDB\_2 TST\sp_GetAccountFromAccountId.sql = SQL\IntegrationDB\_2 TST\sp_GetAccountFromAccountId.sql
		SQL\IntegrationDB\_2 TST\sp_GetAccountFromAccountNumber.sql = SQL\IntegrationDB\_2 TST\sp_GetAccountFromAccountNumber.sql
		SQL\IntegrationDB\_2 TST\sp_GetAccountFromEmail.sql = SQL\IntegrationDB\_2 TST\sp_GetAccountFromEmail.sql
		SQL\IntegrationDB\_2 TST\sp_GetBaseCurrency.sql = SQL\IntegrationDB\_2 TST\sp_GetBaseCurrency.sql
		SQL\IntegrationDB\_2 TST\sp_GetCreditOrderRowsForAccount.sql = SQL\IntegrationDB\_2 TST\sp_GetCreditOrderRowsForAccount.sql
		SQL\IntegrationDB\_2 TST\sp_GetCreditOrderRowsForContact.sql = SQL\IntegrationDB\_2 TST\sp_GetCreditOrderRowsForContact.sql
		SQL\IntegrationDB\_2 TST\sp_GetDefaultCustomer.sql = SQL\IntegrationDB\_2 TST\sp_GetDefaultCustomer.sql
		SQL\IntegrationDB\_2 TST\sp_GetIncidentFromIncidentId.sql = SQL\IntegrationDB\_2 TST\sp_GetIncidentFromIncidentId.sql
		SQL\IntegrationDB\_2 TST\sp_GetRGOLSetting.sql = SQL\IntegrationDB\_2 TST\sp_GetRGOLSetting.sql
		SQL\IntegrationDB\_2 TST\sp_GetSavedTravelCardTransactions.sql = SQL\IntegrationDB\_2 TST\sp_GetSavedTravelCardTransactions.sql
		SQL\IntegrationDB\_2 TST\sp_GetTravelCard.sql = SQL\IntegrationDB\_2 TST\sp_GetTravelCard.sql
		SQL\IntegrationDB\_2 TST\sp_GetZoneNames.sql = SQL\IntegrationDB\_2 TST\sp_GetZoneNames.sql
		SQL\IntegrationDB\_2 TST\travelcards.sql = SQL\IntegrationDB\_2 TST\travelcards.sql
	EndProjectSection
EndProject
Project("{2150E333-8FDC-42A3-9474-1A3956D46DE8}") = "2. TST", "2. TST", "{3D662E43-9497-42D0-B0EA-18E7C3FE0FBB}"
	ProjectSection(SolutionItems) = preProject
		SQL\PubTrans_Staging\_2 TST\Contractor.sql = SQL\PubTrans_Staging\_2 TST\Contractor.sql
		SQL\PubTrans_Staging\_2 TST\DirectionOfLine.sql = SQL\PubTrans_Staging\_2 TST\DirectionOfLine.sql
		SQL\PubTrans_Staging\_2 TST\GroupOfLines.sql = SQL\PubTrans_Staging\_2 TST\GroupOfLines.sql
		SQL\PubTrans_Staging\_2 TST\Line.sql = SQL\PubTrans_Staging\_2 TST\Line.sql
		SQL\PubTrans_Staging\_2 TST\LineDetails.sql = SQL\PubTrans_Staging\_2 TST\LineDetails.sql
		SQL\PubTrans_Staging\_2 TST\LineInGroupOfLines.sql = SQL\PubTrans_Staging\_2 TST\LineInGroupOfLines.sql
		SQL\PubTrans_Staging\_2 TST\LineInZone.sql = SQL\PubTrans_Staging\_2 TST\LineInZone.sql
		SQL\PubTrans_Staging\_2 TST\OrganisationalUnit.sql = SQL\PubTrans_Staging\_2 TST\OrganisationalUnit.sql
		SQL\PubTrans_Staging\_2 TST\SP_GetContractors.sql = SQL\PubTrans_Staging\_2 TST\SP_GetContractors.sql
		SQL\PubTrans_Staging\_2 TST\SP_GetLineDetails.sql = SQL\PubTrans_Staging\_2 TST\SP_GetLineDetails.sql
		SQL\PubTrans_Staging\_2 TST\SP_GetOrganisationalUnits.sql = SQL\PubTrans_Staging\_2 TST\SP_GetOrganisationalUnits.sql
		SQL\PubTrans_Staging\_2 TST\SP_GetRegionBusLinesDetails.sql = SQL\PubTrans_Staging\_2 TST\SP_GetRegionBusLinesDetails.sql
		SQL\PubTrans_Staging\_2 TST\SP_GetStradBusLinesDetails.sql = SQL\PubTrans_Staging\_2 TST\SP_GetStradBusLinesDetails.sql
		SQL\PubTrans_Staging\_2 TST\SP_GetTrainLinesDetails.sql = SQL\PubTrans_Staging\_2 TST\SP_GetTrainLinesDetails.sql
		SQL\PubTrans_Staging\_2 TST\StopOnLine.sql = SQL\PubTrans_Staging\_2 TST\StopOnLine.sql
		SQL\PubTrans_Staging\_2 TST\TransportAuthority.sql = SQL\PubTrans_Staging\_2 TST\TransportAuthority.sql
		SQL\PubTrans_Staging\_2 TST\Zone.sql = SQL\PubTrans_Staging\_2 TST\Zone.sql
	EndProjectSection
EndProject
Project("{2150E333-8FDC-42A3-9474-1A3956D46DE8}") = "9. Integration Tests", "9. Integration Tests", "{BF80E05A-7CD6-4C7B-94A7-CD6C2F943772}"
EndProject
Project("{FAE04EC0-301F-11D3-BF4B-00C04F79EFBC}") = "CGIXrmPortal", "Others\CGIXrmPortal\CGIXrmPortal\CGIXrmPortal\CGIXrmPortal.csproj", "{CB7F4F1F-6012-44CA-9752-E5AA743047DE}"
EndProject
Project("{FAE04EC0-301F-11D3-BF4B-00C04F79EFBC}") = "Toolbelt", "Tools\Toolbelt\Toolbelt.csproj", "{984B65D0-DD82-44AB-8358-FF8C0D18EC8C}"
EndProject
Global
	GlobalSection(TeamFoundationVersionControl) = preSolution
		SccNumberOfProjects = 30
		SccEnterpriseProvider = {4CA58AB2-18FA-4F8D-95D4-32DDF27D184C}
		SccTeamFoundationServer = https://cgi-trafiken.visualstudio.com/defaultcollection
		SccLocalPath0 = .
		SccProjectUniqueName1 = WCF\\CGIXrmExtConnectorService\\CGIXrmExtConnectorService.csproj
		SccProjectTopLevelParentUniqueName1 = SkaneTrafiken.sln
		SccProjectName1 = WCF/CGIXrmExtConnectorService
		SccLocalPath1 = WCF\\CGIXrmExtConnectorService
		SccProjectUniqueName2 = Others\\CGIXrmHandler\\CGIXrmHandlers.csproj
		SccProjectTopLevelParentUniqueName2 = SkaneTrafiken.sln
		SccProjectName2 = Others/CGIXrmHandler
		SccLocalPath2 = Others\\CGIXrmHandler
		SccProjectUniqueName3 = Others\\CGIXrmCallGuideJob\\CGIXrmCallGuideJob.csproj
		SccProjectTopLevelParentUniqueName3 = SkaneTrafiken.sln
		SccProjectName3 = Others/CGIXrmCallGuideJob
		SccLocalPath3 = Others\\CGIXrmCallGuideJob
		SccProjectUniqueName4 = Others\\CGIXrmLogger\\CGIXrmLogger.csproj
		SccProjectTopLevelParentUniqueName4 = SkaneTrafiken.sln
		SccProjectName4 = Others/CGIXrmLogger
		SccLocalPath4 = Others\\CGIXrmLogger
		SccProjectUniqueName5 = WCF\\CGIXrmEAIConnectorService\\CGIXrmEAIConnectorService.csproj
		SccProjectTopLevelParentUniqueName5 = SkaneTrafiken.sln
		SccProjectName5 = WCF/CGIXrmEAIConnectorService
		SccLocalPath5 = WCF\\CGIXrmEAIConnectorService
		SccProjectUniqueName6 = Others\\CGIXrmRainDanceExport\\CGIXrmRainDanceExport\\CGIXrmRainDanceExport.csproj
		SccProjectTopLevelParentUniqueName6 = SkaneTrafiken.sln
		SccProjectName6 = Others/CGIXrmRainDanceExport/CGIXrmRainDanceExport
		SccLocalPath6 = Others\\CGIXrmRainDanceExport\\CGIXrmRainDanceExport
		SccProjectUniqueName7 = Others\\CGIXrmRainDanceImport\\CGIXrmRainDanceImport\\CGIXrmRainDanceImport.csproj
		SccProjectTopLevelParentUniqueName7 = SkaneTrafiken.sln
		SccProjectName7 = Others/CGIXrmRainDanceImport/CGIXrmRainDanceImport
		SccLocalPath7 = Others\\CGIXrmRainDanceImport\\CGIXrmRainDanceImport
		SccProjectUniqueName8 = Others\\Import_Customers\\Import_Customers\\Import_Customers.csproj
		SccProjectTopLevelParentUniqueName8 = SkaneTrafiken.sln
		SccProjectName8 = Others/Import_Customers/Import_Customers
		SccLocalPath8 = Others\\Import_Customers\\Import_Customers
		SccProjectUniqueName9 = Others\\ImportContactsService\\ImportContactsService\\ImportContactsService.csproj
		SccProjectTopLevelParentUniqueName9 = SkaneTrafiken.sln
		SccProjectName9 = Others/ImportContactsService/ImportContactsService
		SccLocalPath9 = Others\\ImportContactsService\\ImportContactsService
		SccProjectUniqueName10 = Plugins\\CGI.CRM2013.Skanetrafiken.CaseCategory\\CGI.CRM2013.Skanetrafiken.CaseCategory\\CGI.CRM2013.Skanetrafiken.CaseCategory.csproj
		SccProjectTopLevelParentUniqueName10 = SkaneTrafiken.sln
		SccProjectName10 = Plugins/CGI.CRM2013.Skanetrafiken.CaseCategory/CGI.CRM2013.Skanetrafiken.CaseCategory
		SccLocalPath10 = Plugins\\CGI.CRM2013.Skanetrafiken.CaseCategory\\CGI.CRM2013.Skanetrafiken.CaseCategory
		SccProjectUniqueName11 = Plugins\\CGI.CRM2013.Skanetrafiken.IncidentPlugin\\CGI.CRM2013.Skanetrafiken.IncidentPlugin\\CGI.CRM2013.Skanetrafiken.IncidentPlugin.csproj
		SccProjectTopLevelParentUniqueName11 = SkaneTrafiken.sln
		SccProjectName11 = Plugins/CGI.CRM2013.Skanetrafiken.IncidentPlugin/CGI.CRM2013.Skanetrafiken.IncidentPlugin
		SccLocalPath11 = Plugins\\CGI.CRM2013.Skanetrafiken.IncidentPlugin\\CGI.CRM2013.Skanetrafiken.IncidentPlugin
		SccProjectUniqueName12 = Plugins\\CGI.CRM2013.Skanetrafiken.KBArticlePlugin\\CGI.CRM2013.Skanetrafiken.KBArticlePlugin\\CGI.CRM2013.Skanetrafiken.KBArticlePlugin.csproj
		SccProjectTopLevelParentUniqueName12 = SkaneTrafiken.sln
		SccProjectName12 = Plugins/CGI.CRM2013.Skanetrafiken.KBArticlePlugin/CGI.CRM2013.Skanetrafiken.KBArticlePlugin
		SccLocalPath12 = Plugins\\CGI.CRM2013.Skanetrafiken.KBArticlePlugin\\CGI.CRM2013.Skanetrafiken.KBArticlePlugin
		SccProjectUniqueName13 = Plugins\\CRM2013.SkanetrafikenPlugins\\CRM2013.SkanetrafikenPlugins\\CRM2013.SkanetrafikenPlugins.csproj
		SccProjectTopLevelParentUniqueName13 = SkaneTrafiken.sln
		SccProjectName13 = Plugins/CRM2013.SkanetrafikenPlugins/CRM2013.SkanetrafikenPlugins
		SccLocalPath13 = Plugins\\CRM2013.SkanetrafikenPlugins\\CRM2013.SkanetrafikenPlugins
		SccProjectUniqueName14 = Plugins\\CRM2013.SkanetrafikenPlugins\\SkanetrafikenPluginsUnitTests\\SkanetrafikenPluginsUnitTests.csproj
		SccProjectTopLevelParentUniqueName14 = SkaneTrafiken.sln
		SccProjectName14 = Plugins/CRM2013.SkanetrafikenPlugins/SkanetrafikenPluginsUnitTests
		SccLocalPath14 = Plugins\\CRM2013.SkanetrafikenPlugins\\SkanetrafikenPluginsUnitTests
		SccProjectUniqueName15 = WCF\\CGIXrmCreateCaseService\\CGIXrmCreateCaseService\\CGIXrmCreateCaseService.csproj
		SccProjectTopLevelParentUniqueName15 = SkaneTrafiken.sln
		SccProjectName15 = WCF/CGIXrmCreateCaseService/CGIXrmCreateCaseService
		SccLocalPath15 = WCF\\CGIXrmCreateCaseService\\CGIXrmCreateCaseService
		SccProjectUniqueName16 = WCF\\CGIXrmPortalService\\CGIXrmPortalService.csproj
		SccProjectTopLevelParentUniqueName16 = SkaneTrafiken.sln
		SccProjectName16 = WCF/CGIXrmPortalService
		SccLocalPath16 = WCF\\CGIXrmPortalService
		SccProjectUniqueName17 = WCF\\CGIXrmTravelCard\\CGIXrmTravelCard\\CGIXrmTravelCard.csproj
		SccProjectTopLevelParentUniqueName17 = SkaneTrafiken.sln
		SccProjectName17 = WCF/CGIXrmTravelCard/CGIXrmTravelCard
		SccLocalPath17 = WCF\\CGIXrmTravelCard\\CGIXrmTravelCard
		SccProjectUniqueName18 = WebResources\\Silverlight\\CRM.eCommerce.Transactions\\CRM.eCommerce.Transactions\\CRM.eCommerce.Transactions.csproj
		SccProjectTopLevelParentUniqueName18 = SkaneTrafiken.sln
		SccProjectName18 = WebResources/Silverlight/CRM.eCommerce.Transactions/CRM.eCommerce.Transactions
		SccLocalPath18 = WebResources\\Silverlight\\CRM.eCommerce.Transactions\\CRM.eCommerce.Transactions
		SccProjectUniqueName19 = WebResources\\Silverlight\\CRM.eCommerce.Transactions\\CRM.eCommerce.Transactions.Web\\CRM.eCommerce.Transactions.Web.csproj
		SccProjectTopLevelParentUniqueName19 = SkaneTrafiken.sln
		SccProjectName19 = WebResources/Silverlight/CRM.eCommerce.Transactions/CRM.eCommerce.Transactions.Web
		SccLocalPath19 = WebResources\\Silverlight\\CRM.eCommerce.Transactions\\CRM.eCommerce.Transactions.Web
		SccProjectUniqueName20 = WebResources\\Silverlight\\CRM.GetBIFFTransactions\\CRM.GetBIFFTransactions\\CRM.GetBIFFTransactions.csproj
		SccProjectTopLevelParentUniqueName20 = SkaneTrafiken.sln
		SccProjectName20 = WebResources/Silverlight/CRM.GetBIFFTransactions/CRM.GetBIFFTransactions
		SccLocalPath20 = WebResources\\Silverlight\\CRM.GetBIFFTransactions\\CRM.GetBIFFTransactions
		SccProjectUniqueName21 = WebResources\\Silverlight\\CRM.GetBIFFTransactions\\CRM.GetBIFFTransactions.Web\\CRM.GetBIFFTransactions.Web.csproj
		SccProjectTopLevelParentUniqueName21 = SkaneTrafiken.sln
		SccProjectName21 = WebResources/Silverlight/CRM.GetBIFFTransactions/CRM.GetBIFFTransactions.Web
		SccLocalPath21 = WebResources\\Silverlight\\CRM.GetBIFFTransactions\\CRM.GetBIFFTransactions.Web
		SccProjectUniqueName22 = WebResources\\Silverlight\\CRM.GetOrders\\CRM.GetOrders\\CRM.GetOrders.csproj
		SccProjectTopLevelParentUniqueName22 = SkaneTrafiken.sln
		SccProjectName22 = WebResources/Silverlight/CRM.GetOrders/CRM.GetOrders
		SccLocalPath22 = WebResources\\Silverlight\\CRM.GetOrders\\CRM.GetOrders
		SccProjectUniqueName23 = WebResources\\Silverlight\\CRM.GetOrders\\CRM.GetOrders.Web\\CRM.GetOrders.Web.csproj
		SccProjectTopLevelParentUniqueName23 = SkaneTrafiken.sln
		SccProjectName23 = WebResources/Silverlight/CRM.GetOrders/CRM.GetOrders.Web
		SccLocalPath23 = WebResources\\Silverlight\\CRM.GetOrders\\CRM.GetOrders.Web
		SccProjectUniqueName24 = WebResources\\Silverlight\\CRM.Travel.Information\\CRM.Travel.Information\\CRM.Travel.Information.csproj
		SccProjectTopLevelParentUniqueName24 = SkaneTrafiken.sln
		SccProjectName24 = WebResources/Silverlight/CRM.Travel.Information/CRM.Travel.Information
		SccLocalPath24 = WebResources\\Silverlight\\CRM.Travel.Information\\CRM.Travel.Information
		SccProjectUniqueName25 = WebResources\\Silverlight\\CRM.Travel.Information\\CRM.Travel.Information.Web\\CRM.Travel.Information.Web.csproj
		SccProjectTopLevelParentUniqueName25 = SkaneTrafiken.sln
		SccProjectName25 = WebResources/Silverlight/CRM.Travel.Information/CRM.Travel.Information.Web
		SccLocalPath25 = WebResources\\Silverlight\\CRM.Travel.Information\\CRM.Travel.Information.Web
		SccProjectUniqueName26 = Others\\CGIXrmRainDanceExport\\CGIXrmRainDanceExportTest\\CGIXrmRainDanceExportTest.csproj
		SccProjectTopLevelParentUniqueName26 = SkaneTrafiken.sln
		SccProjectName26 = Others/CGIXrmRainDanceExport/CGIXrmRainDanceExportTest
		SccLocalPath26 = Others\\CGIXrmRainDanceExport\\CGIXrmRainDanceExportTest
		SccProjectUniqueName27 = WCF\\CGIXrmEAIConnectorServiceTest\\CGIXrmEAIConnectorServiceTest.csproj
		SccProjectTopLevelParentUniqueName27 = SkaneTrafiken.sln
		SccProjectName27 = WCF/CGIXrmEAIConnectorServiceTest
		SccLocalPath27 = WCF\\CGIXrmEAIConnectorServiceTest
		SccProjectUniqueName28 = Others\\CGIXrmPortal\\CGIXrmPortal\\CGIXrmPortal\\CGIXrmPortal.csproj
		SccProjectTopLevelParentUniqueName28 = SkaneTrafiken.sln
		SccProjectName28 = Others/CGIXrmPortal/CGIXrmPortal/CGIXrmPortal
		SccLocalPath28 = Others\\CGIXrmPortal\\CGIXrmPortal\\CGIXrmPortal
		SccProjectUniqueName29 = Tools\\Toolbelt\\Toolbelt.csproj
		SccProjectTopLevelParentUniqueName29 = SkaneTrafiken.sln
		SccProjectName29 = Tools/Toolbelt
		SccLocalPath29 = Tools\\Toolbelt
	EndGlobalSection
	GlobalSection(SolutionConfigurationPlatforms) = preSolution
		Debug|Any CPU = Debug|Any CPU
		Debug|Mixed Platforms = Debug|Mixed Platforms
		Debug|x86 = Debug|x86
		Release|Any CPU = Release|Any CPU
		Release|Mixed Platforms = Release|Mixed Platforms
		Release|x86 = Release|x86
	EndGlobalSection
	GlobalSection(ProjectConfigurationPlatforms) = postSolution
		{69546436-5CD3-4F5C-912A-7E7E0FD9E3E9}.Debug|Any CPU.ActiveCfg = Debug|Any CPU
		{69546436-5CD3-4F5C-912A-7E7E0FD9E3E9}.Debug|Any CPU.Build.0 = Debug|Any CPU
		{69546436-5CD3-4F5C-912A-7E7E0FD9E3E9}.Debug|Mixed Platforms.ActiveCfg = Debug|Any CPU
		{69546436-5CD3-4F5C-912A-7E7E0FD9E3E9}.Debug|Mixed Platforms.Build.0 = Debug|Any CPU
		{69546436-5CD3-4F5C-912A-7E7E0FD9E3E9}.Debug|x86.ActiveCfg = Debug|Any CPU
		{69546436-5CD3-4F5C-912A-7E7E0FD9E3E9}.Release|Any CPU.ActiveCfg = Release|Any CPU
		{69546436-5CD3-4F5C-912A-7E7E0FD9E3E9}.Release|Any CPU.Build.0 = Release|Any CPU
		{69546436-5CD3-4F5C-912A-7E7E0FD9E3E9}.Release|Mixed Platforms.ActiveCfg = Release|Any CPU
		{69546436-5CD3-4F5C-912A-7E7E0FD9E3E9}.Release|Mixed Platforms.Build.0 = Release|Any CPU
		{69546436-5CD3-4F5C-912A-7E7E0FD9E3E9}.Release|x86.ActiveCfg = Release|Any CPU
		{4E72E000-A6D4-472E-A15F-A90640B3A99D}.Debug|Any CPU.ActiveCfg = Debug|Any CPU
		{4E72E000-A6D4-472E-A15F-A90640B3A99D}.Debug|Any CPU.Build.0 = Debug|Any CPU
		{4E72E000-A6D4-472E-A15F-A90640B3A99D}.Debug|Mixed Platforms.ActiveCfg = Debug|Any CPU
		{4E72E000-A6D4-472E-A15F-A90640B3A99D}.Debug|Mixed Platforms.Build.0 = Debug|Any CPU
		{4E72E000-A6D4-472E-A15F-A90640B3A99D}.Debug|x86.ActiveCfg = Debug|Any CPU
		{4E72E000-A6D4-472E-A15F-A90640B3A99D}.Release|Any CPU.ActiveCfg = Release|Any CPU
		{4E72E000-A6D4-472E-A15F-A90640B3A99D}.Release|Any CPU.Build.0 = Release|Any CPU
		{4E72E000-A6D4-472E-A15F-A90640B3A99D}.Release|Mixed Platforms.ActiveCfg = Release|Any CPU
		{4E72E000-A6D4-472E-A15F-A90640B3A99D}.Release|Mixed Platforms.Build.0 = Release|Any CPU
		{4E72E000-A6D4-472E-A15F-A90640B3A99D}.Release|x86.ActiveCfg = Release|Any CPU
		{F8966F49-F3A0-4EFC-BA79-3A5113F35561}.Debug|Any CPU.ActiveCfg = Debug|Any CPU
		{F8966F49-F3A0-4EFC-BA79-3A5113F35561}.Debug|Any CPU.Build.0 = Debug|Any CPU
		{F8966F49-F3A0-4EFC-BA79-3A5113F35561}.Debug|Mixed Platforms.ActiveCfg = Debug|Any CPU
		{F8966F49-F3A0-4EFC-BA79-3A5113F35561}.Debug|Mixed Platforms.Build.0 = Debug|Any CPU
		{F8966F49-F3A0-4EFC-BA79-3A5113F35561}.Debug|x86.ActiveCfg = Debug|Any CPU
		{F8966F49-F3A0-4EFC-BA79-3A5113F35561}.Release|Any CPU.ActiveCfg = Release|Any CPU
		{F8966F49-F3A0-4EFC-BA79-3A5113F35561}.Release|Any CPU.Build.0 = Release|Any CPU
		{F8966F49-F3A0-4EFC-BA79-3A5113F35561}.Release|Mixed Platforms.ActiveCfg = Release|Any CPU
		{F8966F49-F3A0-4EFC-BA79-3A5113F35561}.Release|Mixed Platforms.Build.0 = Release|Any CPU
		{F8966F49-F3A0-4EFC-BA79-3A5113F35561}.Release|x86.ActiveCfg = Release|Any CPU
		{73F74590-72AF-4DCD-B101-3A449036D550}.Debug|Any CPU.ActiveCfg = Debug|Any CPU
		{73F74590-72AF-4DCD-B101-3A449036D550}.Debug|Any CPU.Build.0 = Debug|Any CPU
		{73F74590-72AF-4DCD-B101-3A449036D550}.Debug|Mixed Platforms.ActiveCfg = Debug|Any CPU
		{73F74590-72AF-4DCD-B101-3A449036D550}.Debug|Mixed Platforms.Build.0 = Debug|Any CPU
		{73F74590-72AF-4DCD-B101-3A449036D550}.Debug|x86.ActiveCfg = Debug|Any CPU
		{73F74590-72AF-4DCD-B101-3A449036D550}.Release|Any CPU.ActiveCfg = Release|Any CPU
		{73F74590-72AF-4DCD-B101-3A449036D550}.Release|Any CPU.Build.0 = Release|Any CPU
		{73F74590-72AF-4DCD-B101-3A449036D550}.Release|Mixed Platforms.ActiveCfg = Release|Any CPU
		{73F74590-72AF-4DCD-B101-3A449036D550}.Release|Mixed Platforms.Build.0 = Release|Any CPU
		{73F74590-72AF-4DCD-B101-3A449036D550}.Release|x86.ActiveCfg = Release|Any CPU
		{1653117B-6B19-4B1A-A206-E8CB4675565E}.Debug|Any CPU.ActiveCfg = Debug|Any CPU
		{1653117B-6B19-4B1A-A206-E8CB4675565E}.Debug|Any CPU.Build.0 = Debug|Any CPU
		{1653117B-6B19-4B1A-A206-E8CB4675565E}.Debug|Mixed Platforms.ActiveCfg = Debug|Any CPU
		{1653117B-6B19-4B1A-A206-E8CB4675565E}.Debug|Mixed Platforms.Build.0 = Debug|Any CPU
		{1653117B-6B19-4B1A-A206-E8CB4675565E}.Debug|x86.ActiveCfg = Debug|Any CPU
		{1653117B-6B19-4B1A-A206-E8CB4675565E}.Release|Any CPU.ActiveCfg = Release|Any CPU
		{1653117B-6B19-4B1A-A206-E8CB4675565E}.Release|Any CPU.Build.0 = Release|Any CPU
		{1653117B-6B19-4B1A-A206-E8CB4675565E}.Release|Mixed Platforms.ActiveCfg = Release|Any CPU
		{1653117B-6B19-4B1A-A206-E8CB4675565E}.Release|Mixed Platforms.Build.0 = Release|Any CPU
		{1653117B-6B19-4B1A-A206-E8CB4675565E}.Release|x86.ActiveCfg = Release|Any CPU
		{3CD628DD-397F-483C-8EBA-2EE1A84D46EB}.Debug|Any CPU.ActiveCfg = Debug|Any CPU
		{3CD628DD-397F-483C-8EBA-2EE1A84D46EB}.Debug|Any CPU.Build.0 = Debug|Any CPU
		{3CD628DD-397F-483C-8EBA-2EE1A84D46EB}.Debug|Mixed Platforms.ActiveCfg = Debug|Any CPU
		{3CD628DD-397F-483C-8EBA-2EE1A84D46EB}.Debug|Mixed Platforms.Build.0 = Debug|Any CPU
		{3CD628DD-397F-483C-8EBA-2EE1A84D46EB}.Debug|x86.ActiveCfg = Debug|Any CPU
		{3CD628DD-397F-483C-8EBA-2EE1A84D46EB}.Release|Any CPU.ActiveCfg = Release|Any CPU
		{3CD628DD-397F-483C-8EBA-2EE1A84D46EB}.Release|Any CPU.Build.0 = Release|Any CPU
		{3CD628DD-397F-483C-8EBA-2EE1A84D46EB}.Release|Mixed Platforms.ActiveCfg = Release|Any CPU
		{3CD628DD-397F-483C-8EBA-2EE1A84D46EB}.Release|Mixed Platforms.Build.0 = Release|Any CPU
		{3CD628DD-397F-483C-8EBA-2EE1A84D46EB}.Release|x86.ActiveCfg = Release|Any CPU
		{598BFD27-2528-42D4-8E12-B0DA0AE7B405}.Debug|Any CPU.ActiveCfg = Debug|Any CPU
		{598BFD27-2528-42D4-8E12-B0DA0AE7B405}.Debug|Any CPU.Build.0 = Debug|Any CPU
		{598BFD27-2528-42D4-8E12-B0DA0AE7B405}.Debug|Mixed Platforms.ActiveCfg = Debug|Any CPU
		{598BFD27-2528-42D4-8E12-B0DA0AE7B405}.Debug|Mixed Platforms.Build.0 = Debug|Any CPU
		{598BFD27-2528-42D4-8E12-B0DA0AE7B405}.Debug|x86.ActiveCfg = Debug|Any CPU
		{598BFD27-2528-42D4-8E12-B0DA0AE7B405}.Release|Any CPU.ActiveCfg = Release|Any CPU
		{598BFD27-2528-42D4-8E12-B0DA0AE7B405}.Release|Any CPU.Build.0 = Release|Any CPU
		{598BFD27-2528-42D4-8E12-B0DA0AE7B405}.Release|Mixed Platforms.ActiveCfg = Release|Any CPU
		{598BFD27-2528-42D4-8E12-B0DA0AE7B405}.Release|Mixed Platforms.Build.0 = Release|Any CPU
		{598BFD27-2528-42D4-8E12-B0DA0AE7B405}.Release|x86.ActiveCfg = Release|Any CPU
		{6E9F5363-7C40-473C-A1E0-4CAC5BD256B9}.Debug|Any CPU.ActiveCfg = Debug|Any CPU
		{6E9F5363-7C40-473C-A1E0-4CAC5BD256B9}.Debug|Any CPU.Build.0 = Debug|Any CPU
		{6E9F5363-7C40-473C-A1E0-4CAC5BD256B9}.Debug|Mixed Platforms.ActiveCfg = Debug|Any CPU
		{6E9F5363-7C40-473C-A1E0-4CAC5BD256B9}.Debug|Mixed Platforms.Build.0 = Debug|Any CPU
		{6E9F5363-7C40-473C-A1E0-4CAC5BD256B9}.Debug|x86.ActiveCfg = Debug|Any CPU
		{6E9F5363-7C40-473C-A1E0-4CAC5BD256B9}.Release|Any CPU.ActiveCfg = Release|Any CPU
		{6E9F5363-7C40-473C-A1E0-4CAC5BD256B9}.Release|Any CPU.Build.0 = Release|Any CPU
		{6E9F5363-7C40-473C-A1E0-4CAC5BD256B9}.Release|Mixed Platforms.ActiveCfg = Release|Any CPU
		{6E9F5363-7C40-473C-A1E0-4CAC5BD256B9}.Release|Mixed Platforms.Build.0 = Release|Any CPU
		{6E9F5363-7C40-473C-A1E0-4CAC5BD256B9}.Release|x86.ActiveCfg = Release|Any CPU
		{75240226-4C64-42F8-8B3C-DC1344615045}.Debug|Any CPU.ActiveCfg = Debug|Any CPU
		{75240226-4C64-42F8-8B3C-DC1344615045}.Debug|Any CPU.Build.0 = Debug|Any CPU
		{75240226-4C64-42F8-8B3C-DC1344615045}.Debug|Mixed Platforms.ActiveCfg = Debug|Any CPU
		{75240226-4C64-42F8-8B3C-DC1344615045}.Debug|Mixed Platforms.Build.0 = Debug|Any CPU
		{75240226-4C64-42F8-8B3C-DC1344615045}.Debug|x86.ActiveCfg = Debug|Any CPU
		{75240226-4C64-42F8-8B3C-DC1344615045}.Release|Any CPU.ActiveCfg = Release|Any CPU
		{75240226-4C64-42F8-8B3C-DC1344615045}.Release|Any CPU.Build.0 = Release|Any CPU
		{75240226-4C64-42F8-8B3C-DC1344615045}.Release|Mixed Platforms.ActiveCfg = Release|Any CPU
		{75240226-4C64-42F8-8B3C-DC1344615045}.Release|Mixed Platforms.Build.0 = Release|Any CPU
		{75240226-4C64-42F8-8B3C-DC1344615045}.Release|x86.ActiveCfg = Release|Any CPU
		{9806AA50-A4E0-411C-84E3-47FAA47798C7}.Debug|Any CPU.ActiveCfg = Debug|Any CPU
		{9806AA50-A4E0-411C-84E3-47FAA47798C7}.Debug|Any CPU.Build.0 = Debug|Any CPU
		{9806AA50-A4E0-411C-84E3-47FAA47798C7}.Debug|Mixed Platforms.ActiveCfg = Debug|Any CPU
		{9806AA50-A4E0-411C-84E3-47FAA47798C7}.Debug|Mixed Platforms.Build.0 = Debug|Any CPU
		{9806AA50-A4E0-411C-84E3-47FAA47798C7}.Debug|x86.ActiveCfg = Debug|Any CPU
		{9806AA50-A4E0-411C-84E3-47FAA47798C7}.Release|Any CPU.ActiveCfg = Release|Any CPU
		{9806AA50-A4E0-411C-84E3-47FAA47798C7}.Release|Any CPU.Build.0 = Release|Any CPU
		{9806AA50-A4E0-411C-84E3-47FAA47798C7}.Release|Mixed Platforms.ActiveCfg = Release|Any CPU
		{9806AA50-A4E0-411C-84E3-47FAA47798C7}.Release|Mixed Platforms.Build.0 = Release|Any CPU
		{9806AA50-A4E0-411C-84E3-47FAA47798C7}.Release|x86.ActiveCfg = Release|Any CPU
		{51FE09C7-E85F-4663-AE1E-3252A4A0A121}.Debug|Any CPU.ActiveCfg = Debug|Any CPU
		{51FE09C7-E85F-4663-AE1E-3252A4A0A121}.Debug|Any CPU.Build.0 = Debug|Any CPU
		{51FE09C7-E85F-4663-AE1E-3252A4A0A121}.Debug|Mixed Platforms.ActiveCfg = Debug|Any CPU
		{51FE09C7-E85F-4663-AE1E-3252A4A0A121}.Debug|Mixed Platforms.Build.0 = Debug|Any CPU
		{51FE09C7-E85F-4663-AE1E-3252A4A0A121}.Debug|x86.ActiveCfg = Debug|Any CPU
		{51FE09C7-E85F-4663-AE1E-3252A4A0A121}.Release|Any CPU.ActiveCfg = Release|Any CPU
		{51FE09C7-E85F-4663-AE1E-3252A4A0A121}.Release|Any CPU.Build.0 = Release|Any CPU
		{51FE09C7-E85F-4663-AE1E-3252A4A0A121}.Release|Mixed Platforms.ActiveCfg = Release|Any CPU
		{51FE09C7-E85F-4663-AE1E-3252A4A0A121}.Release|Mixed Platforms.Build.0 = Release|Any CPU
		{51FE09C7-E85F-4663-AE1E-3252A4A0A121}.Release|x86.ActiveCfg = Release|Any CPU
		{FCC290A7-3924-45E1-BA31-425184F136D2}.Debug|Any CPU.ActiveCfg = Debug|Any CPU
		{FCC290A7-3924-45E1-BA31-425184F136D2}.Debug|Any CPU.Build.0 = Debug|Any CPU
		{FCC290A7-3924-45E1-BA31-425184F136D2}.Debug|Mixed Platforms.ActiveCfg = Debug|Any CPU
		{FCC290A7-3924-45E1-BA31-425184F136D2}.Debug|Mixed Platforms.Build.0 = Debug|Any CPU
		{FCC290A7-3924-45E1-BA31-425184F136D2}.Debug|x86.ActiveCfg = Debug|Any CPU
		{FCC290A7-3924-45E1-BA31-425184F136D2}.Release|Any CPU.ActiveCfg = Release|Any CPU
		{FCC290A7-3924-45E1-BA31-425184F136D2}.Release|Any CPU.Build.0 = Release|Any CPU
		{FCC290A7-3924-45E1-BA31-425184F136D2}.Release|Mixed Platforms.ActiveCfg = Release|Any CPU
		{FCC290A7-3924-45E1-BA31-425184F136D2}.Release|Mixed Platforms.Build.0 = Release|Any CPU
		{FCC290A7-3924-45E1-BA31-425184F136D2}.Release|x86.ActiveCfg = Release|Any CPU
		{72FEF297-9882-4786-BD46-02F20313467C}.Debug|Any CPU.ActiveCfg = Debug|Any CPU
		{72FEF297-9882-4786-BD46-02F20313467C}.Debug|Any CPU.Build.0 = Debug|Any CPU
		{72FEF297-9882-4786-BD46-02F20313467C}.Debug|Mixed Platforms.ActiveCfg = Debug|Any CPU
		{72FEF297-9882-4786-BD46-02F20313467C}.Debug|Mixed Platforms.Build.0 = Debug|Any CPU
		{72FEF297-9882-4786-BD46-02F20313467C}.Debug|x86.ActiveCfg = Debug|Any CPU
		{72FEF297-9882-4786-BD46-02F20313467C}.Release|Any CPU.ActiveCfg = Release|Any CPU
		{72FEF297-9882-4786-BD46-02F20313467C}.Release|Any CPU.Build.0 = Release|Any CPU
		{72FEF297-9882-4786-BD46-02F20313467C}.Release|Mixed Platforms.ActiveCfg = Release|Any CPU
		{72FEF297-9882-4786-BD46-02F20313467C}.Release|Mixed Platforms.Build.0 = Release|Any CPU
		{72FEF297-9882-4786-BD46-02F20313467C}.Release|x86.ActiveCfg = Release|Any CPU
		{ADB01ABB-EDB7-4CEF-82A0-0A47CCD34F23}.Debug|Any CPU.ActiveCfg = Debug|Any CPU
		{ADB01ABB-EDB7-4CEF-82A0-0A47CCD34F23}.Debug|Any CPU.Build.0 = Debug|Any CPU
		{ADB01ABB-EDB7-4CEF-82A0-0A47CCD34F23}.Debug|Mixed Platforms.ActiveCfg = Debug|Any CPU
		{ADB01ABB-EDB7-4CEF-82A0-0A47CCD34F23}.Debug|Mixed Platforms.Build.0 = Debug|Any CPU
		{ADB01ABB-EDB7-4CEF-82A0-0A47CCD34F23}.Debug|x86.ActiveCfg = Debug|Any CPU
		{ADB01ABB-EDB7-4CEF-82A0-0A47CCD34F23}.Release|Any CPU.ActiveCfg = Release|Any CPU
		{ADB01ABB-EDB7-4CEF-82A0-0A47CCD34F23}.Release|Any CPU.Build.0 = Release|Any CPU
		{ADB01ABB-EDB7-4CEF-82A0-0A47CCD34F23}.Release|Mixed Platforms.ActiveCfg = Release|Any CPU
		{ADB01ABB-EDB7-4CEF-82A0-0A47CCD34F23}.Release|Mixed Platforms.Build.0 = Release|Any CPU
		{ADB01ABB-EDB7-4CEF-82A0-0A47CCD34F23}.Release|x86.ActiveCfg = Release|Any CPU
		{B5BB0091-5E2A-421A-A24E-4B81953978B9}.Debug|Any CPU.ActiveCfg = Debug|Any CPU
		{B5BB0091-5E2A-421A-A24E-4B81953978B9}.Debug|Any CPU.Build.0 = Debug|Any CPU
		{B5BB0091-5E2A-421A-A24E-4B81953978B9}.Debug|Mixed Platforms.ActiveCfg = Debug|Any CPU
		{B5BB0091-5E2A-421A-A24E-4B81953978B9}.Debug|Mixed Platforms.Build.0 = Debug|Any CPU
		{B5BB0091-5E2A-421A-A24E-4B81953978B9}.Debug|x86.ActiveCfg = Debug|Any CPU
		{B5BB0091-5E2A-421A-A24E-4B81953978B9}.Release|Any CPU.ActiveCfg = Release|Any CPU
		{B5BB0091-5E2A-421A-A24E-4B81953978B9}.Release|Any CPU.Build.0 = Release|Any CPU
		{B5BB0091-5E2A-421A-A24E-4B81953978B9}.Release|Mixed Platforms.ActiveCfg = Release|Any CPU
		{B5BB0091-5E2A-421A-A24E-4B81953978B9}.Release|Mixed Platforms.Build.0 = Release|Any CPU
		{B5BB0091-5E2A-421A-A24E-4B81953978B9}.Release|x86.ActiveCfg = Release|Any CPU
		{EA7594F8-3808-4A95-8B8A-920565BEB2E8}.Debug|Any CPU.ActiveCfg = Debug|Any CPU
		{EA7594F8-3808-4A95-8B8A-920565BEB2E8}.Debug|Any CPU.Build.0 = Debug|Any CPU
		{EA7594F8-3808-4A95-8B8A-920565BEB2E8}.Debug|Mixed Platforms.ActiveCfg = Debug|Any CPU
		{EA7594F8-3808-4A95-8B8A-920565BEB2E8}.Debug|Mixed Platforms.Build.0 = Debug|Any CPU
		{EA7594F8-3808-4A95-8B8A-920565BEB2E8}.Debug|x86.ActiveCfg = Debug|Any CPU
		{EA7594F8-3808-4A95-8B8A-920565BEB2E8}.Release|Any CPU.ActiveCfg = Release|Any CPU
		{EA7594F8-3808-4A95-8B8A-920565BEB2E8}.Release|Any CPU.Build.0 = Release|Any CPU
		{EA7594F8-3808-4A95-8B8A-920565BEB2E8}.Release|Mixed Platforms.ActiveCfg = Release|Any CPU
		{EA7594F8-3808-4A95-8B8A-920565BEB2E8}.Release|Mixed Platforms.Build.0 = Release|Any CPU
		{EA7594F8-3808-4A95-8B8A-920565BEB2E8}.Release|x86.ActiveCfg = Release|Any CPU
		{18E0EE42-CDA1-4E63-8D1D-00C4B9303CE4}.Debug|Any CPU.ActiveCfg = Debug|Any CPU
		{18E0EE42-CDA1-4E63-8D1D-00C4B9303CE4}.Debug|Any CPU.Build.0 = Debug|Any CPU
		{18E0EE42-CDA1-4E63-8D1D-00C4B9303CE4}.Debug|Mixed Platforms.ActiveCfg = Debug|Any CPU
		{18E0EE42-CDA1-4E63-8D1D-00C4B9303CE4}.Debug|Mixed Platforms.Build.0 = Debug|Any CPU
		{18E0EE42-CDA1-4E63-8D1D-00C4B9303CE4}.Debug|x86.ActiveCfg = Debug|Any CPU
		{18E0EE42-CDA1-4E63-8D1D-00C4B9303CE4}.Release|Any CPU.ActiveCfg = Release|Any CPU
		{18E0EE42-CDA1-4E63-8D1D-00C4B9303CE4}.Release|Any CPU.Build.0 = Release|Any CPU
		{18E0EE42-CDA1-4E63-8D1D-00C4B9303CE4}.Release|Mixed Platforms.ActiveCfg = Release|Any CPU
		{18E0EE42-CDA1-4E63-8D1D-00C4B9303CE4}.Release|Mixed Platforms.Build.0 = Release|Any CPU
		{18E0EE42-CDA1-4E63-8D1D-00C4B9303CE4}.Release|x86.ActiveCfg = Release|Any CPU
		{444D080B-4FAB-4DE3-806B-EEAF849BC890}.Debug|Any CPU.ActiveCfg = Debug|Any CPU
		{444D080B-4FAB-4DE3-806B-EEAF849BC890}.Debug|Any CPU.Build.0 = Debug|Any CPU
		{444D080B-4FAB-4DE3-806B-EEAF849BC890}.Debug|Mixed Platforms.ActiveCfg = Debug|Any CPU
		{444D080B-4FAB-4DE3-806B-EEAF849BC890}.Debug|Mixed Platforms.Build.0 = Debug|Any CPU
		{444D080B-4FAB-4DE3-806B-EEAF849BC890}.Debug|x86.ActiveCfg = Debug|Any CPU
		{444D080B-4FAB-4DE3-806B-EEAF849BC890}.Release|Any CPU.ActiveCfg = Release|Any CPU
		{444D080B-4FAB-4DE3-806B-EEAF849BC890}.Release|Any CPU.Build.0 = Release|Any CPU
		{444D080B-4FAB-4DE3-806B-EEAF849BC890}.Release|Mixed Platforms.ActiveCfg = Release|Any CPU
		{444D080B-4FAB-4DE3-806B-EEAF849BC890}.Release|Mixed Platforms.Build.0 = Release|Any CPU
		{444D080B-4FAB-4DE3-806B-EEAF849BC890}.Release|x86.ActiveCfg = Release|Any CPU
		{157526FE-3D6F-4C2C-AE13-DF104FE32342}.Debug|Any CPU.ActiveCfg = Debug|Any CPU
		{157526FE-3D6F-4C2C-AE13-DF104FE32342}.Debug|Any CPU.Build.0 = Debug|Any CPU
		{157526FE-3D6F-4C2C-AE13-DF104FE32342}.Debug|Mixed Platforms.ActiveCfg = Debug|Any CPU
		{157526FE-3D6F-4C2C-AE13-DF104FE32342}.Debug|Mixed Platforms.Build.0 = Debug|Any CPU
		{157526FE-3D6F-4C2C-AE13-DF104FE32342}.Debug|x86.ActiveCfg = Debug|Any CPU
		{157526FE-3D6F-4C2C-AE13-DF104FE32342}.Release|Any CPU.ActiveCfg = Release|Any CPU
		{157526FE-3D6F-4C2C-AE13-DF104FE32342}.Release|Any CPU.Build.0 = Release|Any CPU
		{157526FE-3D6F-4C2C-AE13-DF104FE32342}.Release|Mixed Platforms.ActiveCfg = Release|Any CPU
		{157526FE-3D6F-4C2C-AE13-DF104FE32342}.Release|Mixed Platforms.Build.0 = Release|Any CPU
		{157526FE-3D6F-4C2C-AE13-DF104FE32342}.Release|x86.ActiveCfg = Release|Any CPU
		{98EC95B5-A93B-4699-BA12-9C954DC514E2}.Debug|Any CPU.ActiveCfg = Debug|Any CPU
		{98EC95B5-A93B-4699-BA12-9C954DC514E2}.Debug|Any CPU.Build.0 = Debug|Any CPU
		{98EC95B5-A93B-4699-BA12-9C954DC514E2}.Debug|Mixed Platforms.ActiveCfg = Debug|Any CPU
		{98EC95B5-A93B-4699-BA12-9C954DC514E2}.Debug|Mixed Platforms.Build.0 = Debug|Any CPU
		{98EC95B5-A93B-4699-BA12-9C954DC514E2}.Debug|x86.ActiveCfg = Debug|Any CPU
		{98EC95B5-A93B-4699-BA12-9C954DC514E2}.Release|Any CPU.ActiveCfg = Release|Any CPU
		{98EC95B5-A93B-4699-BA12-9C954DC514E2}.Release|Any CPU.Build.0 = Release|Any CPU
		{98EC95B5-A93B-4699-BA12-9C954DC514E2}.Release|Mixed Platforms.ActiveCfg = Release|Any CPU
		{98EC95B5-A93B-4699-BA12-9C954DC514E2}.Release|Mixed Platforms.Build.0 = Release|Any CPU
		{98EC95B5-A93B-4699-BA12-9C954DC514E2}.Release|x86.ActiveCfg = Release|Any CPU
		{B22CB391-AAD5-45A6-B845-1E5156C1BE64}.Debug|Any CPU.ActiveCfg = Debug|Any CPU
		{B22CB391-AAD5-45A6-B845-1E5156C1BE64}.Debug|Any CPU.Build.0 = Debug|Any CPU
		{B22CB391-AAD5-45A6-B845-1E5156C1BE64}.Debug|Mixed Platforms.ActiveCfg = Debug|Any CPU
		{B22CB391-AAD5-45A6-B845-1E5156C1BE64}.Debug|Mixed Platforms.Build.0 = Debug|Any CPU
		{B22CB391-AAD5-45A6-B845-1E5156C1BE64}.Debug|x86.ActiveCfg = Debug|Any CPU
		{B22CB391-AAD5-45A6-B845-1E5156C1BE64}.Release|Any CPU.ActiveCfg = Release|Any CPU
		{B22CB391-AAD5-45A6-B845-1E5156C1BE64}.Release|Any CPU.Build.0 = Release|Any CPU
		{B22CB391-AAD5-45A6-B845-1E5156C1BE64}.Release|Mixed Platforms.ActiveCfg = Release|Any CPU
		{B22CB391-AAD5-45A6-B845-1E5156C1BE64}.Release|Mixed Platforms.Build.0 = Release|Any CPU
		{B22CB391-AAD5-45A6-B845-1E5156C1BE64}.Release|x86.ActiveCfg = Release|Any CPU
		{A5D6BBE2-E2E8-46C2-832E-C1BA8CF78498}.Debug|Any CPU.ActiveCfg = Debug|Any CPU
		{A5D6BBE2-E2E8-46C2-832E-C1BA8CF78498}.Debug|Any CPU.Build.0 = Debug|Any CPU
		{A5D6BBE2-E2E8-46C2-832E-C1BA8CF78498}.Debug|Mixed Platforms.ActiveCfg = Debug|Any CPU
		{A5D6BBE2-E2E8-46C2-832E-C1BA8CF78498}.Debug|Mixed Platforms.Build.0 = Debug|Any CPU
		{A5D6BBE2-E2E8-46C2-832E-C1BA8CF78498}.Debug|x86.ActiveCfg = Debug|Any CPU
		{A5D6BBE2-E2E8-46C2-832E-C1BA8CF78498}.Release|Any CPU.ActiveCfg = Release|Any CPU
		{A5D6BBE2-E2E8-46C2-832E-C1BA8CF78498}.Release|Any CPU.Build.0 = Release|Any CPU
		{A5D6BBE2-E2E8-46C2-832E-C1BA8CF78498}.Release|Mixed Platforms.ActiveCfg = Release|Any CPU
		{A5D6BBE2-E2E8-46C2-832E-C1BA8CF78498}.Release|Mixed Platforms.Build.0 = Release|Any CPU
		{A5D6BBE2-E2E8-46C2-832E-C1BA8CF78498}.Release|x86.ActiveCfg = Release|Any CPU
		{08BA2157-300C-4C63-A6A9-EA6551ADC2E5}.Debug|Any CPU.ActiveCfg = Debug|Any CPU
		{08BA2157-300C-4C63-A6A9-EA6551ADC2E5}.Debug|Any CPU.Build.0 = Debug|Any CPU
		{08BA2157-300C-4C63-A6A9-EA6551ADC2E5}.Debug|Mixed Platforms.ActiveCfg = Debug|Any CPU
		{08BA2157-300C-4C63-A6A9-EA6551ADC2E5}.Debug|Mixed Platforms.Build.0 = Debug|Any CPU
		{08BA2157-300C-4C63-A6A9-EA6551ADC2E5}.Debug|x86.ActiveCfg = Debug|Any CPU
		{08BA2157-300C-4C63-A6A9-EA6551ADC2E5}.Release|Any CPU.ActiveCfg = Release|Any CPU
		{08BA2157-300C-4C63-A6A9-EA6551ADC2E5}.Release|Any CPU.Build.0 = Release|Any CPU
		{08BA2157-300C-4C63-A6A9-EA6551ADC2E5}.Release|Mixed Platforms.ActiveCfg = Release|Any CPU
		{08BA2157-300C-4C63-A6A9-EA6551ADC2E5}.Release|Mixed Platforms.Build.0 = Release|Any CPU
		{08BA2157-300C-4C63-A6A9-EA6551ADC2E5}.Release|x86.ActiveCfg = Release|Any CPU
		{1B06B3FB-AF55-4748-8E14-081B3885FF31}.Debug|Any CPU.ActiveCfg = Debug|Any CPU
		{1B06B3FB-AF55-4748-8E14-081B3885FF31}.Debug|Any CPU.Build.0 = Debug|Any CPU
		{1B06B3FB-AF55-4748-8E14-081B3885FF31}.Debug|Mixed Platforms.ActiveCfg = Debug|Any CPU
		{1B06B3FB-AF55-4748-8E14-081B3885FF31}.Debug|Mixed Platforms.Build.0 = Debug|Any CPU
		{1B06B3FB-AF55-4748-8E14-081B3885FF31}.Debug|x86.ActiveCfg = Debug|Any CPU
		{1B06B3FB-AF55-4748-8E14-081B3885FF31}.Release|Any CPU.ActiveCfg = Release|Any CPU
		{1B06B3FB-AF55-4748-8E14-081B3885FF31}.Release|Any CPU.Build.0 = Release|Any CPU
		{1B06B3FB-AF55-4748-8E14-081B3885FF31}.Release|Mixed Platforms.ActiveCfg = Release|Any CPU
		{1B06B3FB-AF55-4748-8E14-081B3885FF31}.Release|Mixed Platforms.Build.0 = Release|Any CPU
		{1B06B3FB-AF55-4748-8E14-081B3885FF31}.Release|x86.ActiveCfg = Release|Any CPU
		{12996701-0080-4F1F-87B0-C7C7FF96C54A}.Debug|Any CPU.ActiveCfg = Debug|Any CPU
		{12996701-0080-4F1F-87B0-C7C7FF96C54A}.Debug|Any CPU.Build.0 = Debug|Any CPU
		{12996701-0080-4F1F-87B0-C7C7FF96C54A}.Debug|Mixed Platforms.ActiveCfg = Debug|Any CPU
		{12996701-0080-4F1F-87B0-C7C7FF96C54A}.Debug|Mixed Platforms.Build.0 = Debug|Any CPU
		{12996701-0080-4F1F-87B0-C7C7FF96C54A}.Debug|x86.ActiveCfg = Debug|Any CPU
		{12996701-0080-4F1F-87B0-C7C7FF96C54A}.Release|Any CPU.ActiveCfg = Release|Any CPU
		{12996701-0080-4F1F-87B0-C7C7FF96C54A}.Release|Any CPU.Build.0 = Release|Any CPU
		{12996701-0080-4F1F-87B0-C7C7FF96C54A}.Release|Mixed Platforms.ActiveCfg = Release|Any CPU
		{12996701-0080-4F1F-87B0-C7C7FF96C54A}.Release|Mixed Platforms.Build.0 = Release|Any CPU
		{12996701-0080-4F1F-87B0-C7C7FF96C54A}.Release|x86.ActiveCfg = Release|Any CPU
		{8779F84C-CE87-4F7F-86D8-6110B4260041}.Debug|Any CPU.ActiveCfg = Debug|Any CPU
		{8779F84C-CE87-4F7F-86D8-6110B4260041}.Debug|Any CPU.Build.0 = Debug|Any CPU
		{8779F84C-CE87-4F7F-86D8-6110B4260041}.Debug|Mixed Platforms.ActiveCfg = Debug|Any CPU
		{8779F84C-CE87-4F7F-86D8-6110B4260041}.Debug|Mixed Platforms.Build.0 = Debug|Any CPU
		{8779F84C-CE87-4F7F-86D8-6110B4260041}.Debug|x86.ActiveCfg = Debug|Any CPU
		{8779F84C-CE87-4F7F-86D8-6110B4260041}.Release|Any CPU.ActiveCfg = Release|Any CPU
		{8779F84C-CE87-4F7F-86D8-6110B4260041}.Release|Any CPU.Build.0 = Release|Any CPU
		{8779F84C-CE87-4F7F-86D8-6110B4260041}.Release|Mixed Platforms.ActiveCfg = Release|Any CPU
		{8779F84C-CE87-4F7F-86D8-6110B4260041}.Release|Mixed Platforms.Build.0 = Release|Any CPU
		{8779F84C-CE87-4F7F-86D8-6110B4260041}.Release|x86.ActiveCfg = Release|Any CPU
		{DD5096D7-6245-4863-8A5B-1110F81F2CBD}.Debug|Any CPU.ActiveCfg = Debug|Any CPU
		{DD5096D7-6245-4863-8A5B-1110F81F2CBD}.Debug|Any CPU.Build.0 = Debug|Any CPU
		{DD5096D7-6245-4863-8A5B-1110F81F2CBD}.Debug|Mixed Platforms.ActiveCfg = Debug|Any CPU
		{DD5096D7-6245-4863-8A5B-1110F81F2CBD}.Debug|Mixed Platforms.Build.0 = Debug|Any CPU
		{DD5096D7-6245-4863-8A5B-1110F81F2CBD}.Debug|x86.ActiveCfg = Debug|Any CPU
		{DD5096D7-6245-4863-8A5B-1110F81F2CBD}.Release|Any CPU.ActiveCfg = Release|Any CPU
		{DD5096D7-6245-4863-8A5B-1110F81F2CBD}.Release|Any CPU.Build.0 = Release|Any CPU
		{DD5096D7-6245-4863-8A5B-1110F81F2CBD}.Release|Mixed Platforms.ActiveCfg = Release|Any CPU
		{DD5096D7-6245-4863-8A5B-1110F81F2CBD}.Release|Mixed Platforms.Build.0 = Release|Any CPU
		{DD5096D7-6245-4863-8A5B-1110F81F2CBD}.Release|x86.ActiveCfg = Release|Any CPU
		{CB7F4F1F-6012-44CA-9752-E5AA743047DE}.Debug|Any CPU.ActiveCfg = Debug|Any CPU
		{CB7F4F1F-6012-44CA-9752-E5AA743047DE}.Debug|Any CPU.Build.0 = Debug|Any CPU
		{CB7F4F1F-6012-44CA-9752-E5AA743047DE}.Debug|Mixed Platforms.ActiveCfg = Debug|Any CPU
		{CB7F4F1F-6012-44CA-9752-E5AA743047DE}.Debug|Mixed Platforms.Build.0 = Debug|Any CPU
		{CB7F4F1F-6012-44CA-9752-E5AA743047DE}.Debug|x86.ActiveCfg = Debug|Any CPU
		{CB7F4F1F-6012-44CA-9752-E5AA743047DE}.Release|Any CPU.ActiveCfg = Release|Any CPU
		{CB7F4F1F-6012-44CA-9752-E5AA743047DE}.Release|Any CPU.Build.0 = Release|Any CPU
		{CB7F4F1F-6012-44CA-9752-E5AA743047DE}.Release|Mixed Platforms.ActiveCfg = Release|Any CPU
		{CB7F4F1F-6012-44CA-9752-E5AA743047DE}.Release|Mixed Platforms.Build.0 = Release|Any CPU
		{CB7F4F1F-6012-44CA-9752-E5AA743047DE}.Release|x86.ActiveCfg = Release|Any CPU
		{984B65D0-DD82-44AB-8358-FF8C0D18EC8C}.Debug|Any CPU.ActiveCfg = Debug|Any CPU
		{984B65D0-DD82-44AB-8358-FF8C0D18EC8C}.Debug|Any CPU.Build.0 = Debug|Any CPU
		{984B65D0-DD82-44AB-8358-FF8C0D18EC8C}.Debug|Mixed Platforms.ActiveCfg = Debug|Any CPU
		{984B65D0-DD82-44AB-8358-FF8C0D18EC8C}.Debug|Mixed Platforms.Build.0 = Debug|Any CPU
		{984B65D0-DD82-44AB-8358-FF8C0D18EC8C}.Debug|x86.ActiveCfg = Debug|Any CPU
		{984B65D0-DD82-44AB-8358-FF8C0D18EC8C}.Release|Any CPU.ActiveCfg = Release|Any CPU
		{984B65D0-DD82-44AB-8358-FF8C0D18EC8C}.Release|Any CPU.Build.0 = Release|Any CPU
		{984B65D0-DD82-44AB-8358-FF8C0D18EC8C}.Release|Mixed Platforms.ActiveCfg = Release|Any CPU
		{984B65D0-DD82-44AB-8358-FF8C0D18EC8C}.Release|Mixed Platforms.Build.0 = Release|Any CPU
		{984B65D0-DD82-44AB-8358-FF8C0D18EC8C}.Release|x86.ActiveCfg = Release|Any CPU
	EndGlobalSection
	GlobalSection(SolutionProperties) = preSolution
		HideSolutionNode = FALSE
	EndGlobalSection
	GlobalSection(NestedProjects) = preSolution
		{1653117B-6B19-4B1A-A206-E8CB4675565E} = {0C5B28B0-9C13-4942-ACD8-C00C778485B4}
		{9806AA50-A4E0-411C-84E3-47FAA47798C7} = {0C5B28B0-9C13-4942-ACD8-C00C778485B4}
		{EA7594F8-3808-4A95-8B8A-920565BEB2E8} = {0C5B28B0-9C13-4942-ACD8-C00C778485B4}
		{444D080B-4FAB-4DE3-806B-EEAF849BC890} = {0C5B28B0-9C13-4942-ACD8-C00C778485B4}
		{157526FE-3D6F-4C2C-AE13-DF104FE32342} = {0C5B28B0-9C13-4942-ACD8-C00C778485B4}
		{69546436-5CD3-4F5C-912A-7E7E0FD9E3E9} = {0C5B28B0-9C13-4942-ACD8-C00C778485B4}
		{CB7F4F1F-6012-44CA-9752-E5AA743047DE} = {0C5B28B0-9C13-4942-ACD8-C00C778485B4}
		{73F74590-72AF-4DCD-B101-3A449036D550} = {F4F1E6E1-0364-46B5-BAF4-DCFD4AF44DEF}
		{4E72E000-A6D4-472E-A15F-A90640B3A99D} = {F4F1E6E1-0364-46B5-BAF4-DCFD4AF44DEF}
		{984B65D0-DD82-44AB-8358-FF8C0D18EC8C} = {F4F1E6E1-0364-46B5-BAF4-DCFD4AF44DEF}
		{3CD628DD-397F-483C-8EBA-2EE1A84D46EB} = {646FC055-B31C-4451-BE5F-0E1FD988371D}
		{6E9F5363-7C40-473C-A1E0-4CAC5BD256B9} = {646FC055-B31C-4451-BE5F-0E1FD988371D}
		{75240226-4C64-42F8-8B3C-DC1344615045} = {646FC055-B31C-4451-BE5F-0E1FD988371D}
		{F8966F49-F3A0-4EFC-BA79-3A5113F35561} = {646FC055-B31C-4451-BE5F-0E1FD988371D}
		{B5BB0091-5E2A-421A-A24E-4B81953978B9} = {C091659D-A686-48BB-B00D-5C5A9C500EBA}
		{598BFD27-2528-42D4-8E12-B0DA0AE7B405} = {C091659D-A686-48BB-B00D-5C5A9C500EBA}
		{FCC290A7-3924-45E1-BA31-425184F136D2} = {105CD1B0-3103-4AB6-8D9B-AF571FB9F92F}
		{72FEF297-9882-4786-BD46-02F20313467C} = {105CD1B0-3103-4AB6-8D9B-AF571FB9F92F}
		{ADB01ABB-EDB7-4CEF-82A0-0A47CCD34F23} = {105CD1B0-3103-4AB6-8D9B-AF571FB9F92F}
		{51FE09C7-E85F-4663-AE1E-3252A4A0A121} = {105CD1B0-3103-4AB6-8D9B-AF571FB9F92F}
		{18E0EE42-CDA1-4E63-8D1D-00C4B9303CE4} = {BF80E05A-7CD6-4C7B-94A7-CD6C2F943772}
		{B22CB391-AAD5-45A6-B845-1E5156C1BE64} = {7F689681-1495-431C-9276-1D5875447CE0}
		{A5D6BBE2-E2E8-46C2-832E-C1BA8CF78498} = {7F689681-1495-431C-9276-1D5875447CE0}
		{08BA2157-300C-4C63-A6A9-EA6551ADC2E5} = {7F689681-1495-431C-9276-1D5875447CE0}
		{1B06B3FB-AF55-4748-8E14-081B3885FF31} = {7F689681-1495-431C-9276-1D5875447CE0}
		{12996701-0080-4F1F-87B0-C7C7FF96C54A} = {7F689681-1495-431C-9276-1D5875447CE0}
		{8779F84C-CE87-4F7F-86D8-6110B4260041} = {7F689681-1495-431C-9276-1D5875447CE0}
		{DD5096D7-6245-4863-8A5B-1110F81F2CBD} = {7F689681-1495-431C-9276-1D5875447CE0}
		{98EC95B5-A93B-4699-BA12-9C954DC514E2} = {7F689681-1495-431C-9276-1D5875447CE0}
		{D2A284EB-0897-4882-B420-4B2C85CCAB1B} = {B1E35D03-DCDC-4B11-AC32-8B1EFF3EEBC4}
		{9667BAFC-DC1F-40AE-B004-8056D13A0424} = {B1E35D03-DCDC-4B11-AC32-8B1EFF3EEBC4}
		{484E76AE-FABD-426E-B956-6A191E76291E} = {D2A284EB-0897-4882-B420-4B2C85CCAB1B}
		{67E14D26-41A6-4D2D-A6AD-A42D2C98B3D3} = {D2A284EB-0897-4882-B420-4B2C85CCAB1B}
		{FE6A3739-A9CA-4971-8D15-6D98AB2BB0D4} = {D2A284EB-0897-4882-B420-4B2C85CCAB1B}
		{5FE3A912-EFF9-4843-8212-92F26100D13B} = {D2A284EB-0897-4882-B420-4B2C85CCAB1B}
		{9C57C9B0-BA18-408C-9EA5-3584736E7122} = {9667BAFC-DC1F-40AE-B004-8056D13A0424}
		{82E7D12C-96D0-48C1-9F18-BC6461EAF9BC} = {9667BAFC-DC1F-40AE-B004-8056D13A0424}
		{AF4FDF7D-7B95-4939-B165-CF13D7AC15D2} = {9667BAFC-DC1F-40AE-B004-8056D13A0424}
		{3D662E43-9497-42D0-B0EA-18E7C3FE0FBB} = {9667BAFC-DC1F-40AE-B004-8056D13A0424}
	EndGlobalSection
EndGlobal
