
Microsoft Visual Studio Solution File, Format Version 12.00
# Visual Studio 2013
VisualStudioVersion = 12.0.30723.0
MinimumVisualStudioVersion = 10.0.40219.1
Project("{FAE04EC0-301F-11D3-BF4B-00C04F79EFBC}") = "INTSTDK008.Ehandel.Schemas", "INTSTDK008.Ehandel.Schemas\INTSTDK008.Ehandel.Schemas.btproj", "{3484F54C-41B9-4BDD-84F6-3BF4B6232A5A}"
EndProject
Project("{FAE04EC0-301F-11D3-BF4B-00C04F79EFBC}") = "INTSTDK008.Ehandel.Transformations", "INTSTDK008.Ehandel.Transformations\INTSTDK008.Ehandel.Transformations.btproj", "{2AEC6484-15B3-4610-86E8-AFB5E79C88BC}"
EndProject
Project("{FAE04EC0-301F-11D3-BF4B-00C04F79EFBC}") = "INTSTDK008.STIP.Schemas", "INTSTDK008.STIP.Schemas\INTSTDK008.STIP.Schemas.btproj", "{536ED279-754B-49AF-8DF1-45605F94F172}"
EndProject
Project("{FAE04EC0-301F-11D3-BF4B-00C04F79EFBC}") = "INTSTDK008.STIP.Transformations", "INTSTDK008.STIP.Transformations\INTSTDK008.STIP.Transformations.btproj", "{646727F6-BEA0-4B77-A511-C62E4DFAE243}"
EndProject
Project("{FAE04EC0-301F-11D3-BF4B-00C04F79EFBC}") = "INTSTDK008.Ehandel.Pipelines", "INTSTDK008.Ehandel.Pipelines\INTSTDK008.Ehandel.Pipelines.btproj", "{B55E48B1-5E34-4CF2-8F09-908AABE33687}"
EndProject
Project("{2150E333-8FDC-42A3-9474-1A3956D46DE8}") = "WcfServiceDescription", "WcfServiceDescription", "{11750C62-524B-4739-B443-5D643E446836}"
	ProjectSection(SolutionItems) = preProject
		WcfServiceDescription\WcfServiceDescription.xml = WcfServiceDescription\WcfServiceDescription.xml
	EndProjectSection
EndProject
Project("{2150E333-8FDC-42A3-9474-1A3956D46DE8}") = "Files", "Files", "{0317F96E-BFFC-4F0B-9BFF-D82CCD5DFBB7}"
	ProjectSection(SolutionItems) = preProject
		Files\AddInvoiceJSON.json = Files\AddInvoiceJSON.json
		Files\AddInvoiceJSONResponse.json = Files\AddInvoiceJSONResponse.json
		Files\CancelGiftCard.json = Files\CancelGiftCard.json
		Files\CancelGiftCardResponse.json = Files\CancelGiftCardResponse.json
		Files\CreateEmailCouponRequest.json = Files\CreateEmailCouponRequest.json
		Files\CreateEmailCouponResponse.json = Files\CreateEmailCouponResponse.json
		Files\CreateGiftCardResponseJSON.json = Files\CreateGiftCardResponseJSON.json
		Files\CreateSMSCouponRequest.json = Files\CreateSMSCouponRequest.json
		Files\CreateSMSCouponResponse.json = Files\CreateSMSCouponResponse.json
		CreditOrderSum.json = CreditOrderSum.json
		Files\CustomerOrdersResponseJSON.json = Files\CustomerOrdersResponseJSON.json
		Files\GetGiftCardRequestJSON.json = Files\GetGiftCardRequestJSON.json
		Files\GetGiftCardResponse.json = Files\GetGiftCardResponse.json
		Files\GetOrdersResponseJSON (2).json = Files\GetOrdersResponseJSON (2).json
		Files\GetOrdersResponseJSON.json = Files\GetOrdersResponseJSON.json
		Files\GetOrdersResponseJSON_3.json = Files\GetOrdersResponseJSON_3.json
		Files\ResponseSaveInvoiceJSON.json = Files\ResponseSaveInvoiceJSON.json
		Files\syncCustomerJSON.json = Files\syncCustomerJSON.json
		Files\syncCustomerResponseJSON.json = Files\syncCustomerResponseJSON.json
	EndProjectSection
EndProject
Project("{FAE04EC0-301F-11D3-BF4B-00C04F79EFBC}") = "INTSTDK008.Orchestrations", "INTSTDK008.Orchestrations\INTSTDK008.Orchestrations.btproj", "{2A3332A1-D68C-4B49-960B-73AF500862D9}"
EndProject
Project("{FAE04EC0-301F-11D3-BF4B-00C04F79EFBC}") = "INTSTDK008.SSOHelper", "INTSTDK008.SSOHelper\INTSTDK008.SSOHelper.csproj", "{A083921F-0B93-4E63-8A5F-F5DAF594C928}"
EndProject
Project("{2150E333-8FDC-42A3-9474-1A3956D46DE8}") = "SSO Store", "SSO Store", "{E88ED3C1-939A-44F7-B28E-67501AFEF2F4}"
	ProjectSection(SolutionItems) = preProject
		Files\SSO Store\INTSTDK008.sso = Files\SSO Store\INTSTDK008.sso
	EndProjectSection
EndProject
Project("{2150E333-8FDC-42A3-9474-1A3956D46DE8}") = "Solution Items", "Solution Items", "{A46B4448-0AE7-4B88-A900-D45DA9065A53}"
EndProject
Global
	GlobalSection(TeamFoundationVersionControl) = preSolution
		SccNumberOfProjects = 8
		SccEnterpriseProvider = {4CA58AB2-18FA-4F8D-95D4-32DDF27D184C}
		SccTeamFoundationServer = http://wmsi003915:8080/tfs/idccollection
		SccLocalPath0 = .
		SccProjectUniqueName1 = INTSTDK008.Ehandel.Schemas\\INTSTDK008.Ehandel.Schemas.btproj
		SccProjectName1 = INTSTDK008.Ehandel.Schemas
		SccLocalPath1 = INTSTDK008.Ehandel.Schemas
		SccProjectUniqueName2 = INTSTDK008.Ehandel.Transformations\\INTSTDK008.Ehandel.Transformations.btproj
		SccProjectName2 = INTSTDK008.Ehandel.Transformations
		SccLocalPath2 = INTSTDK008.Ehandel.Transformations
		SccProjectUniqueName3 = INTSTDK008.STIP.Schemas\\INTSTDK008.STIP.Schemas.btproj
		SccProjectName3 = INTSTDK008.STIP.Schemas
		SccLocalPath3 = INTSTDK008.STIP.Schemas
		SccProjectUniqueName4 = INTSTDK008.STIP.Transformations\\INTSTDK008.STIP.Transformations.btproj
		SccProjectName4 = INTSTDK008.STIP.Transformations
		SccLocalPath4 = INTSTDK008.STIP.Transformations
		SccProjectUniqueName5 = INTSTDK008.Ehandel.Pipelines\\INTSTDK008.Ehandel.Pipelines.btproj
		SccProjectName5 = INTSTDK008.Ehandel.Pipelines
		SccLocalPath5 = INTSTDK008.Ehandel.Pipelines
		SccProjectUniqueName6 = INTSTDK008.Orchestrations\\INTSTDK008.Orchestrations.btproj
		SccProjectName6 = INTSTDK008.Orchestrations
		SccLocalPath6 = INTSTDK008.Orchestrations
		SccProjectUniqueName7 = INTSTDK008.SSOHelper\\INTSTDK008.SSOHelper.csproj
		SccProjectName7 = INTSTDK008.SSOHelper
		SccLocalPath7 = INTSTDK008.SSOHelper
	EndGlobalSection
	GlobalSection(SolutionConfigurationPlatforms) = preSolution
		Debug|Any CPU = Debug|Any CPU
		Release|Any CPU = Release|Any CPU
	EndGlobalSection
	GlobalSection(ProjectConfigurationPlatforms) = postSolution
		{3484F54C-41B9-4BDD-84F6-3BF4B6232A5A}.Debug|Any CPU.ActiveCfg = Debug|Any CPU
		{3484F54C-41B9-4BDD-84F6-3BF4B6232A5A}.Debug|Any CPU.Build.0 = Debug|Any CPU
		{3484F54C-41B9-4BDD-84F6-3BF4B6232A5A}.Debug|Any CPU.Deploy.0 = Debug|Any CPU
		{3484F54C-41B9-4BDD-84F6-3BF4B6232A5A}.Release|Any CPU.ActiveCfg = Release|Any CPU
		{3484F54C-41B9-4BDD-84F6-3BF4B6232A5A}.Release|Any CPU.Build.0 = Release|Any CPU
		{3484F54C-41B9-4BDD-84F6-3BF4B6232A5A}.Release|Any CPU.Deploy.0 = Release|Any CPU
		{2AEC6484-15B3-4610-86E8-AFB5E79C88BC}.Debug|Any CPU.ActiveCfg = Debug|Any CPU
		{2AEC6484-15B3-4610-86E8-AFB5E79C88BC}.Debug|Any CPU.Build.0 = Debug|Any CPU
		{2AEC6484-15B3-4610-86E8-AFB5E79C88BC}.Debug|Any CPU.Deploy.0 = Debug|Any CPU
		{2AEC6484-15B3-4610-86E8-AFB5E79C88BC}.Release|Any CPU.ActiveCfg = Release|Any CPU
		{2AEC6484-15B3-4610-86E8-AFB5E79C88BC}.Release|Any CPU.Build.0 = Release|Any CPU
		{2AEC6484-15B3-4610-86E8-AFB5E79C88BC}.Release|Any CPU.Deploy.0 = Release|Any CPU
		{536ED279-754B-49AF-8DF1-45605F94F172}.Debug|Any CPU.ActiveCfg = Debug|Any CPU
		{536ED279-754B-49AF-8DF1-45605F94F172}.Debug|Any CPU.Build.0 = Debug|Any CPU
		{536ED279-754B-49AF-8DF1-45605F94F172}.Debug|Any CPU.Deploy.0 = Debug|Any CPU
		{536ED279-754B-49AF-8DF1-45605F94F172}.Release|Any CPU.ActiveCfg = Release|Any CPU
		{536ED279-754B-49AF-8DF1-45605F94F172}.Release|Any CPU.Build.0 = Release|Any CPU
		{536ED279-754B-49AF-8DF1-45605F94F172}.Release|Any CPU.Deploy.0 = Release|Any CPU
		{646727F6-BEA0-4B77-A511-C62E4DFAE243}.Debug|Any CPU.ActiveCfg = Debug|Any CPU
		{646727F6-BEA0-4B77-A511-C62E4DFAE243}.Debug|Any CPU.Build.0 = Debug|Any CPU
		{646727F6-BEA0-4B77-A511-C62E4DFAE243}.Debug|Any CPU.Deploy.0 = Debug|Any CPU
		{646727F6-BEA0-4B77-A511-C62E4DFAE243}.Release|Any CPU.ActiveCfg = Release|Any CPU
		{646727F6-BEA0-4B77-A511-C62E4DFAE243}.Release|Any CPU.Build.0 = Release|Any CPU
		{646727F6-BEA0-4B77-A511-C62E4DFAE243}.Release|Any CPU.Deploy.0 = Release|Any CPU
		{B55E48B1-5E34-4CF2-8F09-908AABE33687}.Debug|Any CPU.ActiveCfg = Debug|Any CPU
		{B55E48B1-5E34-4CF2-8F09-908AABE33687}.Debug|Any CPU.Build.0 = Debug|Any CPU
		{B55E48B1-5E34-4CF2-8F09-908AABE33687}.Debug|Any CPU.Deploy.0 = Debug|Any CPU
		{B55E48B1-5E34-4CF2-8F09-908AABE33687}.Release|Any CPU.ActiveCfg = Release|Any CPU
		{B55E48B1-5E34-4CF2-8F09-908AABE33687}.Release|Any CPU.Build.0 = Release|Any CPU
		{B55E48B1-5E34-4CF2-8F09-908AABE33687}.Release|Any CPU.Deploy.0 = Release|Any CPU
		{2A3332A1-D68C-4B49-960B-73AF500862D9}.Debug|Any CPU.ActiveCfg = Debug|Any CPU
		{2A3332A1-D68C-4B49-960B-73AF500862D9}.Debug|Any CPU.Build.0 = Debug|Any CPU
		{2A3332A1-D68C-4B49-960B-73AF500862D9}.Debug|Any CPU.Deploy.0 = Debug|Any CPU
		{2A3332A1-D68C-4B49-960B-73AF500862D9}.Release|Any CPU.ActiveCfg = Release|Any CPU
		{2A3332A1-D68C-4B49-960B-73AF500862D9}.Release|Any CPU.Build.0 = Release|Any CPU
		{2A3332A1-D68C-4B49-960B-73AF500862D9}.Release|Any CPU.Deploy.0 = Release|Any CPU
		{A083921F-0B93-4E63-8A5F-F5DAF594C928}.Debug|Any CPU.ActiveCfg = Debug|Any CPU
		{A083921F-0B93-4E63-8A5F-F5DAF594C928}.Debug|Any CPU.Build.0 = Debug|Any CPU
		{A083921F-0B93-4E63-8A5F-F5DAF594C928}.Release|Any CPU.ActiveCfg = Release|Any CPU
		{A083921F-0B93-4E63-8A5F-F5DAF594C928}.Release|Any CPU.Build.0 = Release|Any CPU
	EndGlobalSection
	GlobalSection(SolutionProperties) = preSolution
		HideSolutionNode = FALSE
	EndGlobalSection
	GlobalSection(NestedProjects) = preSolution
		{E88ED3C1-939A-44F7-B28E-67501AFEF2F4} = {0317F96E-BFFC-4F0B-9BFF-D82CCD5DFBB7}
	EndGlobalSection
EndGlobal
