
Microsoft Visual Studio Solution File, Format Version 12.00
# Visual Studio 15
VisualStudioVersion = 15.0.28307.1022
MinimumVisualStudioVersion = 10.0.40219.1
Project("{FAE04EC0-301F-11D3-BF4B-00C04F79EFBC}") = "Skanetrafiken.Crm", "Skanetrafiken.Crm.csproj", "{848A5DE3-4C23-4AF9-A72E-AC1FE6CF93D6}"
EndProject
Project("{2150E333-8FDC-42A3-9474-1A3956D46DE8}") = ".nuget", ".nuget", "{A6B68D73-C67A-4FAA-95E1-BE54D8F6C1BD}"
	ProjectSection(SolutionItems) = preProject
		.nuget\NuGet.Config = .nuget\NuGet.Config
		.nuget\NuGet.exe = .nuget\NuGet.exe
		.nuget\NuGet.targets = .nuget\NuGet.targets
	EndProjectSection
EndProject
Project("{FAE04EC0-301F-11D3-BF4B-00C04F79EFBC}") = "Skanetrafiken.Crm.UnitTest", "Skanetrafiken.Crm.UnitTest\Skanetrafiken.Crm.UnitTest.csproj", "{E63F833D-A756-473E-8040-F968E28B8672}"
EndProject
Project("{FAE04EC0-301F-11D3-BF4B-00C04F79EFBC}") = "Skanetrafiken.WebApi", "..\Skanetrafiken.WebApi\Skanetrafiken.WebApi.csproj", "{3E5E63EB-B322-4F99-93E8-7F62EB88E1EB}"
EndProject
Project("{FAE04EC0-301F-11D3-BF4B-00C04F79EFBC}") = "UnitTest.Skanetrafiken.WebApi", "..\Skanetrafiken.WebApi\UnitTest.Skanetrafiken.WebApi\UnitTest.Skanetrafiken.WebApi.csproj", "{6390DBDE-08F9-48B8-B04A-77EE4EFDE215}"
EndProject
Project("{FAE04EC0-301F-11D3-BF4B-00C04F79EFBC}") = "Skanetrafiken.Crm.Workflow", "..\Skanetrafiken.Crm.Workflow\Skanetrafiken.Crm.Workflow.csproj", "{EE3B7945-589D-49EF-8005-4350DFEB2478}"
	ProjectSection(ProjectDependencies) = postProject
		{848A5DE3-4C23-4AF9-A72E-AC1FE6CF93D6} = {848A5DE3-4C23-4AF9-A72E-AC1FE6CF93D6}
	EndProjectSection
EndProject
Project("{FAE04EC0-301F-11D3-BF4B-00C04F79EFBC}") = "DeltabatchService", "..\DeltabatchService\DeltabatchService.csproj", "{9C1E84A1-1124-4DE0-8269-3C66A42B6DA6}"
EndProject
Project("{FAE04EC0-301F-11D3-BF4B-00C04F79EFBC}") = "DeltabatchService.UnitTest", "..\DeltabatchService\DeltabatchService.UnitTest\DeltabatchService.UnitTest.csproj", "{4888CC3F-A30E-4866-A539-B255EB946544}"
EndProject
Project("{FAE04EC0-301F-11D3-BF4B-00C04F79EFBC}") = "Skanetrafiken.Crm.Workflow.UnitTest", "..\Skanetrafiken.Crm.Workflow\Skanetrafiken.Crm.Workflow.UnitTest\Skanetrafiken.Crm.Workflow.UnitTest.csproj", "{792D5E6F-5255-430B-8C9F-0682F4031D8D}"
EndProject
Project("{FAE04EC0-301F-11D3-BF4B-00C04F79EFBC}") = "BiffIntegration", "..\BiffIntegration\BiffIntegration.csproj", "{BB67BA44-178B-42E1-A437-C2954A5BEEE5}"
EndProject
Project("{FAE04EC0-301F-11D3-BF4B-00C04F79EFBC}") = "BIFFIntegration.UnitTest", "..\BiffIntegration\BIFFIntegration.UnitTest\BIFFIntegration.UnitTest.csproj", "{FCD24F84-07CC-4902-8D6F-93EF488B9532}"
EndProject
Project("{FAE04EC0-301F-11D3-BF4B-00C04F79EFBC}") = "Skanetrafiken.MultiQService", "..\Skanetrafiken.MultiQService\Skanetrafiken.MultiQService.csproj", "{29EFD712-FEE7-4752-BF9B-C1BCA876DF0A}"
EndProject
Project("{FAE04EC0-301F-11D3-BF4B-00C04F79EFBC}") = "Skanetrafiken.UpSalesMigration", "..\Skanetrafiken.UpSalesMigration\Skanetrafiken.UpSalesMigration.csproj", "{B5C4DAAF-327D-4256-8E47-5EDA11C7B832}"
EndProject
Project("{FAE04EC0-301F-11D3-BF4B-00C04F79EFBC}") = "Skanetrafiken.MultiQService.UnitTest", "..\Skanetrafiken.MultiQService.UnitTest\Skanetrafiken.MultiQService.UnitTest.csproj", "{0BD3A1EC-2734-47EB-89A5-151AB7D27C8E}"
EndProject
Project("{FAE04EC0-301F-11D3-BF4B-00C04F79EFBC}") = "Skanetrafiken.UECCIntegration", "..\Skanetrafiken.UECCIntegration\Skanetrafiken.UECCIntegration.csproj", "{E6795991-10A3-42CF-8483-7DE3D1A89E6F}"
EndProject
Global
	GlobalSection(SolutionConfigurationPlatforms) = preSolution
		Acceptans|Any CPU = Acceptans|Any CPU
		Debug|Any CPU = Debug|Any CPU
		Dev|Any CPU = Dev|Any CPU
		Produktion|Any CPU = Produktion|Any CPU
		Release|Any CPU = Release|Any CPU
		Test|Any CPU = Test|Any CPU
	EndGlobalSection
	GlobalSection(ProjectConfigurationPlatforms) = postSolution
		{848A5DE3-4C23-4AF9-A72E-AC1FE6CF93D6}.Acceptans|Any CPU.ActiveCfg = Acceptans|Any CPU
		{848A5DE3-4C23-4AF9-A72E-AC1FE6CF93D6}.Acceptans|Any CPU.Build.0 = Acceptans|Any CPU
		{848A5DE3-4C23-4AF9-A72E-AC1FE6CF93D6}.Debug|Any CPU.ActiveCfg = Dev|Any CPU
		{848A5DE3-4C23-4AF9-A72E-AC1FE6CF93D6}.Debug|Any CPU.Build.0 = Dev|Any CPU
		{848A5DE3-4C23-4AF9-A72E-AC1FE6CF93D6}.Dev|Any CPU.ActiveCfg = Dev|Any CPU
		{848A5DE3-4C23-4AF9-A72E-AC1FE6CF93D6}.Dev|Any CPU.Build.0 = Dev|Any CPU
		{848A5DE3-4C23-4AF9-A72E-AC1FE6CF93D6}.Produktion|Any CPU.ActiveCfg = Produktion|Any CPU
		{848A5DE3-4C23-4AF9-A72E-AC1FE6CF93D6}.Produktion|Any CPU.Build.0 = Produktion|Any CPU
		{848A5DE3-4C23-4AF9-A72E-AC1FE6CF93D6}.Release|Any CPU.ActiveCfg = Test|Any CPU
		{848A5DE3-4C23-4AF9-A72E-AC1FE6CF93D6}.Release|Any CPU.Build.0 = Test|Any CPU
		{848A5DE3-4C23-4AF9-A72E-AC1FE6CF93D6}.Test|Any CPU.ActiveCfg = Test|Any CPU
		{848A5DE3-4C23-4AF9-A72E-AC1FE6CF93D6}.Test|Any CPU.Build.0 = Test|Any CPU
		{E63F833D-A756-473E-8040-F968E28B8672}.Acceptans|Any CPU.ActiveCfg = Acceptans|Any CPU
		{E63F833D-A756-473E-8040-F968E28B8672}.Acceptans|Any CPU.Build.0 = Acceptans|Any CPU
		{E63F833D-A756-473E-8040-F968E28B8672}.Debug|Any CPU.ActiveCfg = Dev|Any CPU
		{E63F833D-A756-473E-8040-F968E28B8672}.Debug|Any CPU.Build.0 = Dev|Any CPU
		{E63F833D-A756-473E-8040-F968E28B8672}.Dev|Any CPU.ActiveCfg = Dev|Any CPU
		{E63F833D-A756-473E-8040-F968E28B8672}.Dev|Any CPU.Build.0 = Dev|Any CPU
		{E63F833D-A756-473E-8040-F968E28B8672}.Produktion|Any CPU.ActiveCfg = Produktion|Any CPU
		{E63F833D-A756-473E-8040-F968E28B8672}.Produktion|Any CPU.Build.0 = Produktion|Any CPU
		{E63F833D-A756-473E-8040-F968E28B8672}.Release|Any CPU.ActiveCfg = Test|Any CPU
		{E63F833D-A756-473E-8040-F968E28B8672}.Release|Any CPU.Build.0 = Test|Any CPU
		{E63F833D-A756-473E-8040-F968E28B8672}.Test|Any CPU.ActiveCfg = Test|Any CPU
		{E63F833D-A756-473E-8040-F968E28B8672}.Test|Any CPU.Build.0 = Test|Any CPU
		{3E5E63EB-B322-4F99-93E8-7F62EB88E1EB}.Acceptans|Any CPU.ActiveCfg = Acceptans|Any CPU
		{3E5E63EB-B322-4F99-93E8-7F62EB88E1EB}.Acceptans|Any CPU.Build.0 = Acceptans|Any CPU
		{3E5E63EB-B322-4F99-93E8-7F62EB88E1EB}.Debug|Any CPU.ActiveCfg = Dev|Any CPU
		{3E5E63EB-B322-4F99-93E8-7F62EB88E1EB}.Debug|Any CPU.Build.0 = Dev|Any CPU
		{3E5E63EB-B322-4F99-93E8-7F62EB88E1EB}.Dev|Any CPU.ActiveCfg = Dev|Any CPU
		{3E5E63EB-B322-4F99-93E8-7F62EB88E1EB}.Dev|Any CPU.Build.0 = Dev|Any CPU
		{3E5E63EB-B322-4F99-93E8-7F62EB88E1EB}.Produktion|Any CPU.ActiveCfg = Produktion|Any CPU
		{3E5E63EB-B322-4F99-93E8-7F62EB88E1EB}.Produktion|Any CPU.Build.0 = Produktion|Any CPU
		{3E5E63EB-B322-4F99-93E8-7F62EB88E1EB}.Release|Any CPU.ActiveCfg = Test|Any CPU
		{3E5E63EB-B322-4F99-93E8-7F62EB88E1EB}.Release|Any CPU.Build.0 = Test|Any CPU
		{3E5E63EB-B322-4F99-93E8-7F62EB88E1EB}.Test|Any CPU.ActiveCfg = Test|Any CPU
		{3E5E63EB-B322-4F99-93E8-7F62EB88E1EB}.Test|Any CPU.Build.0 = Test|Any CPU
		{6390DBDE-08F9-48B8-B04A-77EE4EFDE215}.Acceptans|Any CPU.ActiveCfg = Acceptans|Any CPU
		{6390DBDE-08F9-48B8-B04A-77EE4EFDE215}.Acceptans|Any CPU.Build.0 = Acceptans|Any CPU
		{6390DBDE-08F9-48B8-B04A-77EE4EFDE215}.Debug|Any CPU.ActiveCfg = Dev|Any CPU
		{6390DBDE-08F9-48B8-B04A-77EE4EFDE215}.Debug|Any CPU.Build.0 = Dev|Any CPU
		{6390DBDE-08F9-48B8-B04A-77EE4EFDE215}.Dev|Any CPU.ActiveCfg = Dev|Any CPU
		{6390DBDE-08F9-48B8-B04A-77EE4EFDE215}.Dev|Any CPU.Build.0 = Dev|Any CPU
		{6390DBDE-08F9-48B8-B04A-77EE4EFDE215}.Produktion|Any CPU.ActiveCfg = Produktion|Any CPU
		{6390DBDE-08F9-48B8-B04A-77EE4EFDE215}.Produktion|Any CPU.Build.0 = Produktion|Any CPU
		{6390DBDE-08F9-48B8-B04A-77EE4EFDE215}.Release|Any CPU.ActiveCfg = Test|Any CPU
		{6390DBDE-08F9-48B8-B04A-77EE4EFDE215}.Release|Any CPU.Build.0 = Test|Any CPU
		{6390DBDE-08F9-48B8-B04A-77EE4EFDE215}.Test|Any CPU.ActiveCfg = Test|Any CPU
		{6390DBDE-08F9-48B8-B04A-77EE4EFDE215}.Test|Any CPU.Build.0 = Test|Any CPU
		{EE3B7945-589D-49EF-8005-4350DFEB2478}.Acceptans|Any CPU.ActiveCfg = Acceptans|Any CPU
		{EE3B7945-589D-49EF-8005-4350DFEB2478}.Acceptans|Any CPU.Build.0 = Acceptans|Any CPU
		{EE3B7945-589D-49EF-8005-4350DFEB2478}.Debug|Any CPU.ActiveCfg = Dev|Any CPU
		{EE3B7945-589D-49EF-8005-4350DFEB2478}.Debug|Any CPU.Build.0 = Dev|Any CPU
		{EE3B7945-589D-49EF-8005-4350DFEB2478}.Dev|Any CPU.ActiveCfg = Dev|Any CPU
		{EE3B7945-589D-49EF-8005-4350DFEB2478}.Dev|Any CPU.Build.0 = Dev|Any CPU
		{EE3B7945-589D-49EF-8005-4350DFEB2478}.Produktion|Any CPU.ActiveCfg = Produktion|Any CPU
		{EE3B7945-589D-49EF-8005-4350DFEB2478}.Produktion|Any CPU.Build.0 = Produktion|Any CPU
		{EE3B7945-589D-49EF-8005-4350DFEB2478}.Release|Any CPU.ActiveCfg = Test|Any CPU
		{EE3B7945-589D-49EF-8005-4350DFEB2478}.Release|Any CPU.Build.0 = Test|Any CPU
		{EE3B7945-589D-49EF-8005-4350DFEB2478}.Test|Any CPU.ActiveCfg = Test|Any CPU
		{EE3B7945-589D-49EF-8005-4350DFEB2478}.Test|Any CPU.Build.0 = Test|Any CPU
		{9C1E84A1-1124-4DE0-8269-3C66A42B6DA6}.Acceptans|Any CPU.ActiveCfg = Acceptans|Any CPU
		{9C1E84A1-1124-4DE0-8269-3C66A42B6DA6}.Acceptans|Any CPU.Build.0 = Acceptans|Any CPU
		{9C1E84A1-1124-4DE0-8269-3C66A42B6DA6}.Debug|Any CPU.ActiveCfg = Dev|Any CPU
		{9C1E84A1-1124-4DE0-8269-3C66A42B6DA6}.Debug|Any CPU.Build.0 = Dev|Any CPU
		{9C1E84A1-1124-4DE0-8269-3C66A42B6DA6}.Dev|Any CPU.ActiveCfg = Dev|Any CPU
		{9C1E84A1-1124-4DE0-8269-3C66A42B6DA6}.Dev|Any CPU.Build.0 = Dev|Any CPU
		{9C1E84A1-1124-4DE0-8269-3C66A42B6DA6}.Produktion|Any CPU.ActiveCfg = Produktion|Any CPU
		{9C1E84A1-1124-4DE0-8269-3C66A42B6DA6}.Produktion|Any CPU.Build.0 = Produktion|Any CPU
		{9C1E84A1-1124-4DE0-8269-3C66A42B6DA6}.Release|Any CPU.ActiveCfg = Test|Any CPU
		{9C1E84A1-1124-4DE0-8269-3C66A42B6DA6}.Release|Any CPU.Build.0 = Test|Any CPU
		{9C1E84A1-1124-4DE0-8269-3C66A42B6DA6}.Test|Any CPU.ActiveCfg = Test|Any CPU
		{9C1E84A1-1124-4DE0-8269-3C66A42B6DA6}.Test|Any CPU.Build.0 = Test|Any CPU
		{4888CC3F-A30E-4866-A539-B255EB946544}.Acceptans|Any CPU.ActiveCfg = Acceptans|Any CPU
		{4888CC3F-A30E-4866-A539-B255EB946544}.Acceptans|Any CPU.Build.0 = Acceptans|Any CPU
		{4888CC3F-A30E-4866-A539-B255EB946544}.Debug|Any CPU.ActiveCfg = Dev|Any CPU
		{4888CC3F-A30E-4866-A539-B255EB946544}.Debug|Any CPU.Build.0 = Dev|Any CPU
		{4888CC3F-A30E-4866-A539-B255EB946544}.Dev|Any CPU.ActiveCfg = Dev|Any CPU
		{4888CC3F-A30E-4866-A539-B255EB946544}.Dev|Any CPU.Build.0 = Dev|Any CPU
		{4888CC3F-A30E-4866-A539-B255EB946544}.Produktion|Any CPU.ActiveCfg = Produktion|Any CPU
		{4888CC3F-A30E-4866-A539-B255EB946544}.Produktion|Any CPU.Build.0 = Produktion|Any CPU
		{4888CC3F-A30E-4866-A539-B255EB946544}.Release|Any CPU.ActiveCfg = Test|Any CPU
		{4888CC3F-A30E-4866-A539-B255EB946544}.Release|Any CPU.Build.0 = Test|Any CPU
		{4888CC3F-A30E-4866-A539-B255EB946544}.Test|Any CPU.ActiveCfg = Test|Any CPU
		{4888CC3F-A30E-4866-A539-B255EB946544}.Test|Any CPU.Build.0 = Test|Any CPU
		{792D5E6F-5255-430B-8C9F-0682F4031D8D}.Acceptans|Any CPU.ActiveCfg = Acceptans|Any CPU
		{792D5E6F-5255-430B-8C9F-0682F4031D8D}.Acceptans|Any CPU.Build.0 = Acceptans|Any CPU
		{792D5E6F-5255-430B-8C9F-0682F4031D8D}.Debug|Any CPU.ActiveCfg = Dev|Any CPU
		{792D5E6F-5255-430B-8C9F-0682F4031D8D}.Debug|Any CPU.Build.0 = Dev|Any CPU
		{792D5E6F-5255-430B-8C9F-0682F4031D8D}.Dev|Any CPU.ActiveCfg = Dev|Any CPU
		{792D5E6F-5255-430B-8C9F-0682F4031D8D}.Dev|Any CPU.Build.0 = Dev|Any CPU
		{792D5E6F-5255-430B-8C9F-0682F4031D8D}.Produktion|Any CPU.ActiveCfg = Produktion|Any CPU
		{792D5E6F-5255-430B-8C9F-0682F4031D8D}.Produktion|Any CPU.Build.0 = Produktion|Any CPU
		{792D5E6F-5255-430B-8C9F-0682F4031D8D}.Release|Any CPU.ActiveCfg = Test|Any CPU
		{792D5E6F-5255-430B-8C9F-0682F4031D8D}.Release|Any CPU.Build.0 = Test|Any CPU
		{792D5E6F-5255-430B-8C9F-0682F4031D8D}.Test|Any CPU.ActiveCfg = Test|Any CPU
		{792D5E6F-5255-430B-8C9F-0682F4031D8D}.Test|Any CPU.Build.0 = Test|Any CPU
		{BB67BA44-178B-42E1-A437-C2954A5BEEE5}.Acceptans|Any CPU.ActiveCfg = Acceptans|Any CPU
		{BB67BA44-178B-42E1-A437-C2954A5BEEE5}.Acceptans|Any CPU.Build.0 = Acceptans|Any CPU
		{BB67BA44-178B-42E1-A437-C2954A5BEEE5}.Debug|Any CPU.ActiveCfg = Dev|Any CPU
		{BB67BA44-178B-42E1-A437-C2954A5BEEE5}.Debug|Any CPU.Build.0 = Dev|Any CPU
		{BB67BA44-178B-42E1-A437-C2954A5BEEE5}.Dev|Any CPU.ActiveCfg = Dev|Any CPU
		{BB67BA44-178B-42E1-A437-C2954A5BEEE5}.Dev|Any CPU.Build.0 = Dev|Any CPU
		{BB67BA44-178B-42E1-A437-C2954A5BEEE5}.Produktion|Any CPU.ActiveCfg = Produktion|Any CPU
		{BB67BA44-178B-42E1-A437-C2954A5BEEE5}.Produktion|Any CPU.Build.0 = Produktion|Any CPU
		{BB67BA44-178B-42E1-A437-C2954A5BEEE5}.Release|Any CPU.ActiveCfg = Test|Any CPU
		{BB67BA44-178B-42E1-A437-C2954A5BEEE5}.Release|Any CPU.Build.0 = Test|Any CPU
		{BB67BA44-178B-42E1-A437-C2954A5BEEE5}.Test|Any CPU.ActiveCfg = Test|Any CPU
		{BB67BA44-178B-42E1-A437-C2954A5BEEE5}.Test|Any CPU.Build.0 = Test|Any CPU
		{FCD24F84-07CC-4902-8D6F-93EF488B9532}.Acceptans|Any CPU.ActiveCfg = Acceptans|Any CPU
		{FCD24F84-07CC-4902-8D6F-93EF488B9532}.Acceptans|Any CPU.Build.0 = Acceptans|Any CPU
		{FCD24F84-07CC-4902-8D6F-93EF488B9532}.Debug|Any CPU.ActiveCfg = Dev|Any CPU
		{FCD24F84-07CC-4902-8D6F-93EF488B9532}.Debug|Any CPU.Build.0 = Dev|Any CPU
		{FCD24F84-07CC-4902-8D6F-93EF488B9532}.Dev|Any CPU.ActiveCfg = Dev|Any CPU
		{FCD24F84-07CC-4902-8D6F-93EF488B9532}.Dev|Any CPU.Build.0 = Dev|Any CPU
		{FCD24F84-07CC-4902-8D6F-93EF488B9532}.Produktion|Any CPU.ActiveCfg = Produktion|Any CPU
		{FCD24F84-07CC-4902-8D6F-93EF488B9532}.Produktion|Any CPU.Build.0 = Produktion|Any CPU
		{FCD24F84-07CC-4902-8D6F-93EF488B9532}.Release|Any CPU.ActiveCfg = Test|Any CPU
		{FCD24F84-07CC-4902-8D6F-93EF488B9532}.Release|Any CPU.Build.0 = Test|Any CPU
		{FCD24F84-07CC-4902-8D6F-93EF488B9532}.Test|Any CPU.ActiveCfg = Test|Any CPU
		{FCD24F84-07CC-4902-8D6F-93EF488B9532}.Test|Any CPU.Build.0 = Test|Any CPU
		{29EFD712-FEE7-4752-BF9B-C1BCA876DF0A}.Acceptans|Any CPU.ActiveCfg = Release|Any CPU
		{29EFD712-FEE7-4752-BF9B-C1BCA876DF0A}.Acceptans|Any CPU.Build.0 = Release|Any CPU
		{29EFD712-FEE7-4752-BF9B-C1BCA876DF0A}.Debug|Any CPU.ActiveCfg = Debug|Any CPU
		{29EFD712-FEE7-4752-BF9B-C1BCA876DF0A}.Debug|Any CPU.Build.0 = Debug|Any CPU
		{29EFD712-FEE7-4752-BF9B-C1BCA876DF0A}.Dev|Any CPU.ActiveCfg = Debug|Any CPU
		{29EFD712-FEE7-4752-BF9B-C1BCA876DF0A}.Dev|Any CPU.Build.0 = Debug|Any CPU
		{29EFD712-FEE7-4752-BF9B-C1BCA876DF0A}.Produktion|Any CPU.ActiveCfg = Release|Any CPU
		{29EFD712-FEE7-4752-BF9B-C1BCA876DF0A}.Produktion|Any CPU.Build.0 = Release|Any CPU
		{29EFD712-FEE7-4752-BF9B-C1BCA876DF0A}.Release|Any CPU.ActiveCfg = Release|Any CPU
		{29EFD712-FEE7-4752-BF9B-C1BCA876DF0A}.Release|Any CPU.Build.0 = Release|Any CPU
		{29EFD712-FEE7-4752-BF9B-C1BCA876DF0A}.Test|Any CPU.ActiveCfg = Release|Any CPU
		{29EFD712-FEE7-4752-BF9B-C1BCA876DF0A}.Test|Any CPU.Build.0 = Release|Any CPU
		{B5C4DAAF-327D-4256-8E47-5EDA11C7B832}.Acceptans|Any CPU.ActiveCfg = Release|Any CPU
		{B5C4DAAF-327D-4256-8E47-5EDA11C7B832}.Acceptans|Any CPU.Build.0 = Release|Any CPU
		{B5C4DAAF-327D-4256-8E47-5EDA11C7B832}.Debug|Any CPU.ActiveCfg = Debug|Any CPU
		{B5C4DAAF-327D-4256-8E47-5EDA11C7B832}.Debug|Any CPU.Build.0 = Debug|Any CPU
		{B5C4DAAF-327D-4256-8E47-5EDA11C7B832}.Dev|Any CPU.ActiveCfg = Debug|Any CPU
		{B5C4DAAF-327D-4256-8E47-5EDA11C7B832}.Dev|Any CPU.Build.0 = Debug|Any CPU
		{B5C4DAAF-327D-4256-8E47-5EDA11C7B832}.Produktion|Any CPU.ActiveCfg = Release|Any CPU
		{B5C4DAAF-327D-4256-8E47-5EDA11C7B832}.Produktion|Any CPU.Build.0 = Release|Any CPU
		{B5C4DAAF-327D-4256-8E47-5EDA11C7B832}.Release|Any CPU.ActiveCfg = Release|Any CPU
		{B5C4DAAF-327D-4256-8E47-5EDA11C7B832}.Release|Any CPU.Build.0 = Release|Any CPU
		{B5C4DAAF-327D-4256-8E47-5EDA11C7B832}.Test|Any CPU.ActiveCfg = Release|Any CPU
		{B5C4DAAF-327D-4256-8E47-5EDA11C7B832}.Test|Any CPU.Build.0 = Release|Any CPU
		{0BD3A1EC-2734-47EB-89A5-151AB7D27C8E}.Acceptans|Any CPU.ActiveCfg = Release|Any CPU
		{0BD3A1EC-2734-47EB-89A5-151AB7D27C8E}.Acceptans|Any CPU.Build.0 = Release|Any CPU
		{0BD3A1EC-2734-47EB-89A5-151AB7D27C8E}.Debug|Any CPU.ActiveCfg = Debug|Any CPU
		{0BD3A1EC-2734-47EB-89A5-151AB7D27C8E}.Debug|Any CPU.Build.0 = Debug|Any CPU
		{0BD3A1EC-2734-47EB-89A5-151AB7D27C8E}.Dev|Any CPU.ActiveCfg = Debug|Any CPU
		{0BD3A1EC-2734-47EB-89A5-151AB7D27C8E}.Dev|Any CPU.Build.0 = Debug|Any CPU
		{0BD3A1EC-2734-47EB-89A5-151AB7D27C8E}.Produktion|Any CPU.ActiveCfg = Release|Any CPU
		{0BD3A1EC-2734-47EB-89A5-151AB7D27C8E}.Produktion|Any CPU.Build.0 = Release|Any CPU
		{0BD3A1EC-2734-47EB-89A5-151AB7D27C8E}.Release|Any CPU.ActiveCfg = Release|Any CPU
		{0BD3A1EC-2734-47EB-89A5-151AB7D27C8E}.Release|Any CPU.Build.0 = Release|Any CPU
		{0BD3A1EC-2734-47EB-89A5-151AB7D27C8E}.Test|Any CPU.ActiveCfg = Release|Any CPU
		{0BD3A1EC-2734-47EB-89A5-151AB7D27C8E}.Test|Any CPU.Build.0 = Release|Any CPU
		{E6795991-10A3-42CF-8483-7DE3D1A89E6F}.Acceptans|Any CPU.ActiveCfg = Release|Any CPU
		{E6795991-10A3-42CF-8483-7DE3D1A89E6F}.Acceptans|Any CPU.Build.0 = Release|Any CPU
		{E6795991-10A3-42CF-8483-7DE3D1A89E6F}.Debug|Any CPU.ActiveCfg = Debug|Any CPU
		{E6795991-10A3-42CF-8483-7DE3D1A89E6F}.Debug|Any CPU.Build.0 = Debug|Any CPU
		{E6795991-10A3-42CF-8483-7DE3D1A89E6F}.Dev|Any CPU.ActiveCfg = Release|Any CPU
		{E6795991-10A3-42CF-8483-7DE3D1A89E6F}.Dev|Any CPU.Build.0 = Release|Any CPU
		{E6795991-10A3-42CF-8483-7DE3D1A89E6F}.Produktion|Any CPU.ActiveCfg = Release|Any CPU
		{E6795991-10A3-42CF-8483-7DE3D1A89E6F}.Produktion|Any CPU.Build.0 = Release|Any CPU
		{E6795991-10A3-42CF-8483-7DE3D1A89E6F}.Release|Any CPU.ActiveCfg = Release|Any CPU
		{E6795991-10A3-42CF-8483-7DE3D1A89E6F}.Release|Any CPU.Build.0 = Release|Any CPU
		{E6795991-10A3-42CF-8483-7DE3D1A89E6F}.Test|Any CPU.ActiveCfg = Release|Any CPU
		{E6795991-10A3-42CF-8483-7DE3D1A89E6F}.Test|Any CPU.Build.0 = Release|Any CPU
	EndGlobalSection
	GlobalSection(SolutionProperties) = preSolution
		HideSolutionNode = FALSE
	EndGlobalSection
	GlobalSection(ExtensibilityGlobals) = postSolution
		SolutionGuid = {E5940934-6B9B-49B5-9A82-89A5AD5B0318}
	EndGlobalSection
EndGlobal
